<?xml version="1.0" encoding="UTF-8"?>
<!DOCTYPE plist PUBLIC "-//Apple//DTD PLIST 1.0//EN" "http://www.apple.com/DTDs/PropertyList-1.0.dtd">
<plist version="1.0">
<dict>
	<key>archiveVersion</key>
	<string>1</string>
	<key>classes</key>
	<dict/>
	<key>objectVersion</key>
	<string>46</string>
	<key>objects</key>
	<dict>
		<key>0A96C9409F0E310C101BF950</key>
		<dict>
			<key>children</key>
			<array>
				<string>E4B0FF531D0C24E0000F0421</string>
				<string>E4B0FF511D0C24D4000F0421</string>
				<string>E4B0FF4F1D0C24C5000F0421</string>
				<string>E4B0FF4D1D0C244D000F0421</string>
				<string>E4B0FF4B1D0C2446000F0421</string>
				<string>E4F1CB331CFAFCF500461B3F</string>
				<string>B294A411C24BDEE0824FF74A</string>
			</array>
			<key>isa</key>
			<string>PBXGroup</string>
			<key>name</key>
			<string>Frameworks</string>
			<key>sourceTree</key>
			<string>&lt;group&gt;</string>
		</dict>
		<key>0C9E7037D47A5CF4EB2438D9</key>
		<dict>
			<key>includeInIndex</key>
			<string>1</string>
			<key>isa</key>
			<string>PBXFileReference</string>
			<key>lastKnownFileType</key>
			<string>text.xcconfig</string>
			<key>name</key>
			<string>Pods.release.xcconfig</string>
			<key>path</key>
			<string>Pods/Target Support Files/Pods/Pods.release.xcconfig</string>
			<key>sourceTree</key>
			<string>&lt;group&gt;</string>
		</dict>
		<key>27AAE4911E2640B777368FDF</key>
		<dict>
			<key>children</key>
			<array>
				<string>D557B93C5754F51464A5D0FC</string>
				<string>0C9E7037D47A5CF4EB2438D9</string>
			</array>
			<key>isa</key>
			<string>PBXGroup</string>
			<key>name</key>
			<string>Pods</string>
			<key>sourceTree</key>
			<string>&lt;group&gt;</string>
		</dict>
		<key>3269BEF9A949DB11494B787E</key>
		<dict>
			<key>buildActionMask</key>
			<string>2147483647</string>
			<key>files</key>
			<array/>
			<key>inputPaths</key>
			<array/>
			<key>isa</key>
			<string>PBXShellScriptBuildPhase</string>
			<key>name</key>
			<string>Embed Pods Frameworks</string>
			<key>outputPaths</key>
			<array/>
			<key>runOnlyForDeploymentPostprocessing</key>
			<string>0</string>
			<key>shellPath</key>
			<string>/bin/sh</string>
			<key>shellScript</key>
			<string>"${SRCROOT}/Pods/Target Support Files/Pods/Pods-frameworks.sh"
</string>
			<key>showEnvVarsInLog</key>
			<string>0</string>
		</dict>
		<key>B294A411C24BDEE0824FF74A</key>
		<dict>
			<key>explicitFileType</key>
			<string>wrapper.framework</string>
			<key>includeInIndex</key>
			<string>0</string>
			<key>isa</key>
			<string>PBXFileReference</string>
			<key>path</key>
			<string>Pods.framework</string>
			<key>sourceTree</key>
			<string>BUILT_PRODUCTS_DIR</string>
		</dict>
		<key>CC968FBD0630BE3B26A135B5</key>
		<dict>
			<key>fileRef</key>
			<string>B294A411C24BDEE0824FF74A</string>
			<key>isa</key>
			<string>PBXBuildFile</string>
		</dict>
		<key>D557B93C5754F51464A5D0FC</key>
		<dict>
			<key>includeInIndex</key>
			<string>1</string>
			<key>isa</key>
			<string>PBXFileReference</string>
			<key>lastKnownFileType</key>
			<string>text.xcconfig</string>
			<key>name</key>
			<string>Pods.debug.xcconfig</string>
			<key>path</key>
			<string>Pods/Target Support Files/Pods/Pods.debug.xcconfig</string>
			<key>sourceTree</key>
			<string>&lt;group&gt;</string>
		</dict>
		<key>E40C44141CCF25640006D208</key>
		<dict>
			<key>children</key>
			<array>
				<string>E425D5741D28FD3C000324A3</string>
				<string>E425D5751D28FD3C000324A3</string>
				<string>E40C44181CCF28E90006D208</string>
				<string>E40C44191CCF28E90006D208</string>
				<string>E457B4231CF19E6700139C4C</string>
				<string>E457B4241CF19E6700139C4C</string>
				<string>E40C44151CCF25870006D208</string>
				<string>E40C44161CCF25870006D208</string>
				<string>E457B4171CF19E3500139C4C</string>
				<string>E457B4181CF19E3500139C4C</string>
				<string>E457B40B1CF19E0800139C4C</string>
				<string>E457B40C1CF19E0800139C4C</string>
				<string>E457B4111CF19E2000139C4C</string>
				<string>E457B4121CF19E2000139C4C</string>
				<string>E4F60A941D040C05006F5DF2</string>
				<string>E4F60A951D040C05006F5DF2</string>
				<string>E457B41D1CF19E5300139C4C</string>
				<string>E457B41E1CF19E5300139C4C</string>
				<string>E48E2FAA1CE84FA900E727FD</string>
				<string>E48E2FAB1CE84FA900E727FD</string>
				<string>E457B41A1CF19E4100139C4C</string>
				<string>E457B41B1CF19E4100139C4C</string>
				<string>E457B40E1CF19E1600139C4C</string>
				<string>E457B40F1CF19E1600139C4C</string>
				<string>E457B4141CF19E2A00139C4C</string>
				<string>E457B4151CF19E2A00139C4C</string>
				<string>E4DE20221D0D6EFC00A80E65</string>
				<string>E4DE20231D0D6EFC00A80E65</string>
				<string>E457B4201CF19E5D00139C4C</string>
				<string>E457B4211CF19E5D00139C4C</string>
				<string>E47C4F601CDF0456005F8836</string>
				<string>E47C4F611CDF0456005F8836</string>
				<string>E4F60A971D040C1B006F5DF2</string>
				<string>E4F60A981D040C1B006F5DF2</string>
				<string>E4E66F1F1D27E74D00969AB8</string>
				<string>E4E66F201D27E74D00969AB8</string>
				<string>E425D5771D290495000324A3</string>
				<string>E425D5781D290495000324A3</string>
			</array>
			<key>isa</key>
			<string>PBXGroup</string>
			<key>name</key>
			<string>Settings</string>
			<key>sourceTree</key>
			<string>&lt;group&gt;</string>
		</dict>
		<key>E40C44151CCF25870006D208</key>
		<dict>
			<key>fileEncoding</key>
			<string>4</string>
			<key>isa</key>
			<string>PBXFileReference</string>
			<key>lastKnownFileType</key>
			<string>sourcecode.c.h</string>
			<key>path</key>
			<string>AddAccountBookViewController.h</string>
			<key>sourceTree</key>
			<string>&lt;group&gt;</string>
		</dict>
		<key>E40C44161CCF25870006D208</key>
		<dict>
			<key>fileEncoding</key>
			<string>4</string>
			<key>isa</key>
			<string>PBXFileReference</string>
			<key>lastKnownFileType</key>
			<string>sourcecode.c.objc</string>
			<key>path</key>
			<string>AddAccountBookViewController.m</string>
			<key>sourceTree</key>
			<string>&lt;group&gt;</string>
		</dict>
		<key>E40C44171CCF25870006D208</key>
		<dict>
			<key>fileRef</key>
			<string>E40C44161CCF25870006D208</string>
			<key>isa</key>
			<string>PBXBuildFile</string>
		</dict>
		<key>E40C44181CCF28E90006D208</key>
		<dict>
			<key>fileEncoding</key>
			<string>4</string>
			<key>isa</key>
			<string>PBXFileReference</string>
			<key>lastKnownFileType</key>
			<string>sourcecode.c.h</string>
			<key>path</key>
			<string>AccountBooksTableViewController.h</string>
			<key>sourceTree</key>
			<string>&lt;group&gt;</string>
		</dict>
		<key>E40C44191CCF28E90006D208</key>
		<dict>
			<key>fileEncoding</key>
			<string>4</string>
			<key>isa</key>
			<string>PBXFileReference</string>
			<key>lastKnownFileType</key>
			<string>sourcecode.c.objc</string>
			<key>path</key>
			<string>AccountBooksTableViewController.m</string>
			<key>sourceTree</key>
			<string>&lt;group&gt;</string>
		</dict>
		<key>E40C441A1CCF28E90006D208</key>
		<dict>
			<key>fileRef</key>
			<string>E40C44191CCF28E90006D208</string>
			<key>isa</key>
			<string>PBXBuildFile</string>
		</dict>
		<key>E425D5741D28FD3C000324A3</key>
		<dict>
			<key>fileEncoding</key>
			<string>4</string>
			<key>isa</key>
			<string>PBXFileReference</string>
			<key>lastKnownFileType</key>
			<string>sourcecode.c.h</string>
			<key>path</key>
			<string>QRScanView.h</string>
			<key>sourceTree</key>
			<string>&lt;group&gt;</string>
		</dict>
		<key>E425D5751D28FD3C000324A3</key>
		<dict>
			<key>fileEncoding</key>
			<string>4</string>
			<key>isa</key>
			<string>PBXFileReference</string>
			<key>lastKnownFileType</key>
			<string>sourcecode.c.objc</string>
			<key>path</key>
			<string>QRScanView.m</string>
			<key>sourceTree</key>
			<string>&lt;group&gt;</string>
		</dict>
		<key>E425D5761D28FD3C000324A3</key>
		<dict>
			<key>fileRef</key>
			<string>E425D5751D28FD3C000324A3</string>
			<key>isa</key>
			<string>PBXBuildFile</string>
		</dict>
		<key>E425D5771D290495000324A3</key>
		<dict>
			<key>fileEncoding</key>
			<string>4</string>
			<key>isa</key>
			<string>PBXFileReference</string>
			<key>lastKnownFileType</key>
			<string>sourcecode.c.h</string>
			<key>path</key>
			<string>JoinAccountBookTableViewController.h</string>
			<key>sourceTree</key>
			<string>&lt;group&gt;</string>
		</dict>
		<key>E425D5781D290495000324A3</key>
		<dict>
			<key>fileEncoding</key>
			<string>4</string>
			<key>isa</key>
			<string>PBXFileReference</string>
			<key>lastKnownFileType</key>
			<string>sourcecode.c.objc</string>
			<key>path</key>
			<string>JoinAccountBookTableViewController.m</string>
			<key>sourceTree</key>
			<string>&lt;group&gt;</string>
		</dict>
		<key>E425D5791D290495000324A3</key>
		<dict>
			<key>fileRef</key>
			<string>E425D5781D290495000324A3</string>
			<key>isa</key>
			<string>PBXBuildFile</string>
		</dict>
		<key>E4400D641CCB5845000DFB1A</key>
		<dict>
			<key>children</key>
			<array>
				<string>E4400D6F1CCB5845000DFB1A</string>
				<string>E4400D891CCB5845000DFB1A</string>
				<string>E4400D941CCB5845000DFB1A</string>
				<string>E4400D6E1CCB5845000DFB1A</string>
				<string>0A96C9409F0E310C101BF950</string>
				<string>27AAE4911E2640B777368FDF</string>
			</array>
			<key>isa</key>
			<string>PBXGroup</string>
			<key>sourceTree</key>
			<string>&lt;group&gt;</string>
		</dict>
		<key>E4400D651CCB5845000DFB1A</key>
		<dict>
			<key>attributes</key>
			<dict>
				<key>LastUpgradeCheck</key>
				<string>0730</string>
				<key>ORGANIZATIONNAME</key>
				<string>limeng</string>
				<key>TargetAttributes</key>
				<dict>
					<key>E4400D6C1CCB5845000DFB1A</key>
					<dict>
						<key>CreatedOnToolsVersion</key>
						<string>7.3</string>
						<key>DevelopmentTeam</key>
						<string>94DS5KS578</string>
					</dict>
					<key>E4400D851CCB5845000DFB1A</key>
					<dict>
						<key>CreatedOnToolsVersion</key>
						<string>7.3</string>
						<key>TestTargetID</key>
						<string>E4400D6C1CCB5845000DFB1A</string>
					</dict>
					<key>E4400D901CCB5845000DFB1A</key>
					<dict>
						<key>CreatedOnToolsVersion</key>
						<string>7.3</string>
						<key>TestTargetID</key>
						<string>E4400D6C1CCB5845000DFB1A</string>
					</dict>
				</dict>
			</dict>
			<key>buildConfigurationList</key>
			<string>E4400D681CCB5845000DFB1A</string>
			<key>compatibilityVersion</key>
			<string>Xcode 3.2</string>
			<key>developmentRegion</key>
			<string>English</string>
			<key>hasScannedForEncodings</key>
			<string>0</string>
			<key>isa</key>
			<string>PBXProject</string>
			<key>knownRegions</key>
			<array>
				<string>en</string>
				<string>Base</string>
			</array>
			<key>mainGroup</key>
			<string>E4400D641CCB5845000DFB1A</string>
			<key>productRefGroup</key>
			<string>E4400D6E1CCB5845000DFB1A</string>
			<key>projectDirPath</key>
			<string></string>
			<key>projectReferences</key>
			<array/>
			<key>projectRoot</key>
			<string></string>
			<key>targets</key>
			<array>
				<string>E4400D6C1CCB5845000DFB1A</string>
				<string>E4400D851CCB5845000DFB1A</string>
				<string>E4400D901CCB5845000DFB1A</string>
			</array>
		</dict>
		<key>E4400D681CCB5845000DFB1A</key>
		<dict>
			<key>buildConfigurations</key>
			<array>
				<string>E4400D981CCB5845000DFB1A</string>
				<string>E4400D991CCB5845000DFB1A</string>
			</array>
			<key>defaultConfigurationIsVisible</key>
			<string>0</string>
			<key>defaultConfigurationName</key>
			<string>Release</string>
			<key>isa</key>
			<string>XCConfigurationList</string>
		</dict>
		<key>E4400D691CCB5845000DFB1A</key>
		<dict>
			<key>buildActionMask</key>
			<string>2147483647</string>
			<key>files</key>
			<array>
				<string>E4F60ACD1D0413FF006F5DF2</string>
				<string>E457B42F1CF1A40D00139C4C</string>
				<string>E47C4F621CDF0456005F8836</string>
				<string>E4F1CB4C1CFB167200461B3F</string>
				<string>E4F1CB251CFAE58400461B3F</string>
				<string>E4F60A931D03F036006F5DF2</string>
				<string>E4400D781CCB5845000DFB1A</string>
				<string>E4E66F211D27E74D00969AB8</string>
				<string>E4DE20241D0D6EFC00A80E65</string>
				<string>E48E2FAC1CE84FA900E727FD</string>
				<string>E4F60ABD1D041235006F5DF2</string>
				<string>E4F1CB321CFAF2D100461B3F</string>
				<string>E4F60AB91D041235006F5DF2</string>
				<string>E4D6ED7B1D2671D000C16364</string>
				<string>E425D5791D290495000324A3</string>
				<string>E4F1CB461CFB0B2D00461B3F</string>
				<string>E4F60AC01D041235006F5DF2</string>
				<string>E4D6ED7F1D2678D200C16364</string>
				<string>E4F60ABE1D041235006F5DF2</string>
				<string>E457B4351CF1A42900139C4C</string>
				<string>E4F60ACA1D0413BA006F5DF2</string>
				<string>E4F60AD31D0448FF006F5DF2</string>
				<string>E4F60AB71D041235006F5DF2</string>
				<string>E4400D751CCB5845000DFB1A</string>
				<string>E457B4161CF19E2A00139C4C</string>
				<string>E457B4131CF19E2000139C4C</string>
				<string>E4400D721CCB5845000DFB1A</string>
				<string>E4F1CB431CFB0B0C00461B3F</string>
				<string>E4F60A961D040C05006F5DF2</string>
				<string>E457B41F1CF19E5300139C4C</string>
				<string>E4F60A9D1D04121F006F5DF2</string>
				<string>E4F60AC91D0413BA006F5DF2</string>
				<string>E4F60ABF1D041235006F5DF2</string>
				<string>E457B4101CF19E1600139C4C</string>
				<string>E457B4291CF1A26A00139C4C</string>
				<string>E4F60AB61D041235006F5DF2</string>
				<string>E457B4321CF1A41800139C4C</string>
				<string>E40C441A1CCF28E90006D208</string>
				<string>E40C44171CCF25870006D208</string>
				<string>E4F1CB2B1CFAE5B900461B3F</string>
				<string>E457B4251CF19E6700139C4C</string>
				<string>E457B4221CF19E5D00139C4C</string>
				<string>E457B4191CF19E3500139C4C</string>
				<string>E4F60ABC1D041235006F5DF2</string>
				<string>E4F60ABA1D041235006F5DF2</string>
				<string>E425D5761D28FD3C000324A3</string>
				<string>E4B0FF4A1D0C22D1000F0421</string>
				<string>E4F60AB81D041235006F5DF2</string>
				<string>E457B43B1CF1AF3200139C4C</string>
				<string>E457B40D1CF19E0800139C4C</string>
				<string>E4F1CB491CFB13BF00461B3F</string>
				<string>E4F60ABB1D041235006F5DF2</string>
				<string>E4F60AC11D041235006F5DF2</string>
				<string>E457B41C1CF19E4100139C4C</string>
				<string>E4D6ED7C1D2671D000C16364</string>
				<string>E4F60A991D040C1B006F5DF2</string>
				<string>E457B4381CF1AA6E00139C4C</string>
				<string>E457B42C1CF1A40100139C4C</string>
			</array>
			<key>isa</key>
			<string>PBXSourcesBuildPhase</string>
			<key>runOnlyForDeploymentPostprocessing</key>
			<string>0</string>
		</dict>
		<key>E4400D6A1CCB5845000DFB1A</key>
		<dict>
			<key>buildActionMask</key>
			<string>2147483647</string>
			<key>files</key>
			<array>
				<string>E4B0FF541D0C24E0000F0421</string>
				<string>E4B0FF521D0C24D4000F0421</string>
				<string>E4B0FF501D0C24C5000F0421</string>
				<string>E4B0FF4E1D0C244D000F0421</string>
				<string>E4B0FF4C1D0C2446000F0421</string>
				<string>CC968FBD0630BE3B26A135B5</string>
			</array>
			<key>isa</key>
			<string>PBXFrameworksBuildPhase</string>
			<key>runOnlyForDeploymentPostprocessing</key>
			<string>0</string>
		</dict>
		<key>E4400D6B1CCB5845000DFB1A</key>
		<dict>
			<key>buildActionMask</key>
			<string>2147483647</string>
			<key>files</key>
			<array>
				<string>E4400D801CCB5845000DFB1A</string>
				<string>E497059E1CDF22B20092B164</string>
				<string>E48E2FA91CE846E000E727FD</string>
				<string>E4400D7B1CCB5845000DFB1A</string>
			</array>
			<key>isa</key>
			<string>PBXResourcesBuildPhase</string>
			<key>runOnlyForDeploymentPostprocessing</key>
			<string>0</string>
		</dict>
		<key>E4400D6C1CCB5845000DFB1A</key>
		<dict>
			<key>buildConfigurationList</key>
			<string>E4400D9A1CCB5845000DFB1A</string>
			<key>buildPhases</key>
			<array>
				<string>F750F5E403ADEA24A47D5E8A</string>
				<string>E4400D691CCB5845000DFB1A</string>
				<string>E4400D6A1CCB5845000DFB1A</string>
				<string>E4400D6B1CCB5845000DFB1A</string>
				<string>3269BEF9A949DB11494B787E</string>
				<string>E5EAF9E4BADEAF2A75A9AED0</string>
			</array>
			<key>buildRules</key>
			<array/>
			<key>dependencies</key>
			<array/>
			<key>isa</key>
			<string>PBXNativeTarget</string>
			<key>name</key>
			<string>GroupFinance</string>
			<key>productName</key>
			<string>GroupFinance</string>
			<key>productReference</key>
			<string>E4400D6D1CCB5845000DFB1A</string>
			<key>productType</key>
			<string>com.apple.product-type.application</string>
		</dict>
		<key>E4400D6D1CCB5845000DFB1A</key>
		<dict>
			<key>explicitFileType</key>
			<string>wrapper.application</string>
			<key>includeInIndex</key>
			<string>0</string>
			<key>isa</key>
			<string>PBXFileReference</string>
			<key>path</key>
			<string>GroupFinance.app</string>
			<key>sourceTree</key>
			<string>BUILT_PRODUCTS_DIR</string>
		</dict>
		<key>E4400D6E1CCB5845000DFB1A</key>
		<dict>
			<key>children</key>
			<array>
				<string>E4400D6D1CCB5845000DFB1A</string>
				<string>E4400D861CCB5845000DFB1A</string>
				<string>E4400D911CCB5845000DFB1A</string>
			</array>
			<key>isa</key>
			<string>PBXGroup</string>
			<key>name</key>
			<string>Products</string>
			<key>sourceTree</key>
			<string>&lt;group&gt;</string>
		</dict>
		<key>E4400D6F1CCB5845000DFB1A</key>
		<dict>
			<key>children</key>
			<array>
				<string>E4F60A9A1D0411EF006F5DF2</string>
				<string>E457B4261CF1A22A00139C4C</string>
				<string>E4F1CB1F1CFAE4B800461B3F</string>
				<string>E40C44141CCF25640006D208</string>
				<string>E4F1CB2C1CFAF28500461B3F</string>
				<string>E4400D731CCB5845000DFB1A</string>
				<string>E4400D741CCB5845000DFB1A</string>
				<string>E4400D761CCB5845000DFB1A</string>
				<string>E4400D771CCB5845000DFB1A</string>
				<string>E4400D791CCB5845000DFB1A</string>
				<string>E497059D1CDF22B20092B164</string>
				<string>E4400D7E1CCB5845000DFB1A</string>
				<string>E4400D811CCB5845000DFB1A</string>
				<string>E4400D701CCB5845000DFB1A</string>
			</array>
			<key>isa</key>
			<string>PBXGroup</string>
			<key>path</key>
			<string>GroupFinance</string>
			<key>sourceTree</key>
			<string>&lt;group&gt;</string>
		</dict>
		<key>E4400D701CCB5845000DFB1A</key>
		<dict>
			<key>children</key>
			<array>
				<string>E48E2FA81CE846E000E727FD</string>
				<string>E4400D711CCB5845000DFB1A</string>
			</array>
			<key>isa</key>
			<string>PBXGroup</string>
			<key>name</key>
			<string>Supporting Files</string>
			<key>sourceTree</key>
			<string>&lt;group&gt;</string>
		</dict>
		<key>E4400D711CCB5845000DFB1A</key>
		<dict>
			<key>isa</key>
			<string>PBXFileReference</string>
			<key>lastKnownFileType</key>
			<string>sourcecode.c.objc</string>
			<key>path</key>
			<string>main.m</string>
			<key>sourceTree</key>
			<string>&lt;group&gt;</string>
		</dict>
		<key>E4400D721CCB5845000DFB1A</key>
		<dict>
			<key>fileRef</key>
			<string>E4400D711CCB5845000DFB1A</string>
			<key>isa</key>
			<string>PBXBuildFile</string>
		</dict>
		<key>E4400D731CCB5845000DFB1A</key>
		<dict>
			<key>isa</key>
			<string>PBXFileReference</string>
			<key>lastKnownFileType</key>
			<string>sourcecode.c.h</string>
			<key>path</key>
			<string>AppDelegate.h</string>
			<key>sourceTree</key>
			<string>&lt;group&gt;</string>
		</dict>
		<key>E4400D741CCB5845000DFB1A</key>
		<dict>
			<key>isa</key>
			<string>PBXFileReference</string>
			<key>lastKnownFileType</key>
			<string>sourcecode.c.objc</string>
			<key>path</key>
			<string>AppDelegate.m</string>
			<key>sourceTree</key>
			<string>&lt;group&gt;</string>
		</dict>
		<key>E4400D751CCB5845000DFB1A</key>
		<dict>
			<key>fileRef</key>
			<string>E4400D741CCB5845000DFB1A</string>
			<key>isa</key>
			<string>PBXBuildFile</string>
		</dict>
		<key>E4400D761CCB5845000DFB1A</key>
		<dict>
			<key>isa</key>
			<string>PBXFileReference</string>
			<key>lastKnownFileType</key>
			<string>sourcecode.c.h</string>
			<key>path</key>
			<string>ViewController.h</string>
			<key>sourceTree</key>
			<string>&lt;group&gt;</string>
		</dict>
		<key>E4400D771CCB5845000DFB1A</key>
		<dict>
			<key>isa</key>
			<string>PBXFileReference</string>
			<key>lastKnownFileType</key>
			<string>sourcecode.c.objc</string>
			<key>path</key>
			<string>ViewController.m</string>
			<key>sourceTree</key>
			<string>&lt;group&gt;</string>
		</dict>
		<key>E4400D781CCB5845000DFB1A</key>
		<dict>
			<key>fileRef</key>
			<string>E4400D771CCB5845000DFB1A</string>
			<key>isa</key>
			<string>PBXBuildFile</string>
		</dict>
		<key>E4400D791CCB5845000DFB1A</key>
		<dict>
			<key>children</key>
			<array>
				<string>E4400D7A1CCB5845000DFB1A</string>
			</array>
			<key>isa</key>
			<string>PBXVariantGroup</string>
			<key>name</key>
			<string>Main.storyboard</string>
			<key>sourceTree</key>
			<string>&lt;group&gt;</string>
		</dict>
		<key>E4400D7A1CCB5845000DFB1A</key>
		<dict>
			<key>isa</key>
			<string>PBXFileReference</string>
			<key>lastKnownFileType</key>
			<string>file.storyboard</string>
			<key>name</key>
			<string>Base</string>
			<key>path</key>
			<string>Base.lproj/Main.storyboard</string>
			<key>sourceTree</key>
			<string>&lt;group&gt;</string>
		</dict>
		<key>E4400D7B1CCB5845000DFB1A</key>
		<dict>
			<key>fileRef</key>
			<string>E4400D791CCB5845000DFB1A</string>
			<key>isa</key>
			<string>PBXBuildFile</string>
		</dict>
		<key>E4400D7E1CCB5845000DFB1A</key>
		<dict>
			<key>children</key>
			<array>
				<string>E4400D7F1CCB5845000DFB1A</string>
			</array>
			<key>isa</key>
			<string>PBXVariantGroup</string>
			<key>name</key>
			<string>LaunchScreen.storyboard</string>
			<key>sourceTree</key>
			<string>&lt;group&gt;</string>
		</dict>
		<key>E4400D7F1CCB5845000DFB1A</key>
		<dict>
			<key>isa</key>
			<string>PBXFileReference</string>
			<key>lastKnownFileType</key>
			<string>file.storyboard</string>
			<key>name</key>
			<string>Base</string>
			<key>path</key>
			<string>Base.lproj/LaunchScreen.storyboard</string>
			<key>sourceTree</key>
			<string>&lt;group&gt;</string>
		</dict>
		<key>E4400D801CCB5845000DFB1A</key>
		<dict>
			<key>fileRef</key>
			<string>E4400D7E1CCB5845000DFB1A</string>
			<key>isa</key>
			<string>PBXBuildFile</string>
		</dict>
		<key>E4400D811CCB5845000DFB1A</key>
		<dict>
			<key>isa</key>
			<string>PBXFileReference</string>
			<key>lastKnownFileType</key>
			<string>text.plist.xml</string>
			<key>path</key>
			<string>Info.plist</string>
			<key>sourceTree</key>
			<string>&lt;group&gt;</string>
		</dict>
		<key>E4400D821CCB5845000DFB1A</key>
		<dict>
			<key>buildActionMask</key>
			<string>2147483647</string>
			<key>files</key>
			<array>
				<string>E4400D8B1CCB5845000DFB1A</string>
			</array>
			<key>isa</key>
			<string>PBXSourcesBuildPhase</string>
			<key>runOnlyForDeploymentPostprocessing</key>
			<string>0</string>
		</dict>
		<key>E4400D831CCB5845000DFB1A</key>
		<dict>
			<key>buildActionMask</key>
			<string>2147483647</string>
			<key>files</key>
			<array/>
			<key>isa</key>
			<string>PBXFrameworksBuildPhase</string>
			<key>runOnlyForDeploymentPostprocessing</key>
			<string>0</string>
		</dict>
		<key>E4400D841CCB5845000DFB1A</key>
		<dict>
			<key>buildActionMask</key>
			<string>2147483647</string>
			<key>files</key>
			<array/>
			<key>isa</key>
			<string>PBXResourcesBuildPhase</string>
			<key>runOnlyForDeploymentPostprocessing</key>
			<string>0</string>
		</dict>
		<key>E4400D851CCB5845000DFB1A</key>
		<dict>
			<key>buildConfigurationList</key>
			<string>E4400D9D1CCB5845000DFB1A</string>
			<key>buildPhases</key>
			<array>
				<string>E4400D821CCB5845000DFB1A</string>
				<string>E4400D831CCB5845000DFB1A</string>
				<string>E4400D841CCB5845000DFB1A</string>
			</array>
			<key>buildRules</key>
			<array/>
			<key>dependencies</key>
			<array>
				<string>E4400D881CCB5845000DFB1A</string>
			</array>
			<key>isa</key>
			<string>PBXNativeTarget</string>
			<key>name</key>
			<string>GroupFinanceTests</string>
			<key>productName</key>
			<string>GroupFinanceTests</string>
			<key>productReference</key>
			<string>E4400D861CCB5845000DFB1A</string>
			<key>productType</key>
			<string>com.apple.product-type.bundle.unit-test</string>
		</dict>
		<key>E4400D861CCB5845000DFB1A</key>
		<dict>
			<key>explicitFileType</key>
			<string>wrapper.cfbundle</string>
			<key>includeInIndex</key>
			<string>0</string>
			<key>isa</key>
			<string>PBXFileReference</string>
			<key>path</key>
			<string>GroupFinanceTests.xctest</string>
			<key>sourceTree</key>
			<string>BUILT_PRODUCTS_DIR</string>
		</dict>
		<key>E4400D871CCB5845000DFB1A</key>
		<dict>
			<key>containerPortal</key>
			<string>E4400D651CCB5845000DFB1A</string>
			<key>isa</key>
			<string>PBXContainerItemProxy</string>
			<key>proxyType</key>
			<string>1</string>
			<key>remoteGlobalIDString</key>
			<string>E4400D6C1CCB5845000DFB1A</string>
			<key>remoteInfo</key>
			<string>GroupFinance</string>
		</dict>
		<key>E4400D881CCB5845000DFB1A</key>
		<dict>
			<key>isa</key>
			<string>PBXTargetDependency</string>
			<key>target</key>
			<string>E4400D6C1CCB5845000DFB1A</string>
			<key>targetProxy</key>
			<string>E4400D871CCB5845000DFB1A</string>
		</dict>
		<key>E4400D891CCB5845000DFB1A</key>
		<dict>
			<key>children</key>
			<array>
				<string>E4400D8A1CCB5845000DFB1A</string>
				<string>E4400D8C1CCB5845000DFB1A</string>
			</array>
			<key>isa</key>
			<string>PBXGroup</string>
			<key>path</key>
			<string>GroupFinanceTests</string>
			<key>sourceTree</key>
			<string>&lt;group&gt;</string>
		</dict>
		<key>E4400D8A1CCB5845000DFB1A</key>
		<dict>
			<key>isa</key>
			<string>PBXFileReference</string>
			<key>lastKnownFileType</key>
			<string>sourcecode.c.objc</string>
			<key>path</key>
			<string>GroupFinanceTests.m</string>
			<key>sourceTree</key>
			<string>&lt;group&gt;</string>
		</dict>
		<key>E4400D8B1CCB5845000DFB1A</key>
		<dict>
			<key>fileRef</key>
			<string>E4400D8A1CCB5845000DFB1A</string>
			<key>isa</key>
			<string>PBXBuildFile</string>
		</dict>
		<key>E4400D8C1CCB5845000DFB1A</key>
		<dict>
			<key>isa</key>
			<string>PBXFileReference</string>
			<key>lastKnownFileType</key>
			<string>text.plist.xml</string>
			<key>path</key>
			<string>Info.plist</string>
			<key>sourceTree</key>
			<string>&lt;group&gt;</string>
		</dict>
		<key>E4400D8D1CCB5845000DFB1A</key>
		<dict>
			<key>buildActionMask</key>
			<string>2147483647</string>
			<key>files</key>
			<array>
				<string>E4400D961CCB5845000DFB1A</string>
			</array>
			<key>isa</key>
			<string>PBXSourcesBuildPhase</string>
			<key>runOnlyForDeploymentPostprocessing</key>
			<string>0</string>
		</dict>
		<key>E4400D8E1CCB5845000DFB1A</key>
		<dict>
			<key>buildActionMask</key>
			<string>2147483647</string>
			<key>files</key>
			<array/>
			<key>isa</key>
			<string>PBXFrameworksBuildPhase</string>
			<key>runOnlyForDeploymentPostprocessing</key>
			<string>0</string>
		</dict>
		<key>E4400D8F1CCB5845000DFB1A</key>
		<dict>
			<key>buildActionMask</key>
			<string>2147483647</string>
			<key>files</key>
			<array/>
			<key>isa</key>
			<string>PBXResourcesBuildPhase</string>
			<key>runOnlyForDeploymentPostprocessing</key>
			<string>0</string>
		</dict>
		<key>E4400D901CCB5845000DFB1A</key>
		<dict>
			<key>buildConfigurationList</key>
			<string>E4400DA01CCB5845000DFB1A</string>
			<key>buildPhases</key>
			<array>
				<string>E4400D8D1CCB5845000DFB1A</string>
				<string>E4400D8E1CCB5845000DFB1A</string>
				<string>E4400D8F1CCB5845000DFB1A</string>
			</array>
			<key>buildRules</key>
			<array/>
			<key>dependencies</key>
			<array>
				<string>E4400D931CCB5845000DFB1A</string>
			</array>
			<key>isa</key>
			<string>PBXNativeTarget</string>
			<key>name</key>
			<string>GroupFinanceUITests</string>
			<key>productName</key>
			<string>GroupFinanceUITests</string>
			<key>productReference</key>
			<string>E4400D911CCB5845000DFB1A</string>
			<key>productType</key>
			<string>com.apple.product-type.bundle.ui-testing</string>
		</dict>
		<key>E4400D911CCB5845000DFB1A</key>
		<dict>
			<key>explicitFileType</key>
			<string>wrapper.cfbundle</string>
			<key>includeInIndex</key>
			<string>0</string>
			<key>isa</key>
			<string>PBXFileReference</string>
			<key>path</key>
			<string>GroupFinanceUITests.xctest</string>
			<key>sourceTree</key>
			<string>BUILT_PRODUCTS_DIR</string>
		</dict>
		<key>E4400D921CCB5845000DFB1A</key>
		<dict>
			<key>containerPortal</key>
			<string>E4400D651CCB5845000DFB1A</string>
			<key>isa</key>
			<string>PBXContainerItemProxy</string>
			<key>proxyType</key>
			<string>1</string>
			<key>remoteGlobalIDString</key>
			<string>E4400D6C1CCB5845000DFB1A</string>
			<key>remoteInfo</key>
			<string>GroupFinance</string>
		</dict>
		<key>E4400D931CCB5845000DFB1A</key>
		<dict>
			<key>isa</key>
			<string>PBXTargetDependency</string>
			<key>target</key>
			<string>E4400D6C1CCB5845000DFB1A</string>
			<key>targetProxy</key>
			<string>E4400D921CCB5845000DFB1A</string>
		</dict>
		<key>E4400D941CCB5845000DFB1A</key>
		<dict>
			<key>children</key>
			<array>
				<string>E4400D951CCB5845000DFB1A</string>
				<string>E4400D971CCB5845000DFB1A</string>
			</array>
			<key>isa</key>
			<string>PBXGroup</string>
			<key>path</key>
			<string>GroupFinanceUITests</string>
			<key>sourceTree</key>
			<string>&lt;group&gt;</string>
		</dict>
		<key>E4400D951CCB5845000DFB1A</key>
		<dict>
			<key>isa</key>
			<string>PBXFileReference</string>
			<key>lastKnownFileType</key>
			<string>sourcecode.c.objc</string>
			<key>path</key>
			<string>GroupFinanceUITests.m</string>
			<key>sourceTree</key>
			<string>&lt;group&gt;</string>
		</dict>
		<key>E4400D961CCB5845000DFB1A</key>
		<dict>
			<key>fileRef</key>
			<string>E4400D951CCB5845000DFB1A</string>
			<key>isa</key>
			<string>PBXBuildFile</string>
		</dict>
		<key>E4400D971CCB5845000DFB1A</key>
		<dict>
			<key>isa</key>
			<string>PBXFileReference</string>
			<key>lastKnownFileType</key>
			<string>text.plist.xml</string>
			<key>path</key>
			<string>Info.plist</string>
			<key>sourceTree</key>
			<string>&lt;group&gt;</string>
		</dict>
		<key>E4400D981CCB5845000DFB1A</key>
		<dict>
			<key>buildSettings</key>
			<dict>
				<key>ALWAYS_SEARCH_USER_PATHS</key>
				<string>NO</string>
				<key>CLANG_ANALYZER_NONNULL</key>
				<string>YES</string>
				<key>CLANG_CXX_LANGUAGE_STANDARD</key>
				<string>gnu++0x</string>
				<key>CLANG_CXX_LIBRARY</key>
				<string>libc++</string>
				<key>CLANG_ENABLE_MODULES</key>
				<string>YES</string>
				<key>CLANG_ENABLE_OBJC_ARC</key>
				<string>YES</string>
				<key>CLANG_WARN_BOOL_CONVERSION</key>
				<string>YES</string>
				<key>CLANG_WARN_CONSTANT_CONVERSION</key>
				<string>YES</string>
				<key>CLANG_WARN_DIRECT_OBJC_ISA_USAGE</key>
				<string>YES_ERROR</string>
				<key>CLANG_WARN_EMPTY_BODY</key>
				<string>YES</string>
				<key>CLANG_WARN_ENUM_CONVERSION</key>
				<string>YES</string>
				<key>CLANG_WARN_INT_CONVERSION</key>
				<string>YES</string>
				<key>CLANG_WARN_OBJC_ROOT_CLASS</key>
				<string>YES_ERROR</string>
				<key>CLANG_WARN_UNREACHABLE_CODE</key>
				<string>YES</string>
				<key>CLANG_WARN__DUPLICATE_METHOD_MATCH</key>
				<string>YES</string>
				<key>CODE_SIGN_IDENTITY[sdk=iphoneos*]</key>
				<string>iPhone Developer</string>
				<key>COPY_PHASE_STRIP</key>
				<string>NO</string>
				<key>DEBUG_INFORMATION_FORMAT</key>
				<string>dwarf</string>
				<key>ENABLE_STRICT_OBJC_MSGSEND</key>
				<string>YES</string>
				<key>ENABLE_TESTABILITY</key>
				<string>YES</string>
				<key>GCC_C_LANGUAGE_STANDARD</key>
				<string>gnu99</string>
				<key>GCC_DYNAMIC_NO_PIC</key>
				<string>NO</string>
				<key>GCC_NO_COMMON_BLOCKS</key>
				<string>YES</string>
				<key>GCC_OPTIMIZATION_LEVEL</key>
				<string>0</string>
				<key>GCC_PREPROCESSOR_DEFINITIONS</key>
				<array>
					<string>DEBUG=1</string>
					<string>$(inherited)</string>
				</array>
				<key>GCC_WARN_64_TO_32_BIT_CONVERSION</key>
				<string>YES</string>
				<key>GCC_WARN_ABOUT_RETURN_TYPE</key>
				<string>YES_ERROR</string>
				<key>GCC_WARN_UNDECLARED_SELECTOR</key>
				<string>YES</string>
				<key>GCC_WARN_UNINITIALIZED_AUTOS</key>
				<string>YES_AGGRESSIVE</string>
				<key>GCC_WARN_UNUSED_FUNCTION</key>
				<string>YES</string>
				<key>GCC_WARN_UNUSED_VARIABLE</key>
				<string>YES</string>
				<key>IPHONEOS_DEPLOYMENT_TARGET</key>
				<string>9.3</string>
				<key>MTL_ENABLE_DEBUG_INFO</key>
				<string>YES</string>
				<key>ONLY_ACTIVE_ARCH</key>
				<string>YES</string>
				<key>SDKROOT</key>
				<string>iphoneos</string>
			</dict>
			<key>isa</key>
			<string>XCBuildConfiguration</string>
			<key>name</key>
			<string>Debug</string>
		</dict>
		<key>E4400D991CCB5845000DFB1A</key>
		<dict>
			<key>buildSettings</key>
			<dict>
				<key>ALWAYS_SEARCH_USER_PATHS</key>
				<string>NO</string>
				<key>CLANG_ANALYZER_NONNULL</key>
				<string>YES</string>
				<key>CLANG_CXX_LANGUAGE_STANDARD</key>
				<string>gnu++0x</string>
				<key>CLANG_CXX_LIBRARY</key>
				<string>libc++</string>
				<key>CLANG_ENABLE_MODULES</key>
				<string>YES</string>
				<key>CLANG_ENABLE_OBJC_ARC</key>
				<string>YES</string>
				<key>CLANG_WARN_BOOL_CONVERSION</key>
				<string>YES</string>
				<key>CLANG_WARN_CONSTANT_CONVERSION</key>
				<string>YES</string>
				<key>CLANG_WARN_DIRECT_OBJC_ISA_USAGE</key>
				<string>YES_ERROR</string>
				<key>CLANG_WARN_EMPTY_BODY</key>
				<string>YES</string>
				<key>CLANG_WARN_ENUM_CONVERSION</key>
				<string>YES</string>
				<key>CLANG_WARN_INT_CONVERSION</key>
				<string>YES</string>
				<key>CLANG_WARN_OBJC_ROOT_CLASS</key>
				<string>YES_ERROR</string>
				<key>CLANG_WARN_UNREACHABLE_CODE</key>
				<string>YES</string>
				<key>CLANG_WARN__DUPLICATE_METHOD_MATCH</key>
				<string>YES</string>
				<key>CODE_SIGN_IDENTITY[sdk=iphoneos*]</key>
				<string>iPhone Developer</string>
				<key>COPY_PHASE_STRIP</key>
				<string>NO</string>
				<key>DEBUG_INFORMATION_FORMAT</key>
				<string>dwarf-with-dsym</string>
				<key>ENABLE_NS_ASSERTIONS</key>
				<string>NO</string>
				<key>ENABLE_STRICT_OBJC_MSGSEND</key>
				<string>YES</string>
				<key>GCC_C_LANGUAGE_STANDARD</key>
				<string>gnu99</string>
				<key>GCC_NO_COMMON_BLOCKS</key>
				<string>YES</string>
				<key>GCC_WARN_64_TO_32_BIT_CONVERSION</key>
				<string>YES</string>
				<key>GCC_WARN_ABOUT_RETURN_TYPE</key>
				<string>YES_ERROR</string>
				<key>GCC_WARN_UNDECLARED_SELECTOR</key>
				<string>YES</string>
				<key>GCC_WARN_UNINITIALIZED_AUTOS</key>
				<string>YES_AGGRESSIVE</string>
				<key>GCC_WARN_UNUSED_FUNCTION</key>
				<string>YES</string>
				<key>GCC_WARN_UNUSED_VARIABLE</key>
				<string>YES</string>
				<key>IPHONEOS_DEPLOYMENT_TARGET</key>
				<string>9.3</string>
				<key>MTL_ENABLE_DEBUG_INFO</key>
				<string>NO</string>
				<key>SDKROOT</key>
				<string>iphoneos</string>
				<key>VALIDATE_PRODUCT</key>
				<string>YES</string>
			</dict>
			<key>isa</key>
			<string>XCBuildConfiguration</string>
			<key>name</key>
			<string>Release</string>
		</dict>
		<key>E4400D9A1CCB5845000DFB1A</key>
		<dict>
			<key>buildConfigurations</key>
			<array>
				<string>E4400D9B1CCB5845000DFB1A</string>
				<string>E4400D9C1CCB5845000DFB1A</string>
			</array>
			<key>defaultConfigurationIsVisible</key>
			<string>0</string>
			<key>defaultConfigurationName</key>
			<string>Release</string>
			<key>isa</key>
			<string>XCConfigurationList</string>
		</dict>
		<key>E4400D9B1CCB5845000DFB1A</key>
		<dict>
			<key>baseConfigurationReference</key>
			<string>D557B93C5754F51464A5D0FC</string>
			<key>buildSettings</key>
			<dict>
				<key>ASSETCATALOG_COMPILER_APPICON_NAME</key>
				<string>AppIcon</string>
				<key>CODE_SIGN_IDENTITY</key>
				<string>iPhone Developer</string>
				<key>CODE_SIGN_IDENTITY[sdk=iphoneos*]</key>
				<string>iPhone Developer</string>
				<key>FRAMEWORK_SEARCH_PATHS</key>
				<array>
					<string>$(inherited)</string>
					<string>$(PROJECT_DIR)</string>
				</array>
				<key>INFOPLIST_FILE</key>
				<string>GroupFinance/Info.plist</string>
				<key>LD_RUNPATH_SEARCH_PATHS</key>
				<string>$(inherited) @executable_path/Frameworks</string>
				<key>OTHER_LDFLAGS</key>
				<array>
					<string>$(inherited)</string>
					<string>-framework</string>
					<string>"Ensembles"</string>
					<string>-framework</string>
					<string>"SSZipArchive"</string>
					<string>-ObjC</string>
				</array>
				<key>PRODUCT_BUNDLE_IDENTIFIER</key>
				<string>edu.ut.GroupFinance</string>
				<key>PRODUCT_NAME</key>
				<string>$(TARGET_NAME)</string>
				<key>PROVISIONING_PROFILE</key>
				<string></string>
			</dict>
			<key>isa</key>
			<string>XCBuildConfiguration</string>
			<key>name</key>
			<string>Debug</string>
		</dict>
		<key>E4400D9C1CCB5845000DFB1A</key>
		<dict>
			<key>baseConfigurationReference</key>
			<string>0C9E7037D47A5CF4EB2438D9</string>
			<key>buildSettings</key>
			<dict>
				<key>ASSETCATALOG_COMPILER_APPICON_NAME</key>
				<string>AppIcon</string>
				<key>CODE_SIGN_IDENTITY</key>
				<string>iPhone Developer</string>
				<key>CODE_SIGN_IDENTITY[sdk=iphoneos*]</key>
				<string>iPhone Developer</string>
				<key>FRAMEWORK_SEARCH_PATHS</key>
				<array>
					<string>$(inherited)</string>
					<string>$(PROJECT_DIR)</string>
				</array>
				<key>INFOPLIST_FILE</key>
				<string>GroupFinance/Info.plist</string>
				<key>LD_RUNPATH_SEARCH_PATHS</key>
				<string>$(inherited) @executable_path/Frameworks</string>
				<key>OTHER_LDFLAGS</key>
				<array>
					<string>$(inherited)</string>
					<string>-framework</string>
					<string>"Ensembles"</string>
					<string>-framework</string>
					<string>"SSZipArchive"</string>
					<string>-ObjC</string>
				</array>
				<key>PRODUCT_BUNDLE_IDENTIFIER</key>
				<string>edu.ut.GroupFinance</string>
				<key>PRODUCT_NAME</key>
				<string>$(TARGET_NAME)</string>
				<key>PROVISIONING_PROFILE</key>
				<string></string>
			</dict>
			<key>isa</key>
			<string>XCBuildConfiguration</string>
			<key>name</key>
			<string>Release</string>
		</dict>
		<key>E4400D9D1CCB5845000DFB1A</key>
		<dict>
			<key>buildConfigurations</key>
			<array>
				<string>E4400D9E1CCB5845000DFB1A</string>
				<string>E4400D9F1CCB5845000DFB1A</string>
			</array>
			<key>defaultConfigurationIsVisible</key>
			<string>0</string>
			<key>defaultConfigurationName</key>
			<string>Release</string>
			<key>isa</key>
			<string>XCConfigurationList</string>
		</dict>
		<key>E4400D9E1CCB5845000DFB1A</key>
		<dict>
			<key>buildSettings</key>
			<dict>
				<key>BUNDLE_LOADER</key>
				<string>$(TEST_HOST)</string>
				<key>INFOPLIST_FILE</key>
				<string>GroupFinanceTests/Info.plist</string>
				<key>LD_RUNPATH_SEARCH_PATHS</key>
				<string>$(inherited) @executable_path/Frameworks @loader_path/Frameworks</string>
				<key>PRODUCT_BUNDLE_IDENTIFIER</key>
				<string>edu.ut.softlab.GroupFinanceTests</string>
				<key>PRODUCT_NAME</key>
				<string>$(TARGET_NAME)</string>
				<key>TEST_HOST</key>
				<string>$(BUILT_PRODUCTS_DIR)/GroupFinance.app/GroupFinance</string>
			</dict>
			<key>isa</key>
			<string>XCBuildConfiguration</string>
			<key>name</key>
			<string>Debug</string>
		</dict>
		<key>E4400D9F1CCB5845000DFB1A</key>
		<dict>
			<key>buildSettings</key>
			<dict>
				<key>BUNDLE_LOADER</key>
				<string>$(TEST_HOST)</string>
				<key>INFOPLIST_FILE</key>
				<string>GroupFinanceTests/Info.plist</string>
				<key>LD_RUNPATH_SEARCH_PATHS</key>
				<string>$(inherited) @executable_path/Frameworks @loader_path/Frameworks</string>
				<key>PRODUCT_BUNDLE_IDENTIFIER</key>
				<string>edu.ut.softlab.GroupFinanceTests</string>
				<key>PRODUCT_NAME</key>
				<string>$(TARGET_NAME)</string>
				<key>TEST_HOST</key>
				<string>$(BUILT_PRODUCTS_DIR)/GroupFinance.app/GroupFinance</string>
			</dict>
			<key>isa</key>
			<string>XCBuildConfiguration</string>
			<key>name</key>
			<string>Release</string>
		</dict>
		<key>E4400DA01CCB5845000DFB1A</key>
		<dict>
			<key>buildConfigurations</key>
			<array>
				<string>E4400DA11CCB5845000DFB1A</string>
				<string>E4400DA21CCB5845000DFB1A</string>
			</array>
			<key>defaultConfigurationIsVisible</key>
			<string>0</string>
			<key>defaultConfigurationName</key>
			<string>Release</string>
			<key>isa</key>
			<string>XCConfigurationList</string>
		</dict>
		<key>E4400DA11CCB5845000DFB1A</key>
		<dict>
			<key>buildSettings</key>
			<dict>
				<key>INFOPLIST_FILE</key>
				<string>GroupFinanceUITests/Info.plist</string>
				<key>LD_RUNPATH_SEARCH_PATHS</key>
				<string>$(inherited) @executable_path/Frameworks @loader_path/Frameworks</string>
				<key>PRODUCT_BUNDLE_IDENTIFIER</key>
				<string>edu.ut.softlab.GroupFinanceUITests</string>
				<key>PRODUCT_NAME</key>
				<string>$(TARGET_NAME)</string>
				<key>TEST_TARGET_NAME</key>
				<string>GroupFinance</string>
			</dict>
			<key>isa</key>
			<string>XCBuildConfiguration</string>
			<key>name</key>
			<string>Debug</string>
		</dict>
		<key>E4400DA21CCB5845000DFB1A</key>
		<dict>
			<key>buildSettings</key>
			<dict>
				<key>INFOPLIST_FILE</key>
				<string>GroupFinanceUITests/Info.plist</string>
				<key>LD_RUNPATH_SEARCH_PATHS</key>
				<string>$(inherited) @executable_path/Frameworks @loader_path/Frameworks</string>
				<key>PRODUCT_BUNDLE_IDENTIFIER</key>
				<string>edu.ut.softlab.GroupFinanceUITests</string>
				<key>PRODUCT_NAME</key>
				<string>$(TARGET_NAME)</string>
				<key>TEST_TARGET_NAME</key>
				<string>GroupFinance</string>
			</dict>
			<key>isa</key>
			<string>XCBuildConfiguration</string>
			<key>name</key>
			<string>Release</string>
		</dict>
		<key>E457B40B1CF19E0800139C4C</key>
		<dict>
			<key>fileEncoding</key>
			<string>4</string>
			<key>isa</key>
			<string>PBXFileReference</string>
			<key>lastKnownFileType</key>
			<string>sourcecode.c.h</string>
			<key>path</key>
			<string>AddClassificationViewController.h</string>
			<key>sourceTree</key>
			<string>&lt;group&gt;</string>
		</dict>
		<key>E457B40C1CF19E0800139C4C</key>
		<dict>
			<key>fileEncoding</key>
			<string>4</string>
			<key>isa</key>
			<string>PBXFileReference</string>
			<key>lastKnownFileType</key>
			<string>sourcecode.c.objc</string>
			<key>path</key>
			<string>AddClassificationViewController.m</string>
			<key>sourceTree</key>
			<string>&lt;group&gt;</string>
		</dict>
		<key>E457B40D1CF19E0800139C4C</key>
		<dict>
			<key>fileRef</key>
			<string>E457B40C1CF19E0800139C4C</string>
			<key>isa</key>
			<string>PBXBuildFile</string>
		</dict>
		<key>E457B40E1CF19E1600139C4C</key>
		<dict>
			<key>fileEncoding</key>
			<string>4</string>
			<key>isa</key>
			<string>PBXFileReference</string>
			<key>lastKnownFileType</key>
			<string>sourcecode.c.h</string>
			<key>path</key>
			<string>EditClassificationViewController.h</string>
			<key>sourceTree</key>
			<string>&lt;group&gt;</string>
		</dict>
		<key>E457B40F1CF19E1600139C4C</key>
		<dict>
			<key>fileEncoding</key>
			<string>4</string>
			<key>isa</key>
			<string>PBXFileReference</string>
			<key>lastKnownFileType</key>
			<string>sourcecode.c.objc</string>
			<key>path</key>
			<string>EditClassificationViewController.m</string>
			<key>sourceTree</key>
			<string>&lt;group&gt;</string>
		</dict>
		<key>E457B4101CF19E1600139C4C</key>
		<dict>
			<key>fileRef</key>
			<string>E457B40F1CF19E1600139C4C</string>
			<key>isa</key>
			<string>PBXBuildFile</string>
		</dict>
		<key>E457B4111CF19E2000139C4C</key>
		<dict>
			<key>fileEncoding</key>
			<string>4</string>
			<key>isa</key>
			<string>PBXFileReference</string>
			<key>lastKnownFileType</key>
			<string>sourcecode.c.h</string>
			<key>path</key>
			<string>AddShopViewController.h</string>
			<key>sourceTree</key>
			<string>&lt;group&gt;</string>
		</dict>
		<key>E457B4121CF19E2000139C4C</key>
		<dict>
			<key>fileEncoding</key>
			<string>4</string>
			<key>isa</key>
			<string>PBXFileReference</string>
			<key>lastKnownFileType</key>
			<string>sourcecode.c.objc</string>
			<key>path</key>
			<string>AddShopViewController.m</string>
			<key>sourceTree</key>
			<string>&lt;group&gt;</string>
		</dict>
		<key>E457B4131CF19E2000139C4C</key>
		<dict>
			<key>fileRef</key>
			<string>E457B4121CF19E2000139C4C</string>
			<key>isa</key>
			<string>PBXBuildFile</string>
		</dict>
		<key>E457B4141CF19E2A00139C4C</key>
		<dict>
			<key>fileEncoding</key>
			<string>4</string>
			<key>isa</key>
			<string>PBXFileReference</string>
			<key>lastKnownFileType</key>
			<string>sourcecode.c.h</string>
			<key>path</key>
			<string>EditShopViewController.h</string>
			<key>sourceTree</key>
			<string>&lt;group&gt;</string>
		</dict>
		<key>E457B4151CF19E2A00139C4C</key>
		<dict>
			<key>fileEncoding</key>
			<string>4</string>
			<key>isa</key>
			<string>PBXFileReference</string>
			<key>lastKnownFileType</key>
			<string>sourcecode.c.objc</string>
			<key>path</key>
			<string>EditShopViewController.m</string>
			<key>sourceTree</key>
			<string>&lt;group&gt;</string>
		</dict>
		<key>E457B4161CF19E2A00139C4C</key>
		<dict>
			<key>fileRef</key>
			<string>E457B4151CF19E2A00139C4C</string>
			<key>isa</key>
			<string>PBXBuildFile</string>
		</dict>
		<key>E457B4171CF19E3500139C4C</key>
		<dict>
			<key>fileEncoding</key>
			<string>4</string>
			<key>isa</key>
			<string>PBXFileReference</string>
			<key>lastKnownFileType</key>
			<string>sourcecode.c.h</string>
			<key>path</key>
			<string>AddAccountViewController.h</string>
			<key>sourceTree</key>
			<string>&lt;group&gt;</string>
		</dict>
		<key>E457B4181CF19E3500139C4C</key>
		<dict>
			<key>fileEncoding</key>
			<string>4</string>
			<key>isa</key>
			<string>PBXFileReference</string>
			<key>lastKnownFileType</key>
			<string>sourcecode.c.objc</string>
			<key>path</key>
			<string>AddAccountViewController.m</string>
			<key>sourceTree</key>
			<string>&lt;group&gt;</string>
		</dict>
		<key>E457B4191CF19E3500139C4C</key>
		<dict>
			<key>fileRef</key>
			<string>E457B4181CF19E3500139C4C</string>
			<key>isa</key>
			<string>PBXBuildFile</string>
		</dict>
		<key>E457B41A1CF19E4100139C4C</key>
		<dict>
			<key>fileEncoding</key>
			<string>4</string>
			<key>isa</key>
			<string>PBXFileReference</string>
			<key>lastKnownFileType</key>
			<string>sourcecode.c.h</string>
			<key>path</key>
			<string>EditAccountViewController.h</string>
			<key>sourceTree</key>
			<string>&lt;group&gt;</string>
		</dict>
		<key>E457B41B1CF19E4100139C4C</key>
		<dict>
			<key>fileEncoding</key>
			<string>4</string>
			<key>isa</key>
			<string>PBXFileReference</string>
			<key>lastKnownFileType</key>
			<string>sourcecode.c.objc</string>
			<key>path</key>
			<string>EditAccountViewController.m</string>
			<key>sourceTree</key>
			<string>&lt;group&gt;</string>
		</dict>
		<key>E457B41C1CF19E4100139C4C</key>
		<dict>
			<key>fileRef</key>
			<string>E457B41B1CF19E4100139C4C</string>
			<key>isa</key>
			<string>PBXBuildFile</string>
		</dict>
		<key>E457B41D1CF19E5300139C4C</key>
		<dict>
			<key>fileEncoding</key>
			<string>4</string>
			<key>isa</key>
			<string>PBXFileReference</string>
			<key>lastKnownFileType</key>
			<string>sourcecode.c.h</string>
			<key>path</key>
			<string>ClassificationsTableViewController.h</string>
			<key>sourceTree</key>
			<string>&lt;group&gt;</string>
		</dict>
		<key>E457B41E1CF19E5300139C4C</key>
		<dict>
			<key>fileEncoding</key>
			<string>4</string>
			<key>isa</key>
			<string>PBXFileReference</string>
			<key>lastKnownFileType</key>
			<string>sourcecode.c.objc</string>
			<key>path</key>
			<string>ClassificationsTableViewController.m</string>
			<key>sourceTree</key>
			<string>&lt;group&gt;</string>
		</dict>
		<key>E457B41F1CF19E5300139C4C</key>
		<dict>
			<key>fileRef</key>
			<string>E457B41E1CF19E5300139C4C</string>
			<key>isa</key>
			<string>PBXBuildFile</string>
		</dict>
		<key>E457B4201CF19E5D00139C4C</key>
		<dict>
			<key>fileEncoding</key>
			<string>4</string>
			<key>isa</key>
			<string>PBXFileReference</string>
			<key>lastKnownFileType</key>
			<string>sourcecode.c.h</string>
			<key>path</key>
			<string>ShopsTableViewController.h</string>
			<key>sourceTree</key>
			<string>&lt;group&gt;</string>
		</dict>
		<key>E457B4211CF19E5D00139C4C</key>
		<dict>
			<key>fileEncoding</key>
			<string>4</string>
			<key>isa</key>
			<string>PBXFileReference</string>
			<key>lastKnownFileType</key>
			<string>sourcecode.c.objc</string>
			<key>path</key>
			<string>ShopsTableViewController.m</string>
			<key>sourceTree</key>
			<string>&lt;group&gt;</string>
		</dict>
		<key>E457B4221CF19E5D00139C4C</key>
		<dict>
			<key>fileRef</key>
			<string>E457B4211CF19E5D00139C4C</string>
			<key>isa</key>
			<string>PBXBuildFile</string>
		</dict>
		<key>E457B4231CF19E6700139C4C</key>
		<dict>
			<key>fileEncoding</key>
			<string>4</string>
			<key>isa</key>
			<string>PBXFileReference</string>
			<key>lastKnownFileType</key>
			<string>sourcecode.c.h</string>
			<key>path</key>
			<string>AccountsTableViewController.h</string>
			<key>sourceTree</key>
			<string>&lt;group&gt;</string>
		</dict>
		<key>E457B4241CF19E6700139C4C</key>
		<dict>
			<key>fileEncoding</key>
			<string>4</string>
			<key>isa</key>
			<string>PBXFileReference</string>
			<key>lastKnownFileType</key>
			<string>sourcecode.c.objc</string>
			<key>path</key>
			<string>AccountsTableViewController.m</string>
			<key>sourceTree</key>
			<string>&lt;group&gt;</string>
		</dict>
		<key>E457B4251CF19E6700139C4C</key>
		<dict>
			<key>fileRef</key>
			<string>E457B4241CF19E6700139C4C</string>
			<key>isa</key>
			<string>PBXBuildFile</string>
		</dict>
		<key>E457B4261CF1A22A00139C4C</key>
		<dict>
			<key>children</key>
			<array>
				<string>E457B42A1CF1A40100139C4C</string>
				<string>E457B42B1CF1A40100139C4C</string>
				<string>E457B42D1CF1A40D00139C4C</string>
				<string>E457B42E1CF1A40D00139C4C</string>
				<string>E457B4331CF1A42900139C4C</string>
				<string>E457B4341CF1A42900139C4C</string>
				<string>E457B4361CF1AA6E00139C4C</string>
				<string>E457B4371CF1AA6E00139C4C</string>
				<string>E457B4271CF1A26A00139C4C</string>
				<string>E457B4281CF1A26A00139C4C</string>
				<string>E457B4301CF1A41800139C4C</string>
				<string>E457B4311CF1A41800139C4C</string>
				<string>E4F1CB411CFB0B0C00461B3F</string>
				<string>E4F1CB421CFB0B0C00461B3F</string>
				<string>E4F1CB441CFB0B2D00461B3F</string>
				<string>E4F1CB451CFB0B2D00461B3F</string>
				<string>E4F60ACB1D0413FF006F5DF2</string>
				<string>E4F60ACC1D0413FF006F5DF2</string>
				<string>E4D6ED7D1D2678D200C16364</string>
				<string>E4D6ED7E1D2678D200C16364</string>
			</array>
			<key>isa</key>
			<string>PBXGroup</string>
			<key>name</key>
			<string>Dao</string>
			<key>sourceTree</key>
			<string>&lt;group&gt;</string>
		</dict>
		<key>E457B4271CF1A26A00139C4C</key>
		<dict>
			<key>fileEncoding</key>
			<string>4</string>
			<key>isa</key>
			<string>PBXFileReference</string>
			<key>lastKnownFileType</key>
			<string>sourcecode.c.h</string>
			<key>path</key>
			<string>DaoTemplate.h</string>
			<key>sourceTree</key>
			<string>&lt;group&gt;</string>
		</dict>
		<key>E457B4281CF1A26A00139C4C</key>
		<dict>
			<key>fileEncoding</key>
			<string>4</string>
			<key>isa</key>
			<string>PBXFileReference</string>
			<key>lastKnownFileType</key>
			<string>sourcecode.c.objc</string>
			<key>path</key>
			<string>DaoTemplate.m</string>
			<key>sourceTree</key>
			<string>&lt;group&gt;</string>
		</dict>
		<key>E457B4291CF1A26A00139C4C</key>
		<dict>
			<key>fileRef</key>
			<string>E457B4281CF1A26A00139C4C</string>
			<key>isa</key>
			<string>PBXBuildFile</string>
		</dict>
		<key>E457B42A1CF1A40100139C4C</key>
		<dict>
			<key>fileEncoding</key>
			<string>4</string>
			<key>isa</key>
			<string>PBXFileReference</string>
			<key>lastKnownFileType</key>
			<string>sourcecode.c.h</string>
			<key>path</key>
			<string>AccountBookDao.h</string>
			<key>sourceTree</key>
			<string>&lt;group&gt;</string>
		</dict>
		<key>E457B42B1CF1A40100139C4C</key>
		<dict>
			<key>fileEncoding</key>
			<string>4</string>
			<key>isa</key>
			<string>PBXFileReference</string>
			<key>lastKnownFileType</key>
			<string>sourcecode.c.objc</string>
			<key>path</key>
			<string>AccountBookDao.m</string>
			<key>sourceTree</key>
			<string>&lt;group&gt;</string>
		</dict>
		<key>E457B42C1CF1A40100139C4C</key>
		<dict>
			<key>fileRef</key>
			<string>E457B42B1CF1A40100139C4C</string>
			<key>isa</key>
			<string>PBXBuildFile</string>
		</dict>
		<key>E457B42D1CF1A40D00139C4C</key>
		<dict>
			<key>fileEncoding</key>
			<string>4</string>
			<key>isa</key>
			<string>PBXFileReference</string>
			<key>lastKnownFileType</key>
			<string>sourcecode.c.h</string>
			<key>path</key>
			<string>AccountDao.h</string>
			<key>sourceTree</key>
			<string>&lt;group&gt;</string>
		</dict>
		<key>E457B42E1CF1A40D00139C4C</key>
		<dict>
			<key>fileEncoding</key>
			<string>4</string>
			<key>isa</key>
			<string>PBXFileReference</string>
			<key>lastKnownFileType</key>
			<string>sourcecode.c.objc</string>
			<key>path</key>
			<string>AccountDao.m</string>
			<key>sourceTree</key>
			<string>&lt;group&gt;</string>
		</dict>
		<key>E457B42F1CF1A40D00139C4C</key>
		<dict>
			<key>fileRef</key>
			<string>E457B42E1CF1A40D00139C4C</string>
			<key>isa</key>
			<string>PBXBuildFile</string>
		</dict>
		<key>E457B4301CF1A41800139C4C</key>
		<dict>
			<key>fileEncoding</key>
			<string>4</string>
			<key>isa</key>
			<string>PBXFileReference</string>
			<key>lastKnownFileType</key>
			<string>sourcecode.c.h</string>
			<key>path</key>
			<string>ShopDao.h</string>
			<key>sourceTree</key>
			<string>&lt;group&gt;</string>
		</dict>
		<key>E457B4311CF1A41800139C4C</key>
		<dict>
			<key>fileEncoding</key>
			<string>4</string>
			<key>isa</key>
			<string>PBXFileReference</string>
			<key>lastKnownFileType</key>
			<string>sourcecode.c.objc</string>
			<key>path</key>
			<string>ShopDao.m</string>
			<key>sourceTree</key>
			<string>&lt;group&gt;</string>
		</dict>
		<key>E457B4321CF1A41800139C4C</key>
		<dict>
			<key>fileRef</key>
			<string>E457B4311CF1A41800139C4C</string>
			<key>isa</key>
			<string>PBXBuildFile</string>
		</dict>
		<key>E457B4331CF1A42900139C4C</key>
		<dict>
			<key>fileEncoding</key>
			<string>4</string>
			<key>isa</key>
			<string>PBXFileReference</string>
			<key>lastKnownFileType</key>
			<string>sourcecode.c.h</string>
			<key>path</key>
			<string>ClassificationDao.h</string>
			<key>sourceTree</key>
			<string>&lt;group&gt;</string>
		</dict>
		<key>E457B4341CF1A42900139C4C</key>
		<dict>
			<key>fileEncoding</key>
			<string>4</string>
			<key>isa</key>
			<string>PBXFileReference</string>
			<key>lastKnownFileType</key>
			<string>sourcecode.c.objc</string>
			<key>path</key>
			<string>ClassificationDao.m</string>
			<key>sourceTree</key>
			<string>&lt;group&gt;</string>
		</dict>
		<key>E457B4351CF1A42900139C4C</key>
		<dict>
			<key>fileRef</key>
			<string>E457B4341CF1A42900139C4C</string>
			<key>isa</key>
			<string>PBXBuildFile</string>
		</dict>
		<key>E457B4361CF1AA6E00139C4C</key>
		<dict>
			<key>fileEncoding</key>
			<string>4</string>
			<key>isa</key>
			<string>PBXFileReference</string>
			<key>lastKnownFileType</key>
			<string>sourcecode.c.h</string>
			<key>path</key>
			<string>DaoManager.h</string>
			<key>sourceTree</key>
			<string>&lt;group&gt;</string>
		</dict>
		<key>E457B4371CF1AA6E00139C4C</key>
		<dict>
			<key>fileEncoding</key>
			<string>4</string>
			<key>isa</key>
			<string>PBXFileReference</string>
			<key>lastKnownFileType</key>
			<string>sourcecode.c.objc</string>
			<key>path</key>
			<string>DaoManager.m</string>
			<key>sourceTree</key>
			<string>&lt;group&gt;</string>
		</dict>
		<key>E457B4381CF1AA6E00139C4C</key>
		<dict>
			<key>fileRef</key>
			<string>E457B4371CF1AA6E00139C4C</string>
			<key>isa</key>
			<string>PBXBuildFile</string>
		</dict>
		<key>E457B4391CF1AF3200139C4C</key>
		<dict>
			<key>fileEncoding</key>
			<string>4</string>
			<key>isa</key>
			<string>PBXFileReference</string>
			<key>lastKnownFileType</key>
			<string>sourcecode.c.h</string>
			<key>path</key>
			<string>AlertTool.h</string>
			<key>sourceTree</key>
			<string>&lt;group&gt;</string>
		</dict>
		<key>E457B43A1CF1AF3200139C4C</key>
		<dict>
			<key>fileEncoding</key>
			<string>4</string>
			<key>isa</key>
			<string>PBXFileReference</string>
			<key>lastKnownFileType</key>
			<string>sourcecode.c.objc</string>
			<key>path</key>
			<string>AlertTool.m</string>
			<key>sourceTree</key>
			<string>&lt;group&gt;</string>
		</dict>
		<key>E457B43B1CF1AF3200139C4C</key>
		<dict>
			<key>fileRef</key>
			<string>E457B43A1CF1AF3200139C4C</string>
			<key>isa</key>
			<string>PBXBuildFile</string>
		</dict>
		<key>E47C4F601CDF0456005F8836</key>
		<dict>
			<key>fileEncoding</key>
			<string>4</string>
			<key>isa</key>
			<string>PBXFileReference</string>
			<key>lastKnownFileType</key>
			<string>sourcecode.c.h</string>
			<key>path</key>
			<string>SynchronizationTableViewController.h</string>
			<key>sourceTree</key>
			<string>&lt;group&gt;</string>
		</dict>
		<key>E47C4F611CDF0456005F8836</key>
		<dict>
			<key>fileEncoding</key>
			<string>4</string>
			<key>isa</key>
			<string>PBXFileReference</string>
			<key>lastKnownFileType</key>
			<string>sourcecode.c.objc</string>
			<key>path</key>
			<string>SynchronizationTableViewController.m</string>
			<key>sourceTree</key>
			<string>&lt;group&gt;</string>
		</dict>
		<key>E47C4F621CDF0456005F8836</key>
		<dict>
			<key>fileRef</key>
			<string>E47C4F611CDF0456005F8836</string>
			<key>isa</key>
			<string>PBXBuildFile</string>
		</dict>
		<key>E48E2FA81CE846E000E727FD</key>
		<dict>
			<key>isa</key>
			<string>PBXFileReference</string>
			<key>lastKnownFileType</key>
			<string>image.jpeg</string>
			<key>path</key>
			<string>main_head.jpg</string>
			<key>sourceTree</key>
			<string>&lt;group&gt;</string>
		</dict>
		<key>E48E2FA91CE846E000E727FD</key>
		<dict>
			<key>fileRef</key>
			<string>E48E2FA81CE846E000E727FD</string>
			<key>isa</key>
			<string>PBXBuildFile</string>
		</dict>
		<key>E48E2FAA1CE84FA900E727FD</key>
		<dict>
			<key>fileEncoding</key>
			<string>4</string>
			<key>isa</key>
			<string>PBXFileReference</string>
			<key>lastKnownFileType</key>
			<string>sourcecode.c.h</string>
			<key>path</key>
			<string>EditAccountBookViewController.h</string>
			<key>sourceTree</key>
			<string>&lt;group&gt;</string>
		</dict>
		<key>E48E2FAB1CE84FA900E727FD</key>
		<dict>
			<key>fileEncoding</key>
			<string>4</string>
			<key>isa</key>
			<string>PBXFileReference</string>
			<key>lastKnownFileType</key>
			<string>sourcecode.c.objc</string>
			<key>path</key>
			<string>EditAccountBookViewController.m</string>
			<key>sourceTree</key>
			<string>&lt;group&gt;</string>
		</dict>
		<key>E48E2FAC1CE84FA900E727FD</key>
		<dict>
			<key>fileRef</key>
			<string>E48E2FAB1CE84FA900E727FD</string>
			<key>isa</key>
			<string>PBXBuildFile</string>
		</dict>
		<key>E497059D1CDF22B20092B164</key>
		<dict>
			<key>isa</key>
			<string>PBXFileReference</string>
			<key>lastKnownFileType</key>
			<string>folder.assetcatalog</string>
			<key>path</key>
			<string>Assets.xcassets</string>
			<key>sourceTree</key>
			<string>&lt;group&gt;</string>
		</dict>
		<key>E497059E1CDF22B20092B164</key>
		<dict>
			<key>fileRef</key>
			<string>E497059D1CDF22B20092B164</string>
			<key>isa</key>
			<string>PBXBuildFile</string>
		</dict>
		<key>E4B0FF481D0C22D1000F0421</key>
		<dict>
			<key>fileEncoding</key>
			<string>4</string>
			<key>isa</key>
			<string>PBXFileReference</string>
			<key>lastKnownFileType</key>
			<string>sourcecode.c.h</string>
			<key>path</key>
			<string>CBLIncrementalStore.h</string>
			<key>sourceTree</key>
			<string>&lt;group&gt;</string>
		</dict>
		<key>E4B0FF491D0C22D1000F0421</key>
		<dict>
			<key>fileEncoding</key>
			<string>4</string>
			<key>isa</key>
			<string>PBXFileReference</string>
			<key>lastKnownFileType</key>
			<string>sourcecode.c.objc</string>
			<key>path</key>
			<string>CBLIncrementalStore.m</string>
			<key>sourceTree</key>
			<string>&lt;group&gt;</string>
		</dict>
		<key>E4B0FF4A1D0C22D1000F0421</key>
		<dict>
			<key>fileRef</key>
			<string>E4B0FF491D0C22D1000F0421</string>
			<key>isa</key>
			<string>PBXBuildFile</string>
		</dict>
		<key>E4B0FF4B1D0C2446000F0421</key>
		<dict>
			<key>isa</key>
			<string>PBXFileReference</string>
			<key>lastKnownFileType</key>
			<string>sourcecode.text-based-dylib-definition</string>
			<key>name</key>
			<string>libsqlite3.tbd</string>
			<key>path</key>
			<string>usr/lib/libsqlite3.tbd</string>
			<key>sourceTree</key>
			<string>SDKROOT</string>
		</dict>
		<key>E4B0FF4C1D0C2446000F0421</key>
		<dict>
			<key>fileRef</key>
			<string>E4B0FF4B1D0C2446000F0421</string>
			<key>isa</key>
			<string>PBXBuildFile</string>
		</dict>
		<key>E4B0FF4D1D0C244D000F0421</key>
		<dict>
			<key>isa</key>
			<string>PBXFileReference</string>
			<key>lastKnownFileType</key>
			<string>sourcecode.text-based-dylib-definition</string>
			<key>name</key>
			<string>libz.tbd</string>
			<key>path</key>
			<string>usr/lib/libz.tbd</string>
			<key>sourceTree</key>
			<string>SDKROOT</string>
		</dict>
		<key>E4B0FF4E1D0C244D000F0421</key>
		<dict>
			<key>fileRef</key>
			<string>E4B0FF4D1D0C244D000F0421</string>
			<key>isa</key>
			<string>PBXBuildFile</string>
		</dict>
		<key>E4B0FF4F1D0C24C5000F0421</key>
		<dict>
			<key>isa</key>
			<string>PBXFileReference</string>
			<key>lastKnownFileType</key>
			<string>wrapper.framework</string>
			<key>name</key>
			<string>SystemConfiguration.framework</string>
			<key>path</key>
			<string>System/Library/Frameworks/SystemConfiguration.framework</string>
			<key>sourceTree</key>
			<string>SDKROOT</string>
		</dict>
		<key>E4B0FF501D0C24C5000F0421</key>
		<dict>
			<key>fileRef</key>
			<string>E4B0FF4F1D0C24C5000F0421</string>
			<key>isa</key>
			<string>PBXBuildFile</string>
		</dict>
		<key>E4B0FF511D0C24D4000F0421</key>
		<dict>
			<key>isa</key>
			<string>PBXFileReference</string>
			<key>lastKnownFileType</key>
			<string>wrapper.framework</string>
			<key>name</key>
			<string>Security.framework</string>
			<key>path</key>
			<string>System/Library/Frameworks/Security.framework</string>
			<key>sourceTree</key>
			<string>SDKROOT</string>
		</dict>
		<key>E4B0FF521D0C24D4000F0421</key>
		<dict>
			<key>fileRef</key>
			<string>E4B0FF511D0C24D4000F0421</string>
			<key>isa</key>
			<string>PBXBuildFile</string>
		</dict>
		<key>E4B0FF531D0C24E0000F0421</key>
		<dict>
			<key>isa</key>
			<string>PBXFileReference</string>
			<key>lastKnownFileType</key>
			<string>wrapper.framework</string>
			<key>name</key>
			<string>CFNetwork.framework</string>
			<key>path</key>
			<string>System/Library/Frameworks/CFNetwork.framework</string>
			<key>sourceTree</key>
			<string>SDKROOT</string>
		</dict>
		<key>E4B0FF541D0C24E0000F0421</key>
		<dict>
			<key>fileRef</key>
			<string>E4B0FF531D0C24E0000F0421</string>
			<key>isa</key>
			<string>PBXBuildFile</string>
		</dict>
		<key>E4D6ED771D2671D000C16364</key>
		<dict>
			<key>fileEncoding</key>
			<string>4</string>
			<key>isa</key>
			<string>PBXFileReference</string>
			<key>lastKnownFileType</key>
			<string>sourcecode.c.h</string>
			<key>path</key>
			<string>User+CoreDataProperties.h</string>
			<key>sourceTree</key>
			<string>&lt;group&gt;</string>
		</dict>
		<key>E4D6ED781D2671D000C16364</key>
		<dict>
			<key>fileEncoding</key>
			<string>4</string>
			<key>isa</key>
			<string>PBXFileReference</string>
			<key>lastKnownFileType</key>
			<string>sourcecode.c.objc</string>
			<key>path</key>
			<string>User+CoreDataProperties.m</string>
			<key>sourceTree</key>
			<string>&lt;group&gt;</string>
		</dict>
		<key>E4D6ED791D2671D000C16364</key>
		<dict>
			<key>fileEncoding</key>
			<string>4</string>
			<key>isa</key>
			<string>PBXFileReference</string>
			<key>lastKnownFileType</key>
			<string>sourcecode.c.h</string>
			<key>path</key>
			<string>User.h</string>
			<key>sourceTree</key>
			<string>&lt;group&gt;</string>
		</dict>
		<key>E4D6ED7A1D2671D000C16364</key>
		<dict>
			<key>fileEncoding</key>
			<string>4</string>
			<key>isa</key>
			<string>PBXFileReference</string>
			<key>lastKnownFileType</key>
			<string>sourcecode.c.objc</string>
			<key>path</key>
			<string>User.m</string>
			<key>sourceTree</key>
			<string>&lt;group&gt;</string>
		</dict>
		<key>E4D6ED7B1D2671D000C16364</key>
		<dict>
			<key>fileRef</key>
			<string>E4D6ED781D2671D000C16364</string>
			<key>isa</key>
			<string>PBXBuildFile</string>
		</dict>
		<key>E4D6ED7C1D2671D000C16364</key>
		<dict>
			<key>fileRef</key>
			<string>E4D6ED7A1D2671D000C16364</string>
			<key>isa</key>
			<string>PBXBuildFile</string>
		</dict>
		<key>E4D6ED7D1D2678D200C16364</key>
		<dict>
			<key>fileEncoding</key>
			<string>4</string>
			<key>isa</key>
			<string>PBXFileReference</string>
			<key>lastKnownFileType</key>
			<string>sourcecode.c.h</string>
			<key>path</key>
			<string>UserDao.h</string>
			<key>sourceTree</key>
			<string>&lt;group&gt;</string>
		</dict>
		<key>E4D6ED7E1D2678D200C16364</key>
		<dict>
			<key>fileEncoding</key>
			<string>4</string>
			<key>isa</key>
			<string>PBXFileReference</string>
			<key>lastKnownFileType</key>
			<string>sourcecode.c.objc</string>
			<key>path</key>
			<string>UserDao.m</string>
			<key>sourceTree</key>
			<string>&lt;group&gt;</string>
		</dict>
		<key>E4D6ED7F1D2678D200C16364</key>
		<dict>
			<key>fileRef</key>
			<string>E4D6ED7E1D2678D200C16364</string>
			<key>isa</key>
			<string>PBXBuildFile</string>
		</dict>
		<key>E4DE20221D0D6EFC00A80E65</key>
		<dict>
			<key>fileEncoding</key>
			<string>4</string>
			<key>isa</key>
			<string>PBXFileReference</string>
			<key>lastKnownFileType</key>
			<string>sourcecode.c.h</string>
			<key>path</key>
			<string>LoginViewController.h</string>
			<key>sourceTree</key>
			<string>&lt;group&gt;</string>
		</dict>
		<key>E4DE20231D0D6EFC00A80E65</key>
		<dict>
			<key>fileEncoding</key>
			<string>4</string>
			<key>isa</key>
			<string>PBXFileReference</string>
			<key>lastKnownFileType</key>
			<string>sourcecode.c.objc</string>
			<key>path</key>
			<string>LoginViewController.m</string>
			<key>sourceTree</key>
			<string>&lt;group&gt;</string>
		</dict>
		<key>E4DE20241D0D6EFC00A80E65</key>
		<dict>
			<key>fileRef</key>
			<string>E4DE20231D0D6EFC00A80E65</string>
			<key>isa</key>
			<string>PBXBuildFile</string>
		</dict>
		<key>E4E66F1F1D27E74D00969AB8</key>
		<dict>
			<key>fileEncoding</key>
			<string>4</string>
			<key>isa</key>
			<string>PBXFileReference</string>
			<key>lastKnownFileType</key>
			<string>sourcecode.c.h</string>
			<key>path</key>
			<string>ScanQRCodeViewController.h</string>
			<key>sourceTree</key>
			<string>&lt;group&gt;</string>
		</dict>
		<key>E4E66F201D27E74D00969AB8</key>
		<dict>
			<key>fileEncoding</key>
			<string>4</string>
			<key>isa</key>
			<string>PBXFileReference</string>
			<key>lastKnownFileType</key>
			<string>sourcecode.c.objc</string>
			<key>path</key>
			<string>ScanQRCodeViewController.m</string>
			<key>sourceTree</key>
			<string>&lt;group&gt;</string>
		</dict>
		<key>E4E66F211D27E74D00969AB8</key>
		<dict>
			<key>fileRef</key>
			<string>E4E66F201D27E74D00969AB8</string>
			<key>isa</key>
			<string>PBXBuildFile</string>
		</dict>
		<key>E4F1CB1F1CFAE4B800461B3F</key>
		<dict>
			<key>children</key>
			<array>
				<string>E4F1CB231CFAE58300461B3F</string>
				<string>E4F1CB241CFAE58400461B3F</string>
				<string>E4F1CB471CFB13BF00461B3F</string>
				<string>E4F1CB481CFB13BF00461B3F</string>
				<string>E4F1CB291CFAE5B900461B3F</string>
				<string>E4F1CB2A1CFAE5B900461B3F</string>
				<string>E4F60A911D03F036006F5DF2</string>
				<string>E4F60A921D03F036006F5DF2</string>
				<string>E4F60AD11D0448FF006F5DF2</string>
				<string>E4F60AD21D0448FF006F5DF2</string>
			</array>
			<key>isa</key>
			<string>PBXGroup</string>
			<key>name</key>
			<string>Record</string>
			<key>sourceTree</key>
			<string>&lt;group&gt;</string>
		</dict>
		<key>E4F1CB231CFAE58300461B3F</key>
		<dict>
			<key>fileEncoding</key>
			<string>4</string>
			<key>isa</key>
			<string>PBXFileReference</string>
			<key>lastKnownFileType</key>
			<string>sourcecode.c.h</string>
			<key>path</key>
			<string>AddRecordViewController.h</string>
			<key>sourceTree</key>
			<string>&lt;group&gt;</string>
		</dict>
		<key>E4F1CB241CFAE58400461B3F</key>
		<dict>
			<key>fileEncoding</key>
			<string>4</string>
			<key>isa</key>
			<string>PBXFileReference</string>
			<key>lastKnownFileType</key>
			<string>sourcecode.c.objc</string>
			<key>path</key>
			<string>AddRecordViewController.m</string>
			<key>sourceTree</key>
			<string>&lt;group&gt;</string>
		</dict>
		<key>E4F1CB251CFAE58400461B3F</key>
		<dict>
			<key>fileRef</key>
			<string>E4F1CB241CFAE58400461B3F</string>
			<key>isa</key>
			<string>PBXBuildFile</string>
		</dict>
		<key>E4F1CB291CFAE5B900461B3F</key>
		<dict>
			<key>fileEncoding</key>
			<string>4</string>
			<key>isa</key>
			<string>PBXFileReference</string>
			<key>lastKnownFileType</key>
			<string>sourcecode.c.h</string>
			<key>path</key>
			<string>SelectRecordItemTableViewController.h</string>
			<key>sourceTree</key>
			<string>&lt;group&gt;</string>
		</dict>
		<key>E4F1CB2A1CFAE5B900461B3F</key>
		<dict>
			<key>fileEncoding</key>
			<string>4</string>
			<key>isa</key>
			<string>PBXFileReference</string>
			<key>lastKnownFileType</key>
			<string>sourcecode.c.objc</string>
			<key>path</key>
			<string>SelectRecordItemTableViewController.m</string>
			<key>sourceTree</key>
			<string>&lt;group&gt;</string>
		</dict>
		<key>E4F1CB2B1CFAE5B900461B3F</key>
		<dict>
			<key>fileRef</key>
			<string>E4F1CB2A1CFAE5B900461B3F</string>
			<key>isa</key>
			<string>PBXBuildFile</string>
		</dict>
		<key>E4F1CB2C1CFAF28500461B3F</key>
		<dict>
			<key>children</key>
			<array>
				<string>E4B0FF481D0C22D1000F0421</string>
				<string>E4B0FF491D0C22D1000F0421</string>
				<string>E457B4391CF1AF3200139C4C</string>
				<string>E457B43A1CF1AF3200139C4C</string>
				<string>E4F1CB301CFAF2D100461B3F</string>
				<string>E4F1CB311CFAF2D100461B3F</string>
				<string>E4F1CB4A1CFB167200461B3F</string>
				<string>E4F1CB4B1CFB167200461B3F</string>
			</array>
			<key>isa</key>
			<string>PBXGroup</string>
			<key>name</key>
			<string>Support</string>
			<key>sourceTree</key>
			<string>&lt;group&gt;</string>
		</dict>
		<key>E4F1CB301CFAF2D100461B3F</key>
		<dict>
			<key>fileEncoding</key>
			<string>4</string>
			<key>isa</key>
			<string>PBXFileReference</string>
			<key>lastKnownFileType</key>
			<string>sourcecode.c.h</string>
			<key>path</key>
			<string>DateSelectorView.h</string>
			<key>sourceTree</key>
			<string>&lt;group&gt;</string>
		</dict>
		<key>E4F1CB311CFAF2D100461B3F</key>
		<dict>
			<key>fileEncoding</key>
			<string>4</string>
			<key>isa</key>
			<string>PBXFileReference</string>
			<key>lastKnownFileType</key>
			<string>sourcecode.c.objc</string>
			<key>path</key>
			<string>DateSelectorView.m</string>
			<key>sourceTree</key>
			<string>&lt;group&gt;</string>
		</dict>
		<key>E4F1CB321CFAF2D100461B3F</key>
		<dict>
			<key>fileRef</key>
			<string>E4F1CB311CFAF2D100461B3F</string>
			<key>isa</key>
			<string>PBXBuildFile</string>
		</dict>
		<key>E4F1CB331CFAFCF500461B3F</key>
		<dict>
			<key>isa</key>
			<string>PBXFileReference</string>
			<key>lastKnownFileType</key>
			<string>wrapper.framework</string>
			<key>name</key>
			<string>MobileCoreServices.framework</string>
			<key>path</key>
			<string>System/Library/Frameworks/MobileCoreServices.framework</string>
			<key>sourceTree</key>
			<string>SDKROOT</string>
		</dict>
		<key>E4F1CB411CFB0B0C00461B3F</key>
		<dict>
			<key>fileEncoding</key>
			<string>4</string>
			<key>isa</key>
			<string>PBXFileReference</string>
			<key>lastKnownFileType</key>
			<string>sourcecode.c.h</string>
			<key>path</key>
			<string>RecordDao.h</string>
			<key>sourceTree</key>
			<string>&lt;group&gt;</string>
		</dict>
		<key>E4F1CB421CFB0B0C00461B3F</key>
		<dict>
			<key>fileEncoding</key>
			<string>4</string>
			<key>isa</key>
			<string>PBXFileReference</string>
			<key>lastKnownFileType</key>
			<string>sourcecode.c.objc</string>
			<key>path</key>
			<string>RecordDao.m</string>
			<key>sourceTree</key>
			<string>&lt;group&gt;</string>
		</dict>
		<key>E4F1CB431CFB0B0C00461B3F</key>
		<dict>
			<key>fileRef</key>
			<string>E4F1CB421CFB0B0C00461B3F</string>
			<key>isa</key>
			<string>PBXBuildFile</string>
		</dict>
		<key>E4F1CB441CFB0B2D00461B3F</key>
		<dict>
			<key>fileEncoding</key>
			<string>4</string>
			<key>isa</key>
			<string>PBXFileReference</string>
			<key>lastKnownFileType</key>
			<string>sourcecode.c.h</string>
			<key>path</key>
			<string>PhotoDao.h</string>
			<key>sourceTree</key>
			<string>&lt;group&gt;</string>
		</dict>
		<key>E4F1CB451CFB0B2D00461B3F</key>
		<dict>
			<key>fileEncoding</key>
			<string>4</string>
			<key>isa</key>
			<string>PBXFileReference</string>
			<key>lastKnownFileType</key>
			<string>sourcecode.c.objc</string>
			<key>path</key>
			<string>PhotoDao.m</string>
			<key>sourceTree</key>
			<string>&lt;group&gt;</string>
		</dict>
		<key>E4F1CB461CFB0B2D00461B3F</key>
		<dict>
			<key>fileRef</key>
			<string>E4F1CB451CFB0B2D00461B3F</string>
			<key>isa</key>
			<string>PBXBuildFile</string>
		</dict>
		<key>E4F1CB471CFB13BF00461B3F</key>
		<dict>
			<key>fileEncoding</key>
			<string>4</string>
			<key>isa</key>
			<string>PBXFileReference</string>
			<key>lastKnownFileType</key>
			<string>sourcecode.c.h</string>
			<key>path</key>
			<string>RecordsTableViewController.h</string>
			<key>sourceTree</key>
			<string>&lt;group&gt;</string>
		</dict>
		<key>E4F1CB481CFB13BF00461B3F</key>
		<dict>
			<key>fileEncoding</key>
			<string>4</string>
			<key>isa</key>
			<string>PBXFileReference</string>
			<key>lastKnownFileType</key>
			<string>sourcecode.c.objc</string>
			<key>path</key>
			<string>RecordsTableViewController.m</string>
			<key>sourceTree</key>
			<string>&lt;group&gt;</string>
		</dict>
		<key>E4F1CB491CFB13BF00461B3F</key>
		<dict>
			<key>fileRef</key>
			<string>E4F1CB481CFB13BF00461B3F</string>
			<key>isa</key>
			<string>PBXBuildFile</string>
		</dict>
		<key>E4F1CB4A1CFB167200461B3F</key>
		<dict>
			<key>fileEncoding</key>
			<string>4</string>
			<key>isa</key>
			<string>PBXFileReference</string>
			<key>lastKnownFileType</key>
			<string>sourcecode.c.h</string>
			<key>path</key>
			<string>DateTool.h</string>
			<key>sourceTree</key>
			<string>&lt;group&gt;</string>
		</dict>
		<key>E4F1CB4B1CFB167200461B3F</key>
		<dict>
			<key>fileEncoding</key>
			<string>4</string>
			<key>isa</key>
			<string>PBXFileReference</string>
			<key>lastKnownFileType</key>
			<string>sourcecode.c.objc</string>
			<key>path</key>
			<string>DateTool.m</string>
			<key>sourceTree</key>
			<string>&lt;group&gt;</string>
		</dict>
		<key>E4F1CB4C1CFB167200461B3F</key>
		<dict>
			<key>fileRef</key>
			<string>E4F1CB4B1CFB167200461B3F</string>
			<key>isa</key>
			<string>PBXBuildFile</string>
		</dict>
		<key>E4F60A911D03F036006F5DF2</key>
		<dict>
			<key>fileEncoding</key>
			<string>4</string>
			<key>isa</key>
			<string>PBXFileReference</string>
			<key>lastKnownFileType</key>
			<string>sourcecode.c.h</string>
			<key>path</key>
			<string>EditRecordViewController.h</string>
			<key>sourceTree</key>
			<string>&lt;group&gt;</string>
		</dict>
		<key>E4F60A921D03F036006F5DF2</key>
		<dict>
			<key>fileEncoding</key>
			<string>4</string>
			<key>isa</key>
			<string>PBXFileReference</string>
			<key>lastKnownFileType</key>
			<string>sourcecode.c.objc</string>
			<key>path</key>
			<string>EditRecordViewController.m</string>
			<key>sourceTree</key>
			<string>&lt;group&gt;</string>
		</dict>
		<key>E4F60A931D03F036006F5DF2</key>
		<dict>
			<key>fileRef</key>
			<string>E4F60A921D03F036006F5DF2</string>
			<key>isa</key>
			<string>PBXBuildFile</string>
		</dict>
		<key>E4F60A941D040C05006F5DF2</key>
		<dict>
			<key>fileEncoding</key>
			<string>4</string>
			<key>isa</key>
			<string>PBXFileReference</string>
			<key>lastKnownFileType</key>
			<string>sourcecode.c.h</string>
			<key>path</key>
			<string>AddTemplateViewController.h</string>
			<key>sourceTree</key>
			<string>&lt;group&gt;</string>
		</dict>
		<key>E4F60A951D040C05006F5DF2</key>
		<dict>
			<key>fileEncoding</key>
			<string>4</string>
			<key>isa</key>
			<string>PBXFileReference</string>
			<key>lastKnownFileType</key>
			<string>sourcecode.c.objc</string>
			<key>path</key>
			<string>AddTemplateViewController.m</string>
			<key>sourceTree</key>
			<string>&lt;group&gt;</string>
		</dict>
		<key>E4F60A961D040C05006F5DF2</key>
		<dict>
			<key>fileRef</key>
			<string>E4F60A951D040C05006F5DF2</string>
			<key>isa</key>
			<string>PBXBuildFile</string>
		</dict>
		<key>E4F60A971D040C1B006F5DF2</key>
		<dict>
			<key>fileEncoding</key>
			<string>4</string>
			<key>isa</key>
			<string>PBXFileReference</string>
			<key>lastKnownFileType</key>
			<string>sourcecode.c.h</string>
			<key>path</key>
			<string>TemplatesTableViewController.h</string>
			<key>sourceTree</key>
			<string>&lt;group&gt;</string>
		</dict>
		<key>E4F60A981D040C1B006F5DF2</key>
		<dict>
			<key>fileEncoding</key>
			<string>4</string>
			<key>isa</key>
			<string>PBXFileReference</string>
			<key>lastKnownFileType</key>
			<string>sourcecode.c.objc</string>
			<key>path</key>
			<string>TemplatesTableViewController.m</string>
			<key>sourceTree</key>
			<string>&lt;group&gt;</string>
		</dict>
		<key>E4F60A991D040C1B006F5DF2</key>
		<dict>
			<key>fileRef</key>
			<string>E4F60A981D040C1B006F5DF2</string>
			<key>isa</key>
			<string>PBXBuildFile</string>
		</dict>
		<key>E4F60A9A1D0411EF006F5DF2</key>
		<dict>
			<key>children</key>
			<array>
				<string>E4F60AA01D041235006F5DF2</string>
				<string>E4F60AA11D041235006F5DF2</string>
				<string>E4F60AA31D041235006F5DF2</string>
				<string>E4F60AA41D041235006F5DF2</string>
				<string>E4F60AA61D041235006F5DF2</string>
				<string>E4F60AA81D041235006F5DF2</string>
				<string>E4F60AAA1D041235006F5DF2</string>
				<string>E4F60AAC1D041235006F5DF2</string>
				<string>E4F60AAE1D041235006F5DF2</string>
				<string>E4F60AB01D041235006F5DF2</string>
				<string>E4F60AB21D041235006F5DF2</string>
				<string>E4F60AB41D041235006F5DF2</string>
				<string>E4F60A9B1D04121F006F5DF2</string>
				<string>E4F60A9E1D041235006F5DF2</string>
				<string>E4F60A9F1D041235006F5DF2</string>
				<string>E4F60AA21D041235006F5DF2</string>
				<string>E4F60AA51D041235006F5DF2</string>
				<string>E4F60AA71D041235006F5DF2</string>
				<string>E4F60AA91D041235006F5DF2</string>
				<string>E4F60AAB1D041235006F5DF2</string>
				<string>E4F60AAD1D041235006F5DF2</string>
				<string>E4F60AAF1D041235006F5DF2</string>
				<string>E4F60AB11D041235006F5DF2</string>
				<string>E4F60AB31D041235006F5DF2</string>
				<string>E4F60AB51D041235006F5DF2</string>
				<string>E4F60AC71D0413BA006F5DF2</string>
				<string>E4F60AC81D0413BA006F5DF2</string>
				<string>E4F60AC51D0413BA006F5DF2</string>
				<string>E4F60AC61D0413BA006F5DF2</string>
				<string>E4D6ED791D2671D000C16364</string>
				<string>E4D6ED7A1D2671D000C16364</string>
				<string>E4D6ED771D2671D000C16364</string>
				<string>E4D6ED781D2671D000C16364</string>
			</array>
			<key>isa</key>
			<string>PBXGroup</string>
			<key>name</key>
			<string>Model</string>
			<key>sourceTree</key>
			<string>&lt;group&gt;</string>
		</dict>
		<key>E4F60A9B1D04121F006F5DF2</key>
		<dict>
			<key>children</key>
			<array>
				<string>E4F60A9C1D04121F006F5DF2</string>
			</array>
			<key>currentVersion</key>
			<string>E4F60A9C1D04121F006F5DF2</string>
			<key>isa</key>
			<string>XCVersionGroup</string>
			<key>path</key>
			<string>Model.xcdatamodeld</string>
			<key>sourceTree</key>
			<string>&lt;group&gt;</string>
			<key>versionGroupType</key>
			<string>wrapper.xcdatamodel</string>
		</dict>
		<key>E4F60A9C1D04121F006F5DF2</key>
		<dict>
			<key>isa</key>
			<string>PBXFileReference</string>
			<key>lastKnownFileType</key>
			<string>wrapper.xcdatamodel</string>
			<key>path</key>
			<string>Model.xcdatamodel</string>
			<key>sourceTree</key>
			<string>&lt;group&gt;</string>
		</dict>
		<key>E4F60A9D1D04121F006F5DF2</key>
		<dict>
			<key>fileRef</key>
			<string>E4F60A9B1D04121F006F5DF2</string>
			<key>isa</key>
			<string>PBXBuildFile</string>
		</dict>
		<key>E4F60A9E1D041235006F5DF2</key>
		<dict>
			<key>fileEncoding</key>
			<string>4</string>
			<key>isa</key>
			<string>PBXFileReference</string>
			<key>lastKnownFileType</key>
			<string>sourcecode.c.h</string>
			<key>path</key>
			<string>Photo.h</string>
			<key>sourceTree</key>
			<string>&lt;group&gt;</string>
		</dict>
		<key>E4F60A9F1D041235006F5DF2</key>
		<dict>
			<key>fileEncoding</key>
			<string>4</string>
			<key>isa</key>
			<string>PBXFileReference</string>
			<key>lastKnownFileType</key>
			<string>sourcecode.c.objc</string>
			<key>path</key>
			<string>Photo.m</string>
			<key>sourceTree</key>
			<string>&lt;group&gt;</string>
		</dict>
		<key>E4F60AA01D041235006F5DF2</key>
		<dict>
			<key>fileEncoding</key>
			<string>4</string>
			<key>isa</key>
			<string>PBXFileReference</string>
			<key>lastKnownFileType</key>
			<string>sourcecode.c.h</string>
			<key>path</key>
			<string>Account.h</string>
			<key>sourceTree</key>
			<string>&lt;group&gt;</string>
		</dict>
		<key>E4F60AA11D041235006F5DF2</key>
		<dict>
			<key>fileEncoding</key>
			<string>4</string>
			<key>isa</key>
			<string>PBXFileReference</string>
			<key>lastKnownFileType</key>
			<string>sourcecode.c.objc</string>
			<key>path</key>
			<string>Account.m</string>
			<key>sourceTree</key>
			<string>&lt;group&gt;</string>
		</dict>
		<key>E4F60AA21D041235006F5DF2</key>
		<dict>
			<key>fileEncoding</key>
			<string>4</string>
			<key>isa</key>
			<string>PBXFileReference</string>
			<key>lastKnownFileType</key>
			<string>sourcecode.c.h</string>
			<key>path</key>
			<string>Photo+CoreDataProperties.h</string>
			<key>sourceTree</key>
			<string>&lt;group&gt;</string>
		</dict>
		<key>E4F60AA31D041235006F5DF2</key>
		<dict>
			<key>fileEncoding</key>
			<string>4</string>
			<key>isa</key>
			<string>PBXFileReference</string>
			<key>lastKnownFileType</key>
			<string>sourcecode.c.h</string>
			<key>path</key>
			<string>Account+CoreDataProperties.h</string>
			<key>sourceTree</key>
			<string>&lt;group&gt;</string>
		</dict>
		<key>E4F60AA41D041235006F5DF2</key>
		<dict>
			<key>fileEncoding</key>
			<string>4</string>
			<key>isa</key>
			<string>PBXFileReference</string>
			<key>lastKnownFileType</key>
			<string>sourcecode.c.objc</string>
			<key>path</key>
			<string>Account+CoreDataProperties.m</string>
			<key>sourceTree</key>
			<string>&lt;group&gt;</string>
		</dict>
		<key>E4F60AA51D041235006F5DF2</key>
		<dict>
			<key>fileEncoding</key>
			<string>4</string>
			<key>isa</key>
			<string>PBXFileReference</string>
			<key>lastKnownFileType</key>
			<string>sourcecode.c.objc</string>
			<key>path</key>
			<string>Photo+CoreDataProperties.m</string>
			<key>sourceTree</key>
			<string>&lt;group&gt;</string>
		</dict>
		<key>E4F60AA61D041235006F5DF2</key>
		<dict>
			<key>fileEncoding</key>
			<string>4</string>
			<key>isa</key>
			<string>PBXFileReference</string>
			<key>lastKnownFileType</key>
			<string>sourcecode.c.h</string>
			<key>path</key>
			<string>AccountBook.h</string>
			<key>sourceTree</key>
			<string>&lt;group&gt;</string>
		</dict>
		<key>E4F60AA71D041235006F5DF2</key>
		<dict>
			<key>fileEncoding</key>
			<string>4</string>
			<key>isa</key>
			<string>PBXFileReference</string>
			<key>lastKnownFileType</key>
			<string>sourcecode.c.h</string>
			<key>path</key>
			<string>Record.h</string>
			<key>sourceTree</key>
			<string>&lt;group&gt;</string>
		</dict>
		<key>E4F60AA81D041235006F5DF2</key>
		<dict>
			<key>fileEncoding</key>
			<string>4</string>
			<key>isa</key>
			<string>PBXFileReference</string>
			<key>lastKnownFileType</key>
			<string>sourcecode.c.objc</string>
			<key>path</key>
			<string>AccountBook.m</string>
			<key>sourceTree</key>
			<string>&lt;group&gt;</string>
		</dict>
		<key>E4F60AA91D041235006F5DF2</key>
		<dict>
			<key>fileEncoding</key>
			<string>4</string>
			<key>isa</key>
			<string>PBXFileReference</string>
			<key>lastKnownFileType</key>
			<string>sourcecode.c.objc</string>
			<key>path</key>
			<string>Record.m</string>
			<key>sourceTree</key>
			<string>&lt;group&gt;</string>
		</dict>
		<key>E4F60AAA1D041235006F5DF2</key>
		<dict>
			<key>fileEncoding</key>
			<string>4</string>
			<key>isa</key>
			<string>PBXFileReference</string>
			<key>lastKnownFileType</key>
			<string>sourcecode.c.h</string>
			<key>path</key>
			<string>AccountBook+CoreDataProperties.h</string>
			<key>sourceTree</key>
			<string>&lt;group&gt;</string>
		</dict>
		<key>E4F60AAB1D041235006F5DF2</key>
		<dict>
			<key>fileEncoding</key>
			<string>4</string>
			<key>isa</key>
			<string>PBXFileReference</string>
			<key>lastKnownFileType</key>
			<string>sourcecode.c.h</string>
			<key>path</key>
			<string>Record+CoreDataProperties.h</string>
			<key>sourceTree</key>
			<string>&lt;group&gt;</string>
		</dict>
		<key>E4F60AAC1D041235006F5DF2</key>
		<dict>
			<key>fileEncoding</key>
			<string>4</string>
			<key>isa</key>
			<string>PBXFileReference</string>
			<key>lastKnownFileType</key>
			<string>sourcecode.c.objc</string>
			<key>path</key>
			<string>AccountBook+CoreDataProperties.m</string>
			<key>sourceTree</key>
			<string>&lt;group&gt;</string>
		</dict>
		<key>E4F60AAD1D041235006F5DF2</key>
		<dict>
			<key>fileEncoding</key>
			<string>4</string>
			<key>isa</key>
			<string>PBXFileReference</string>
			<key>lastKnownFileType</key>
			<string>sourcecode.c.objc</string>
			<key>path</key>
			<string>Record+CoreDataProperties.m</string>
			<key>sourceTree</key>
			<string>&lt;group&gt;</string>
		</dict>
		<key>E4F60AAE1D041235006F5DF2</key>
		<dict>
			<key>fileEncoding</key>
			<string>4</string>
			<key>isa</key>
			<string>PBXFileReference</string>
			<key>lastKnownFileType</key>
			<string>sourcecode.c.h</string>
			<key>path</key>
			<string>Classification.h</string>
			<key>sourceTree</key>
			<string>&lt;group&gt;</string>
		</dict>
		<key>E4F60AAF1D041235006F5DF2</key>
		<dict>
			<key>fileEncoding</key>
			<string>4</string>
			<key>isa</key>
			<string>PBXFileReference</string>
			<key>lastKnownFileType</key>
			<string>sourcecode.c.h</string>
			<key>path</key>
			<string>Shop.h</string>
			<key>sourceTree</key>
			<string>&lt;group&gt;</string>
		</dict>
		<key>E4F60AB01D041235006F5DF2</key>
		<dict>
			<key>fileEncoding</key>
			<string>4</string>
			<key>isa</key>
			<string>PBXFileReference</string>
			<key>lastKnownFileType</key>
			<string>sourcecode.c.objc</string>
			<key>path</key>
			<string>Classification.m</string>
			<key>sourceTree</key>
			<string>&lt;group&gt;</string>
		</dict>
		<key>E4F60AB11D041235006F5DF2</key>
		<dict>
			<key>fileEncoding</key>
			<string>4</string>
			<key>isa</key>
			<string>PBXFileReference</string>
			<key>lastKnownFileType</key>
			<string>sourcecode.c.objc</string>
			<key>path</key>
			<string>Shop.m</string>
			<key>sourceTree</key>
			<string>&lt;group&gt;</string>
		</dict>
		<key>E4F60AB21D041235006F5DF2</key>
		<dict>
			<key>fileEncoding</key>
			<string>4</string>
			<key>isa</key>
			<string>PBXFileReference</string>
			<key>lastKnownFileType</key>
			<string>sourcecode.c.h</string>
			<key>path</key>
			<string>Classification+CoreDataProperties.h</string>
			<key>sourceTree</key>
			<string>&lt;group&gt;</string>
		</dict>
		<key>E4F60AB31D041235006F5DF2</key>
		<dict>
			<key>fileEncoding</key>
			<string>4</string>
			<key>isa</key>
			<string>PBXFileReference</string>
			<key>lastKnownFileType</key>
			<string>sourcecode.c.h</string>
			<key>path</key>
			<string>Shop+CoreDataProperties.h</string>
			<key>sourceTree</key>
			<string>&lt;group&gt;</string>
		</dict>
		<key>E4F60AB41D041235006F5DF2</key>
		<dict>
			<key>fileEncoding</key>
			<string>4</string>
			<key>isa</key>
			<string>PBXFileReference</string>
			<key>lastKnownFileType</key>
			<string>sourcecode.c.objc</string>
			<key>path</key>
			<string>Classification+CoreDataProperties.m</string>
			<key>sourceTree</key>
			<string>&lt;group&gt;</string>
		</dict>
		<key>E4F60AB51D041235006F5DF2</key>
		<dict>
			<key>fileEncoding</key>
			<string>4</string>
			<key>isa</key>
			<string>PBXFileReference</string>
			<key>lastKnownFileType</key>
			<string>sourcecode.c.objc</string>
			<key>path</key>
			<string>Shop+CoreDataProperties.m</string>
			<key>sourceTree</key>
			<string>&lt;group&gt;</string>
		</dict>
		<key>E4F60AB61D041235006F5DF2</key>
		<dict>
			<key>fileRef</key>
			<string>E4F60A9F1D041235006F5DF2</string>
			<key>isa</key>
			<string>PBXBuildFile</string>
		</dict>
		<key>E4F60AB71D041235006F5DF2</key>
		<dict>
			<key>fileRef</key>
			<string>E4F60AA11D041235006F5DF2</string>
			<key>isa</key>
			<string>PBXBuildFile</string>
		</dict>
		<key>E4F60AB81D041235006F5DF2</key>
		<dict>
			<key>fileRef</key>
			<string>E4F60AA41D041235006F5DF2</string>
			<key>isa</key>
			<string>PBXBuildFile</string>
		</dict>
		<key>E4F60AB91D041235006F5DF2</key>
		<dict>
			<key>fileRef</key>
			<string>E4F60AA51D041235006F5DF2</string>
			<key>isa</key>
			<string>PBXBuildFile</string>
		</dict>
		<key>E4F60ABA1D041235006F5DF2</key>
		<dict>
			<key>fileRef</key>
			<string>E4F60AA81D041235006F5DF2</string>
			<key>isa</key>
			<string>PBXBuildFile</string>
		</dict>
		<key>E4F60ABB1D041235006F5DF2</key>
		<dict>
			<key>fileRef</key>
			<string>E4F60AA91D041235006F5DF2</string>
			<key>isa</key>
			<string>PBXBuildFile</string>
		</dict>
		<key>E4F60ABC1D041235006F5DF2</key>
		<dict>
			<key>fileRef</key>
			<string>E4F60AAC1D041235006F5DF2</string>
			<key>isa</key>
			<string>PBXBuildFile</string>
		</dict>
		<key>E4F60ABD1D041235006F5DF2</key>
		<dict>
			<key>fileRef</key>
			<string>E4F60AAD1D041235006F5DF2</string>
			<key>isa</key>
			<string>PBXBuildFile</string>
		</dict>
		<key>E4F60ABE1D041235006F5DF2</key>
		<dict>
			<key>fileRef</key>
			<string>E4F60AB01D041235006F5DF2</string>
			<key>isa</key>
			<string>PBXBuildFile</string>
		</dict>
		<key>E4F60ABF1D041235006F5DF2</key>
		<dict>
			<key>fileRef</key>
			<string>E4F60AB11D041235006F5DF2</string>
			<key>isa</key>
			<string>PBXBuildFile</string>
		</dict>
		<key>E4F60AC01D041235006F5DF2</key>
		<dict>
			<key>fileRef</key>
			<string>E4F60AB41D041235006F5DF2</string>
			<key>isa</key>
			<string>PBXBuildFile</string>
		</dict>
		<key>E4F60AC11D041235006F5DF2</key>
		<dict>
			<key>fileRef</key>
			<string>E4F60AB51D041235006F5DF2</string>
			<key>isa</key>
			<string>PBXBuildFile</string>
		</dict>
		<key>E4F60AC51D0413BA006F5DF2</key>
		<dict>
			<key>fileEncoding</key>
			<string>4</string>
			<key>isa</key>
			<string>PBXFileReference</string>
			<key>lastKnownFileType</key>
			<string>sourcecode.c.h</string>
			<key>path</key>
			<string>Template+CoreDataProperties.h</string>
			<key>sourceTree</key>
			<string>&lt;group&gt;</string>
		</dict>
		<key>E4F60AC61D0413BA006F5DF2</key>
		<dict>
			<key>fileEncoding</key>
			<string>4</string>
			<key>isa</key>
			<string>PBXFileReference</string>
			<key>lastKnownFileType</key>
			<string>sourcecode.c.objc</string>
			<key>path</key>
			<string>Template+CoreDataProperties.m</string>
			<key>sourceTree</key>
			<string>&lt;group&gt;</string>
		</dict>
		<key>E4F60AC71D0413BA006F5DF2</key>
		<dict>
			<key>fileEncoding</key>
			<string>4</string>
			<key>isa</key>
			<string>PBXFileReference</string>
			<key>lastKnownFileType</key>
			<string>sourcecode.c.h</string>
			<key>path</key>
			<string>Template.h</string>
			<key>sourceTree</key>
			<string>&lt;group&gt;</string>
		</dict>
		<key>E4F60AC81D0413BA006F5DF2</key>
		<dict>
			<key>fileEncoding</key>
			<string>4</string>
			<key>isa</key>
			<string>PBXFileReference</string>
			<key>lastKnownFileType</key>
			<string>sourcecode.c.objc</string>
			<key>path</key>
			<string>Template.m</string>
			<key>sourceTree</key>
			<string>&lt;group&gt;</string>
		</dict>
		<key>E4F60AC91D0413BA006F5DF2</key>
		<dict>
			<key>fileRef</key>
			<string>E4F60AC61D0413BA006F5DF2</string>
			<key>isa</key>
			<string>PBXBuildFile</string>
		</dict>
		<key>E4F60ACA1D0413BA006F5DF2</key>
		<dict>
			<key>fileRef</key>
			<string>E4F60AC81D0413BA006F5DF2</string>
			<key>isa</key>
			<string>PBXBuildFile</string>
		</dict>
		<key>E4F60ACB1D0413FF006F5DF2</key>
		<dict>
			<key>fileEncoding</key>
			<string>4</string>
			<key>isa</key>
			<string>PBXFileReference</string>
			<key>lastKnownFileType</key>
			<string>sourcecode.c.h</string>
			<key>path</key>
			<string>TemplateDao.h</string>
			<key>sourceTree</key>
			<string>&lt;group&gt;</string>
		</dict>
		<key>E4F60ACC1D0413FF006F5DF2</key>
		<dict>
			<key>fileEncoding</key>
			<string>4</string>
			<key>isa</key>
			<string>PBXFileReference</string>
			<key>lastKnownFileType</key>
			<string>sourcecode.c.objc</string>
			<key>path</key>
			<string>TemplateDao.m</string>
			<key>sourceTree</key>
			<string>&lt;group&gt;</string>
		</dict>
		<key>E4F60ACD1D0413FF006F5DF2</key>
		<dict>
			<key>fileRef</key>
			<string>E4F60ACC1D0413FF006F5DF2</string>
			<key>isa</key>
			<string>PBXBuildFile</string>
		</dict>
		<key>E4F60AD11D0448FF006F5DF2</key>
		<dict>
			<key>fileEncoding</key>
			<string>4</string>
			<key>isa</key>
			<string>PBXFileReference</string>
			<key>lastKnownFileType</key>
			<string>sourcecode.c.h</string>
			<key>path</key>
			<string>PhotoViewController.h</string>
			<key>sourceTree</key>
			<string>&lt;group&gt;</string>
		</dict>
		<key>E4F60AD21D0448FF006F5DF2</key>
		<dict>
			<key>fileEncoding</key>
			<string>4</string>
			<key>isa</key>
			<string>PBXFileReference</string>
			<key>lastKnownFileType</key>
			<string>sourcecode.c.objc</string>
			<key>path</key>
			<string>PhotoViewController.m</string>
			<key>sourceTree</key>
			<string>&lt;group&gt;</string>
		</dict>
		<key>E4F60AD31D0448FF006F5DF2</key>
		<dict>
			<key>fileRef</key>
			<string>E4F60AD21D0448FF006F5DF2</string>
			<key>isa</key>
			<string>PBXBuildFile</string>
		</dict>
		<key>E5EAF9E4BADEAF2A75A9AED0</key>
		<dict>
			<key>buildActionMask</key>
			<string>2147483647</string>
			<key>files</key>
			<array/>
			<key>inputPaths</key>
			<array/>
			<key>isa</key>
			<string>PBXShellScriptBuildPhase</string>
			<key>name</key>
			<string>Copy Pods Resources</string>
			<key>outputPaths</key>
			<array/>
			<key>runOnlyForDeploymentPostprocessing</key>
			<string>0</string>
			<key>shellPath</key>
			<string>/bin/sh</string>
			<key>shellScript</key>
			<string>"${SRCROOT}/Pods/Target Support Files/Pods/Pods-resources.sh"
</string>
			<key>showEnvVarsInLog</key>
			<string>0</string>
		</dict>
		<key>F750F5E403ADEA24A47D5E8A</key>
		<dict>
			<key>buildActionMask</key>
			<string>2147483647</string>
			<key>files</key>
			<array/>
			<key>inputPaths</key>
			<array/>
			<key>isa</key>
			<string>PBXShellScriptBuildPhase</string>
			<key>name</key>
			<string>Check Pods Manifest.lock</string>
			<key>outputPaths</key>
			<array/>
			<key>runOnlyForDeploymentPostprocessing</key>
			<string>0</string>
			<key>shellPath</key>
			<string>/bin/sh</string>
			<key>shellScript</key>
			<string>diff "${PODS_ROOT}/../Podfile.lock" "${PODS_ROOT}/Manifest.lock" &gt; /dev/null
if [[ $? != 0 ]] ; then
    cat &lt;&lt; EOM
error: The sandbox is not in sync with the Podfile.lock. Run 'pod install' or update your CocoaPods installation.
EOM
    exit 1
fi
</string>
			<key>showEnvVarsInLog</key>
			<string>0</string>
		</dict>
	</dict>
	<key>rootObject</key>
	<string>E4400D651CCB5845000DFB1A</string>
</dict>
</plist>
