// !$*UTF8*$!
{
	archiveVersion = 1;
	classes = {
	};
	objectVersion = 46;
	objects = {

/* Begin PBXBuildFile section */
		CC968FBD0630BE3B26A135B5 /* Pods.framework in Frameworks */ = {isa = PBXBuildFile; fileRef = B294A411C24BDEE0824FF74A /* Pods.framework */; };
		E425D5761D28FD3C000324A3 /* QRScanView.m in Sources */ = {isa = PBXBuildFile; fileRef = E425D5751D28FD3C000324A3 /* QRScanView.m */; };
		E42C58D91DCC53C4009A2596 /* SendTool.m in Sources */ = {isa = PBXBuildFile; fileRef = E42C58D81DCC53C4009A2596 /* SendTool.m */; };
		E4400D721CCB5845000DFB1A /* main.m in Sources */ = {isa = PBXBuildFile; fileRef = E4400D711CCB5845000DFB1A /* main.m */; };
		E4400D751CCB5845000DFB1A /* AppDelegate.m in Sources */ = {isa = PBXBuildFile; fileRef = E4400D741CCB5845000DFB1A /* AppDelegate.m */; };
		E4400D781CCB5845000DFB1A /* ViewController.m in Sources */ = {isa = PBXBuildFile; fileRef = E4400D771CCB5845000DFB1A /* ViewController.m */; };
		E4400D7B1CCB5845000DFB1A /* Main.storyboard in Resources */ = {isa = PBXBuildFile; fileRef = E4400D791CCB5845000DFB1A /* Main.storyboard */; };
		E4400D801CCB5845000DFB1A /* LaunchScreen.storyboard in Resources */ = {isa = PBXBuildFile; fileRef = E4400D7E1CCB5845000DFB1A /* LaunchScreen.storyboard */; };
		E4400D8B1CCB5845000DFB1A /* GroupFinanceTests.m in Sources */ = {isa = PBXBuildFile; fileRef = E4400D8A1CCB5845000DFB1A /* GroupFinanceTests.m */; };
		E4400D961CCB5845000DFB1A /* GroupFinanceUITests.m in Sources */ = {isa = PBXBuildFile; fileRef = E4400D951CCB5845000DFB1A /* GroupFinanceUITests.m */; };
		E446C1011DCF75E600EC5966 /* InternetResponse.m in Sources */ = {isa = PBXBuildFile; fileRef = E446C1001DCF75E600EC5966 /* InternetResponse.m */; };
		E457B40D1CF19E0800139C4C /* AddClassificationViewController.m in Sources */ = {isa = PBXBuildFile; fileRef = E457B40C1CF19E0800139C4C /* AddClassificationViewController.m */; };
		E457B4101CF19E1600139C4C /* EditClassificationViewController.m in Sources */ = {isa = PBXBuildFile; fileRef = E457B40F1CF19E1600139C4C /* EditClassificationViewController.m */; };
		E457B4131CF19E2000139C4C /* AddShopViewController.m in Sources */ = {isa = PBXBuildFile; fileRef = E457B4121CF19E2000139C4C /* AddShopViewController.m */; };
		E457B4161CF19E2A00139C4C /* EditShopViewController.m in Sources */ = {isa = PBXBuildFile; fileRef = E457B4151CF19E2A00139C4C /* EditShopViewController.m */; };
		E457B4191CF19E3500139C4C /* AddAccountViewController.m in Sources */ = {isa = PBXBuildFile; fileRef = E457B4181CF19E3500139C4C /* AddAccountViewController.m */; };
		E457B41C1CF19E4100139C4C /* EditAccountViewController.m in Sources */ = {isa = PBXBuildFile; fileRef = E457B41B1CF19E4100139C4C /* EditAccountViewController.m */; };
		E457B41F1CF19E5300139C4C /* ClassificationsTableViewController.m in Sources */ = {isa = PBXBuildFile; fileRef = E457B41E1CF19E5300139C4C /* ClassificationsTableViewController.m */; };
		E457B4221CF19E5D00139C4C /* ShopsTableViewController.m in Sources */ = {isa = PBXBuildFile; fileRef = E457B4211CF19E5D00139C4C /* ShopsTableViewController.m */; };
		E457B4251CF19E6700139C4C /* AccountsTableViewController.m in Sources */ = {isa = PBXBuildFile; fileRef = E457B4241CF19E6700139C4C /* AccountsTableViewController.m */; };
		E457B4291CF1A26A00139C4C /* DaoTemplate.m in Sources */ = {isa = PBXBuildFile; fileRef = E457B4281CF1A26A00139C4C /* DaoTemplate.m */; };
		E457B42F1CF1A40D00139C4C /* AccountDao.m in Sources */ = {isa = PBXBuildFile; fileRef = E457B42E1CF1A40D00139C4C /* AccountDao.m */; };
		E457B4321CF1A41800139C4C /* ShopDao.m in Sources */ = {isa = PBXBuildFile; fileRef = E457B4311CF1A41800139C4C /* ShopDao.m */; };
		E457B4351CF1A42900139C4C /* ClassificationDao.m in Sources */ = {isa = PBXBuildFile; fileRef = E457B4341CF1A42900139C4C /* ClassificationDao.m */; };
		E457B4381CF1AA6E00139C4C /* DaoManager.m in Sources */ = {isa = PBXBuildFile; fileRef = E457B4371CF1AA6E00139C4C /* DaoManager.m */; };
		E46D576D1DB4D21900116C4E /* GLibFacade.c in Sources */ = {isa = PBXBuildFile; fileRef = E46D57671DB4D21900116C4E /* GLibFacade.c */; };
		E46D576E1DB4D21900116C4E /* shamir.c in Sources */ = {isa = PBXBuildFile; fileRef = E46D57691DB4D21900116C4E /* shamir.c */; };
		E46D576F1DB4D21900116C4E /* strtok.c in Sources */ = {isa = PBXBuildFile; fileRef = E46D576B1DB4D21900116C4E /* strtok.c */; };
		E46D57721DB4D65800116C4E /* SecretSharing.m in Sources */ = {isa = PBXBuildFile; fileRef = E46D57711DB4D65800116C4E /* SecretSharing.m */; };
		E47C4F621CDF0456005F8836 /* SynchronizationTableViewController.m in Sources */ = {isa = PBXBuildFile; fileRef = E47C4F611CDF0456005F8836 /* SynchronizationTableViewController.m */; };
		E48A3EA31DCC721A00B20B20 /* User+CoreDataClass.m in Sources */ = {isa = PBXBuildFile; fileRef = E48A3EA01DCC721A00B20B20 /* User+CoreDataClass.m */; };
		E48A3EA41DCC721A00B20B20 /* User+CoreDataProperties.m in Sources */ = {isa = PBXBuildFile; fileRef = E48A3EA21DCC721A00B20B20 /* User+CoreDataProperties.m */; };
		E48A3EA71DCC724500B20B20 /* UserDao.m in Sources */ = {isa = PBXBuildFile; fileRef = E48A3EA61DCC724500B20B20 /* UserDao.m */; };
		E48DE0711DCF660300A7A5DB /* InternetTool.m in Sources */ = {isa = PBXBuildFile; fileRef = E48DE0701DCF660300A7A5DB /* InternetTool.m */; };
		E4939F9A1D97CD42006CA612 /* SettingsTableViewController.m in Sources */ = {isa = PBXBuildFile; fileRef = E4939F991D97CD42006CA612 /* SettingsTableViewController.m */; };
		E4939F9E1DA1096A006CA612 /* UserTool.m in Sources */ = {isa = PBXBuildFile; fileRef = E4939F9D1DA1096A006CA612 /* UserTool.m */; };
		E497059E1CDF22B20092B164 /* Assets.xcassets in Resources */ = {isa = PBXBuildFile; fileRef = E497059D1CDF22B20092B164 /* Assets.xcassets */; };
		E49BFB5B1D379FCA00BCE598 /* MyProfileTableViewController.m in Sources */ = {isa = PBXBuildFile; fileRef = E49BFB5A1D379FCA00BCE598 /* MyProfileTableViewController.m */; };
		E49E7CE01DC7343400E9E43A /* Record+CoreDataClass.m in Sources */ = {isa = PBXBuildFile; fileRef = E49E7CC91DC7343400E9E43A /* Record+CoreDataClass.m */; };
		E49E7CE11DC7343400E9E43A /* Record+CoreDataProperties.m in Sources */ = {isa = PBXBuildFile; fileRef = E49E7CCB1DC7343400E9E43A /* Record+CoreDataProperties.m */; };
		E49E7CE21DC7343400E9E43A /* Classification+CoreDataClass.m in Sources */ = {isa = PBXBuildFile; fileRef = E49E7CCD1DC7343400E9E43A /* Classification+CoreDataClass.m */; };
		E49E7CE31DC7343400E9E43A /* Classification+CoreDataProperties.m in Sources */ = {isa = PBXBuildFile; fileRef = E49E7CCF1DC7343400E9E43A /* Classification+CoreDataProperties.m */; };
		E49E7CE41DC7343400E9E43A /* Account+CoreDataClass.m in Sources */ = {isa = PBXBuildFile; fileRef = E49E7CD11DC7343400E9E43A /* Account+CoreDataClass.m */; };
		E49E7CE51DC7343400E9E43A /* Account+CoreDataProperties.m in Sources */ = {isa = PBXBuildFile; fileRef = E49E7CD31DC7343400E9E43A /* Account+CoreDataProperties.m */; };
		E49E7CE61DC7343400E9E43A /* Photo+CoreDataClass.m in Sources */ = {isa = PBXBuildFile; fileRef = E49E7CD51DC7343400E9E43A /* Photo+CoreDataClass.m */; };
		E49E7CE71DC7343400E9E43A /* Photo+CoreDataProperties.m in Sources */ = {isa = PBXBuildFile; fileRef = E49E7CD71DC7343400E9E43A /* Photo+CoreDataProperties.m */; };
		E49E7CE81DC7343400E9E43A /* Shop+CoreDataClass.m in Sources */ = {isa = PBXBuildFile; fileRef = E49E7CD91DC7343400E9E43A /* Shop+CoreDataClass.m */; };
		E49E7CE91DC7343400E9E43A /* Shop+CoreDataProperties.m in Sources */ = {isa = PBXBuildFile; fileRef = E49E7CDB1DC7343400E9E43A /* Shop+CoreDataProperties.m */; };
		E49E7CEA1DC7343400E9E43A /* Template+CoreDataClass.m in Sources */ = {isa = PBXBuildFile; fileRef = E49E7CDD1DC7343400E9E43A /* Template+CoreDataClass.m */; };
		E49E7CEB1DC7343400E9E43A /* Template+CoreDataProperties.m in Sources */ = {isa = PBXBuildFile; fileRef = E49E7CDF1DC7343400E9E43A /* Template+CoreDataProperties.m */; };
		E4ADFD7D1DC84EE4009F3E37 /* Sender+CoreDataClass.m in Sources */ = {isa = PBXBuildFile; fileRef = E4ADFD7A1DC84EE4009F3E37 /* Sender+CoreDataClass.m */; };
		E4ADFD7E1DC84EE4009F3E37 /* Sender+CoreDataProperties.m in Sources */ = {isa = PBXBuildFile; fileRef = E4ADFD7C1DC84EE4009F3E37 /* Sender+CoreDataProperties.m */; };
		E4ADFD811DC84EFE009F3E37 /* SenderDao.m in Sources */ = {isa = PBXBuildFile; fileRef = E4ADFD801DC84EFE009F3E37 /* SenderDao.m */; };
		E4B0FF4C1D0C2446000F0421 /* libsqlite3.tbd in Frameworks */ = {isa = PBXBuildFile; fileRef = E4B0FF4B1D0C2446000F0421 /* libsqlite3.tbd */; };
		E4B0FF4E1D0C244D000F0421 /* libz.tbd in Frameworks */ = {isa = PBXBuildFile; fileRef = E4B0FF4D1D0C244D000F0421 /* libz.tbd */; };
		E4B0FF501D0C24C5000F0421 /* SystemConfiguration.framework in Frameworks */ = {isa = PBXBuildFile; fileRef = E4B0FF4F1D0C24C5000F0421 /* SystemConfiguration.framework */; };
		E4B0FF521D0C24D4000F0421 /* Security.framework in Frameworks */ = {isa = PBXBuildFile; fileRef = E4B0FF511D0C24D4000F0421 /* Security.framework */; };
		E4B0FF541D0C24E0000F0421 /* CFNetwork.framework in Frameworks */ = {isa = PBXBuildFile; fileRef = E4B0FF531D0C24E0000F0421 /* CFNetwork.framework */; };
		E4DE20241D0D6EFC00A80E65 /* LoginViewController.m in Sources */ = {isa = PBXBuildFile; fileRef = E4DE20231D0D6EFC00A80E65 /* LoginViewController.m */; };
		E4E66F211D27E74D00969AB8 /* ScanQRCodeViewController.m in Sources */ = {isa = PBXBuildFile; fileRef = E4E66F201D27E74D00969AB8 /* ScanQRCodeViewController.m */; };
		E4EFB6631D3A0C4800C613B0 /* AlertTool.m in Sources */ = {isa = PBXBuildFile; fileRef = E4EFB6621D3A0C4800C613B0 /* AlertTool.m */; };
		E4F1CB251CFAE58400461B3F /* AddRecordViewController.m in Sources */ = {isa = PBXBuildFile; fileRef = E4F1CB241CFAE58400461B3F /* AddRecordViewController.m */; };
		E4F1CB2B1CFAE5B900461B3F /* SelectRecordItemTableViewController.m in Sources */ = {isa = PBXBuildFile; fileRef = E4F1CB2A1CFAE5B900461B3F /* SelectRecordItemTableViewController.m */; };
		E4F1CB321CFAF2D100461B3F /* DateSelectorView.m in Sources */ = {isa = PBXBuildFile; fileRef = E4F1CB311CFAF2D100461B3F /* DateSelectorView.m */; };
		E4F1CB431CFB0B0C00461B3F /* RecordDao.m in Sources */ = {isa = PBXBuildFile; fileRef = E4F1CB421CFB0B0C00461B3F /* RecordDao.m */; };
		E4F1CB461CFB0B2D00461B3F /* PhotoDao.m in Sources */ = {isa = PBXBuildFile; fileRef = E4F1CB451CFB0B2D00461B3F /* PhotoDao.m */; };
		E4F1CB491CFB13BF00461B3F /* RecordsTableViewController.m in Sources */ = {isa = PBXBuildFile; fileRef = E4F1CB481CFB13BF00461B3F /* RecordsTableViewController.m */; };
		E4F1CB4C1CFB167200461B3F /* DateTool.m in Sources */ = {isa = PBXBuildFile; fileRef = E4F1CB4B1CFB167200461B3F /* DateTool.m */; };
		E4F60A931D03F036006F5DF2 /* EditRecordViewController.m in Sources */ = {isa = PBXBuildFile; fileRef = E4F60A921D03F036006F5DF2 /* EditRecordViewController.m */; };
		E4F60A961D040C05006F5DF2 /* AddTemplateViewController.m in Sources */ = {isa = PBXBuildFile; fileRef = E4F60A951D040C05006F5DF2 /* AddTemplateViewController.m */; };
		E4F60A991D040C1B006F5DF2 /* TemplatesTableViewController.m in Sources */ = {isa = PBXBuildFile; fileRef = E4F60A981D040C1B006F5DF2 /* TemplatesTableViewController.m */; };
		E4F60A9D1D04121F006F5DF2 /* Model.xcdatamodeld in Sources */ = {isa = PBXBuildFile; fileRef = E4F60A9B1D04121F006F5DF2 /* Model.xcdatamodeld */; };
		E4F60ACD1D0413FF006F5DF2 /* TemplateDao.m in Sources */ = {isa = PBXBuildFile; fileRef = E4F60ACC1D0413FF006F5DF2 /* TemplateDao.m */; };
		E4F60AD31D0448FF006F5DF2 /* PhotoViewController.m in Sources */ = {isa = PBXBuildFile; fileRef = E4F60AD21D0448FF006F5DF2 /* PhotoViewController.m */; };
/* End PBXBuildFile section */

/* Begin PBXContainerItemProxy section */
		E4400D871CCB5845000DFB1A /* PBXContainerItemProxy */ = {
			isa = PBXContainerItemProxy;
			containerPortal = E4400D651CCB5845000DFB1A /* Project object */;
			proxyType = 1;
			remoteGlobalIDString = E4400D6C1CCB5845000DFB1A;
			remoteInfo = GroupFinance;
		};
		E4400D921CCB5845000DFB1A /* PBXContainerItemProxy */ = {
			isa = PBXContainerItemProxy;
			containerPortal = E4400D651CCB5845000DFB1A /* Project object */;
			proxyType = 1;
			remoteGlobalIDString = E4400D6C1CCB5845000DFB1A;
			remoteInfo = GroupFinance;
		};
/* End PBXContainerItemProxy section */

/* Begin PBXFileReference section */
		0C9E7037D47A5CF4EB2438D9 /* Pods.release.xcconfig */ = {isa = PBXFileReference; includeInIndex = 1; lastKnownFileType = text.xcconfig; name = Pods.release.xcconfig; path = "Pods/Target Support Files/Pods/Pods.release.xcconfig"; sourceTree = "<group>"; };
		B294A411C24BDEE0824FF74A /* Pods.framework */ = {isa = PBXFileReference; explicitFileType = wrapper.framework; includeInIndex = 0; path = Pods.framework; sourceTree = BUILT_PRODUCTS_DIR; };
		D557B93C5754F51464A5D0FC /* Pods.debug.xcconfig */ = {isa = PBXFileReference; includeInIndex = 1; lastKnownFileType = text.xcconfig; name = Pods.debug.xcconfig; path = "Pods/Target Support Files/Pods/Pods.debug.xcconfig"; sourceTree = "<group>"; };
		E425D5741D28FD3C000324A3 /* QRScanView.h */ = {isa = PBXFileReference; fileEncoding = 4; lastKnownFileType = sourcecode.c.h; path = QRScanView.h; sourceTree = "<group>"; };
		E425D5751D28FD3C000324A3 /* QRScanView.m */ = {isa = PBXFileReference; fileEncoding = 4; lastKnownFileType = sourcecode.c.objc; path = QRScanView.m; sourceTree = "<group>"; };
		E42C58D71DCC53C4009A2596 /* SendTool.h */ = {isa = PBXFileReference; fileEncoding = 4; lastKnownFileType = sourcecode.c.h; path = SendTool.h; sourceTree = "<group>"; };
		E42C58D81DCC53C4009A2596 /* SendTool.m */ = {isa = PBXFileReference; fileEncoding = 4; lastKnownFileType = sourcecode.c.objc; path = SendTool.m; sourceTree = "<group>"; };
		E4400D6D1CCB5845000DFB1A /* GroupFinance.app */ = {isa = PBXFileReference; explicitFileType = wrapper.application; includeInIndex = 0; path = GroupFinance.app; sourceTree = BUILT_PRODUCTS_DIR; };
		E4400D711CCB5845000DFB1A /* main.m */ = {isa = PBXFileReference; lastKnownFileType = sourcecode.c.objc; path = main.m; sourceTree = "<group>"; };
		E4400D731CCB5845000DFB1A /* AppDelegate.h */ = {isa = PBXFileReference; lastKnownFileType = sourcecode.c.h; path = AppDelegate.h; sourceTree = "<group>"; };
		E4400D741CCB5845000DFB1A /* AppDelegate.m */ = {isa = PBXFileReference; lastKnownFileType = sourcecode.c.objc; path = AppDelegate.m; sourceTree = "<group>"; };
		E4400D761CCB5845000DFB1A /* ViewController.h */ = {isa = PBXFileReference; lastKnownFileType = sourcecode.c.h; path = ViewController.h; sourceTree = "<group>"; };
		E4400D771CCB5845000DFB1A /* ViewController.m */ = {isa = PBXFileReference; lastKnownFileType = sourcecode.c.objc; path = ViewController.m; sourceTree = "<group>"; };
		E4400D7A1CCB5845000DFB1A /* Base */ = {isa = PBXFileReference; lastKnownFileType = file.storyboard; name = Base; path = Base.lproj/Main.storyboard; sourceTree = "<group>"; };
		E4400D7F1CCB5845000DFB1A /* Base */ = {isa = PBXFileReference; lastKnownFileType = file.storyboard; name = Base; path = Base.lproj/LaunchScreen.storyboard; sourceTree = "<group>"; };
		E4400D811CCB5845000DFB1A /* Info.plist */ = {isa = PBXFileReference; lastKnownFileType = text.plist.xml; path = Info.plist; sourceTree = "<group>"; };
		E4400D861CCB5845000DFB1A /* GroupFinanceTests.xctest */ = {isa = PBXFileReference; explicitFileType = wrapper.cfbundle; includeInIndex = 0; path = GroupFinanceTests.xctest; sourceTree = BUILT_PRODUCTS_DIR; };
		E4400D8A1CCB5845000DFB1A /* GroupFinanceTests.m */ = {isa = PBXFileReference; lastKnownFileType = sourcecode.c.objc; path = GroupFinanceTests.m; sourceTree = "<group>"; };
		E4400D8C1CCB5845000DFB1A /* Info.plist */ = {isa = PBXFileReference; lastKnownFileType = text.plist.xml; path = Info.plist; sourceTree = "<group>"; };
		E4400D911CCB5845000DFB1A /* GroupFinanceUITests.xctest */ = {isa = PBXFileReference; explicitFileType = wrapper.cfbundle; includeInIndex = 0; path = GroupFinanceUITests.xctest; sourceTree = BUILT_PRODUCTS_DIR; };
		E4400D951CCB5845000DFB1A /* GroupFinanceUITests.m */ = {isa = PBXFileReference; lastKnownFileType = sourcecode.c.objc; path = GroupFinanceUITests.m; sourceTree = "<group>"; };
		E4400D971CCB5845000DFB1A /* Info.plist */ = {isa = PBXFileReference; lastKnownFileType = text.plist.xml; path = Info.plist; sourceTree = "<group>"; };
		E446C0FF1DCF75E600EC5966 /* InternetResponse.h */ = {isa = PBXFileReference; fileEncoding = 4; lastKnownFileType = sourcecode.c.h; path = InternetResponse.h; sourceTree = "<group>"; };
		E446C1001DCF75E600EC5966 /* InternetResponse.m */ = {isa = PBXFileReference; fileEncoding = 4; lastKnownFileType = sourcecode.c.objc; path = InternetResponse.m; sourceTree = "<group>"; };
		E457B40B1CF19E0800139C4C /* AddClassificationViewController.h */ = {isa = PBXFileReference; fileEncoding = 4; lastKnownFileType = sourcecode.c.h; path = AddClassificationViewController.h; sourceTree = "<group>"; };
		E457B40C1CF19E0800139C4C /* AddClassificationViewController.m */ = {isa = PBXFileReference; fileEncoding = 4; lastKnownFileType = sourcecode.c.objc; path = AddClassificationViewController.m; sourceTree = "<group>"; };
		E457B40E1CF19E1600139C4C /* EditClassificationViewController.h */ = {isa = PBXFileReference; fileEncoding = 4; lastKnownFileType = sourcecode.c.h; path = EditClassificationViewController.h; sourceTree = "<group>"; };
		E457B40F1CF19E1600139C4C /* EditClassificationViewController.m */ = {isa = PBXFileReference; fileEncoding = 4; lastKnownFileType = sourcecode.c.objc; path = EditClassificationViewController.m; sourceTree = "<group>"; };
		E457B4111CF19E2000139C4C /* AddShopViewController.h */ = {isa = PBXFileReference; fileEncoding = 4; lastKnownFileType = sourcecode.c.h; path = AddShopViewController.h; sourceTree = "<group>"; };
		E457B4121CF19E2000139C4C /* AddShopViewController.m */ = {isa = PBXFileReference; fileEncoding = 4; lastKnownFileType = sourcecode.c.objc; path = AddShopViewController.m; sourceTree = "<group>"; };
		E457B4141CF19E2A00139C4C /* EditShopViewController.h */ = {isa = PBXFileReference; fileEncoding = 4; lastKnownFileType = sourcecode.c.h; path = EditShopViewController.h; sourceTree = "<group>"; };
		E457B4151CF19E2A00139C4C /* EditShopViewController.m */ = {isa = PBXFileReference; fileEncoding = 4; lastKnownFileType = sourcecode.c.objc; path = EditShopViewController.m; sourceTree = "<group>"; };
		E457B4171CF19E3500139C4C /* AddAccountViewController.h */ = {isa = PBXFileReference; fileEncoding = 4; lastKnownFileType = sourcecode.c.h; path = AddAccountViewController.h; sourceTree = "<group>"; };
		E457B4181CF19E3500139C4C /* AddAccountViewController.m */ = {isa = PBXFileReference; fileEncoding = 4; lastKnownFileType = sourcecode.c.objc; path = AddAccountViewController.m; sourceTree = "<group>"; };
		E457B41A1CF19E4100139C4C /* EditAccountViewController.h */ = {isa = PBXFileReference; fileEncoding = 4; lastKnownFileType = sourcecode.c.h; path = EditAccountViewController.h; sourceTree = "<group>"; };
		E457B41B1CF19E4100139C4C /* EditAccountViewController.m */ = {isa = PBXFileReference; fileEncoding = 4; lastKnownFileType = sourcecode.c.objc; path = EditAccountViewController.m; sourceTree = "<group>"; };
		E457B41D1CF19E5300139C4C /* ClassificationsTableViewController.h */ = {isa = PBXFileReference; fileEncoding = 4; lastKnownFileType = sourcecode.c.h; path = ClassificationsTableViewController.h; sourceTree = "<group>"; };
		E457B41E1CF19E5300139C4C /* ClassificationsTableViewController.m */ = {isa = PBXFileReference; fileEncoding = 4; lastKnownFileType = sourcecode.c.objc; path = ClassificationsTableViewController.m; sourceTree = "<group>"; };
		E457B4201CF19E5D00139C4C /* ShopsTableViewController.h */ = {isa = PBXFileReference; fileEncoding = 4; lastKnownFileType = sourcecode.c.h; path = ShopsTableViewController.h; sourceTree = "<group>"; };
		E457B4211CF19E5D00139C4C /* ShopsTableViewController.m */ = {isa = PBXFileReference; fileEncoding = 4; lastKnownFileType = sourcecode.c.objc; path = ShopsTableViewController.m; sourceTree = "<group>"; };
		E457B4231CF19E6700139C4C /* AccountsTableViewController.h */ = {isa = PBXFileReference; fileEncoding = 4; lastKnownFileType = sourcecode.c.h; path = AccountsTableViewController.h; sourceTree = "<group>"; };
		E457B4241CF19E6700139C4C /* AccountsTableViewController.m */ = {isa = PBXFileReference; fileEncoding = 4; lastKnownFileType = sourcecode.c.objc; path = AccountsTableViewController.m; sourceTree = "<group>"; };
		E457B4271CF1A26A00139C4C /* DaoTemplate.h */ = {isa = PBXFileReference; fileEncoding = 4; lastKnownFileType = sourcecode.c.h; path = DaoTemplate.h; sourceTree = "<group>"; };
		E457B4281CF1A26A00139C4C /* DaoTemplate.m */ = {isa = PBXFileReference; fileEncoding = 4; lastKnownFileType = sourcecode.c.objc; path = DaoTemplate.m; sourceTree = "<group>"; };
		E457B42D1CF1A40D00139C4C /* AccountDao.h */ = {isa = PBXFileReference; fileEncoding = 4; lastKnownFileType = sourcecode.c.h; path = AccountDao.h; sourceTree = "<group>"; };
		E457B42E1CF1A40D00139C4C /* AccountDao.m */ = {isa = PBXFileReference; fileEncoding = 4; lastKnownFileType = sourcecode.c.objc; path = AccountDao.m; sourceTree = "<group>"; };
		E457B4301CF1A41800139C4C /* ShopDao.h */ = {isa = PBXFileReference; fileEncoding = 4; lastKnownFileType = sourcecode.c.h; path = ShopDao.h; sourceTree = "<group>"; };
		E457B4311CF1A41800139C4C /* ShopDao.m */ = {isa = PBXFileReference; fileEncoding = 4; lastKnownFileType = sourcecode.c.objc; path = ShopDao.m; sourceTree = "<group>"; };
		E457B4331CF1A42900139C4C /* ClassificationDao.h */ = {isa = PBXFileReference; fileEncoding = 4; lastKnownFileType = sourcecode.c.h; path = ClassificationDao.h; sourceTree = "<group>"; };
		E457B4341CF1A42900139C4C /* ClassificationDao.m */ = {isa = PBXFileReference; fileEncoding = 4; lastKnownFileType = sourcecode.c.objc; path = ClassificationDao.m; sourceTree = "<group>"; };
		E457B4361CF1AA6E00139C4C /* DaoManager.h */ = {isa = PBXFileReference; fileEncoding = 4; lastKnownFileType = sourcecode.c.h; path = DaoManager.h; sourceTree = "<group>"; };
		E457B4371CF1AA6E00139C4C /* DaoManager.m */ = {isa = PBXFileReference; fileEncoding = 4; lastKnownFileType = sourcecode.c.objc; path = DaoManager.m; sourceTree = "<group>"; };
		E46D57671DB4D21900116C4E /* GLibFacade.c */ = {isa = PBXFileReference; fileEncoding = 4; lastKnownFileType = sourcecode.c.c; path = GLibFacade.c; sourceTree = "<group>"; };
		E46D57681DB4D21900116C4E /* GLibFacade.h */ = {isa = PBXFileReference; fileEncoding = 4; lastKnownFileType = sourcecode.c.h; path = GLibFacade.h; sourceTree = "<group>"; };
		E46D57691DB4D21900116C4E /* shamir.c */ = {isa = PBXFileReference; fileEncoding = 4; lastKnownFileType = sourcecode.c.c; path = shamir.c; sourceTree = "<group>"; };
		E46D576A1DB4D21900116C4E /* shamir.h */ = {isa = PBXFileReference; fileEncoding = 4; lastKnownFileType = sourcecode.c.h; path = shamir.h; sourceTree = "<group>"; };
		E46D576B1DB4D21900116C4E /* strtok.c */ = {isa = PBXFileReference; fileEncoding = 4; lastKnownFileType = sourcecode.c.c; path = strtok.c; sourceTree = "<group>"; };
		E46D576C1DB4D21900116C4E /* strtok.h */ = {isa = PBXFileReference; fileEncoding = 4; lastKnownFileType = sourcecode.c.h; path = strtok.h; sourceTree = "<group>"; };
		E46D57701DB4D65800116C4E /* SecretSharing.h */ = {isa = PBXFileReference; fileEncoding = 4; lastKnownFileType = sourcecode.c.h; path = SecretSharing.h; sourceTree = "<group>"; };
		E46D57711DB4D65800116C4E /* SecretSharing.m */ = {isa = PBXFileReference; fileEncoding = 4; lastKnownFileType = sourcecode.c.objc; path = SecretSharing.m; sourceTree = "<group>"; };
		E47C4F601CDF0456005F8836 /* SynchronizationTableViewController.h */ = {isa = PBXFileReference; fileEncoding = 4; lastKnownFileType = sourcecode.c.h; path = SynchronizationTableViewController.h; sourceTree = "<group>"; };
		E47C4F611CDF0456005F8836 /* SynchronizationTableViewController.m */ = {isa = PBXFileReference; fileEncoding = 4; lastKnownFileType = sourcecode.c.objc; path = SynchronizationTableViewController.m; sourceTree = "<group>"; };
		E48A3E9F1DCC721A00B20B20 /* User+CoreDataClass.h */ = {isa = PBXFileReference; fileEncoding = 4; lastKnownFileType = sourcecode.c.h; path = "User+CoreDataClass.h"; sourceTree = "<group>"; };
		E48A3EA01DCC721A00B20B20 /* User+CoreDataClass.m */ = {isa = PBXFileReference; fileEncoding = 4; lastKnownFileType = sourcecode.c.objc; path = "User+CoreDataClass.m"; sourceTree = "<group>"; };
		E48A3EA11DCC721A00B20B20 /* User+CoreDataProperties.h */ = {isa = PBXFileReference; fileEncoding = 4; lastKnownFileType = sourcecode.c.h; path = "User+CoreDataProperties.h"; sourceTree = "<group>"; };
		E48A3EA21DCC721A00B20B20 /* User+CoreDataProperties.m */ = {isa = PBXFileReference; fileEncoding = 4; lastKnownFileType = sourcecode.c.objc; path = "User+CoreDataProperties.m"; sourceTree = "<group>"; };
		E48A3EA51DCC724500B20B20 /* UserDao.h */ = {isa = PBXFileReference; fileEncoding = 4; lastKnownFileType = sourcecode.c.h; path = UserDao.h; sourceTree = "<group>"; };
		E48A3EA61DCC724500B20B20 /* UserDao.m */ = {isa = PBXFileReference; fileEncoding = 4; lastKnownFileType = sourcecode.c.objc; path = UserDao.m; sourceTree = "<group>"; };
		E48DE06F1DCF660300A7A5DB /* InternetTool.h */ = {isa = PBXFileReference; fileEncoding = 4; lastKnownFileType = sourcecode.c.h; path = InternetTool.h; sourceTree = "<group>"; };
		E48DE0701DCF660300A7A5DB /* InternetTool.m */ = {isa = PBXFileReference; fileEncoding = 4; lastKnownFileType = sourcecode.c.objc; path = InternetTool.m; sourceTree = "<group>"; };
		E4939F981D97CD42006CA612 /* SettingsTableViewController.h */ = {isa = PBXFileReference; fileEncoding = 4; lastKnownFileType = sourcecode.c.h; path = SettingsTableViewController.h; sourceTree = "<group>"; };
		E4939F991D97CD42006CA612 /* SettingsTableViewController.m */ = {isa = PBXFileReference; fileEncoding = 4; lastKnownFileType = sourcecode.c.objc; path = SettingsTableViewController.m; sourceTree = "<group>"; };
		E4939F9B1D97CE36006CA612 /* GroupFinance.entitlements */ = {isa = PBXFileReference; lastKnownFileType = text.plist.entitlements; path = GroupFinance.entitlements; sourceTree = "<group>"; };
		E4939F9C1DA1096A006CA612 /* UserTool.h */ = {isa = PBXFileReference; fileEncoding = 4; lastKnownFileType = sourcecode.c.h; path = UserTool.h; sourceTree = "<group>"; };
		E4939F9D1DA1096A006CA612 /* UserTool.m */ = {isa = PBXFileReference; fileEncoding = 4; lastKnownFileType = sourcecode.c.objc; path = UserTool.m; sourceTree = "<group>"; };
		E497059D1CDF22B20092B164 /* Assets.xcassets */ = {isa = PBXFileReference; lastKnownFileType = folder.assetcatalog; path = Assets.xcassets; sourceTree = "<group>"; };
		E49BFB591D379FCA00BCE598 /* MyProfileTableViewController.h */ = {isa = PBXFileReference; fileEncoding = 4; lastKnownFileType = sourcecode.c.h; path = MyProfileTableViewController.h; sourceTree = "<group>"; };
		E49BFB5A1D379FCA00BCE598 /* MyProfileTableViewController.m */ = {isa = PBXFileReference; fileEncoding = 4; lastKnownFileType = sourcecode.c.objc; path = MyProfileTableViewController.m; sourceTree = "<group>"; };
		E49E7CC81DC7343400E9E43A /* Record+CoreDataClass.h */ = {isa = PBXFileReference; fileEncoding = 4; lastKnownFileType = sourcecode.c.h; path = "Record+CoreDataClass.h"; sourceTree = "<group>"; };
		E49E7CC91DC7343400E9E43A /* Record+CoreDataClass.m */ = {isa = PBXFileReference; fileEncoding = 4; lastKnownFileType = sourcecode.c.objc; path = "Record+CoreDataClass.m"; sourceTree = "<group>"; };
		E49E7CCA1DC7343400E9E43A /* Record+CoreDataProperties.h */ = {isa = PBXFileReference; fileEncoding = 4; lastKnownFileType = sourcecode.c.h; path = "Record+CoreDataProperties.h"; sourceTree = "<group>"; };
		E49E7CCB1DC7343400E9E43A /* Record+CoreDataProperties.m */ = {isa = PBXFileReference; fileEncoding = 4; lastKnownFileType = sourcecode.c.objc; path = "Record+CoreDataProperties.m"; sourceTree = "<group>"; };
		E49E7CCC1DC7343400E9E43A /* Classification+CoreDataClass.h */ = {isa = PBXFileReference; fileEncoding = 4; lastKnownFileType = sourcecode.c.h; path = "Classification+CoreDataClass.h"; sourceTree = "<group>"; };
		E49E7CCD1DC7343400E9E43A /* Classification+CoreDataClass.m */ = {isa = PBXFileReference; fileEncoding = 4; lastKnownFileType = sourcecode.c.objc; path = "Classification+CoreDataClass.m"; sourceTree = "<group>"; };
		E49E7CCE1DC7343400E9E43A /* Classification+CoreDataProperties.h */ = {isa = PBXFileReference; fileEncoding = 4; lastKnownFileType = sourcecode.c.h; path = "Classification+CoreDataProperties.h"; sourceTree = "<group>"; };
		E49E7CCF1DC7343400E9E43A /* Classification+CoreDataProperties.m */ = {isa = PBXFileReference; fileEncoding = 4; lastKnownFileType = sourcecode.c.objc; path = "Classification+CoreDataProperties.m"; sourceTree = "<group>"; };
		E49E7CD01DC7343400E9E43A /* Account+CoreDataClass.h */ = {isa = PBXFileReference; fileEncoding = 4; lastKnownFileType = sourcecode.c.h; path = "Account+CoreDataClass.h"; sourceTree = "<group>"; };
		E49E7CD11DC7343400E9E43A /* Account+CoreDataClass.m */ = {isa = PBXFileReference; fileEncoding = 4; lastKnownFileType = sourcecode.c.objc; path = "Account+CoreDataClass.m"; sourceTree = "<group>"; };
		E49E7CD21DC7343400E9E43A /* Account+CoreDataProperties.h */ = {isa = PBXFileReference; fileEncoding = 4; lastKnownFileType = sourcecode.c.h; path = "Account+CoreDataProperties.h"; sourceTree = "<group>"; };
		E49E7CD31DC7343400E9E43A /* Account+CoreDataProperties.m */ = {isa = PBXFileReference; fileEncoding = 4; lastKnownFileType = sourcecode.c.objc; path = "Account+CoreDataProperties.m"; sourceTree = "<group>"; };
		E49E7CD41DC7343400E9E43A /* Photo+CoreDataClass.h */ = {isa = PBXFileReference; fileEncoding = 4; lastKnownFileType = sourcecode.c.h; path = "Photo+CoreDataClass.h"; sourceTree = "<group>"; };
		E49E7CD51DC7343400E9E43A /* Photo+CoreDataClass.m */ = {isa = PBXFileReference; fileEncoding = 4; lastKnownFileType = sourcecode.c.objc; path = "Photo+CoreDataClass.m"; sourceTree = "<group>"; };
		E49E7CD61DC7343400E9E43A /* Photo+CoreDataProperties.h */ = {isa = PBXFileReference; fileEncoding = 4; lastKnownFileType = sourcecode.c.h; path = "Photo+CoreDataProperties.h"; sourceTree = "<group>"; };
		E49E7CD71DC7343400E9E43A /* Photo+CoreDataProperties.m */ = {isa = PBXFileReference; fileEncoding = 4; lastKnownFileType = sourcecode.c.objc; path = "Photo+CoreDataProperties.m"; sourceTree = "<group>"; };
		E49E7CD81DC7343400E9E43A /* Shop+CoreDataClass.h */ = {isa = PBXFileReference; fileEncoding = 4; lastKnownFileType = sourcecode.c.h; path = "Shop+CoreDataClass.h"; sourceTree = "<group>"; };
		E49E7CD91DC7343400E9E43A /* Shop+CoreDataClass.m */ = {isa = PBXFileReference; fileEncoding = 4; lastKnownFileType = sourcecode.c.objc; path = "Shop+CoreDataClass.m"; sourceTree = "<group>"; };
		E49E7CDA1DC7343400E9E43A /* Shop+CoreDataProperties.h */ = {isa = PBXFileReference; fileEncoding = 4; lastKnownFileType = sourcecode.c.h; path = "Shop+CoreDataProperties.h"; sourceTree = "<group>"; };
		E49E7CDB1DC7343400E9E43A /* Shop+CoreDataProperties.m */ = {isa = PBXFileReference; fileEncoding = 4; lastKnownFileType = sourcecode.c.objc; path = "Shop+CoreDataProperties.m"; sourceTree = "<group>"; };
		E49E7CDC1DC7343400E9E43A /* Template+CoreDataClass.h */ = {isa = PBXFileReference; fileEncoding = 4; lastKnownFileType = sourcecode.c.h; path = "Template+CoreDataClass.h"; sourceTree = "<group>"; };
		E49E7CDD1DC7343400E9E43A /* Template+CoreDataClass.m */ = {isa = PBXFileReference; fileEncoding = 4; lastKnownFileType = sourcecode.c.objc; path = "Template+CoreDataClass.m"; sourceTree = "<group>"; };
		E49E7CDE1DC7343400E9E43A /* Template+CoreDataProperties.h */ = {isa = PBXFileReference; fileEncoding = 4; lastKnownFileType = sourcecode.c.h; path = "Template+CoreDataProperties.h"; sourceTree = "<group>"; };
		E49E7CDF1DC7343400E9E43A /* Template+CoreDataProperties.m */ = {isa = PBXFileReference; fileEncoding = 4; lastKnownFileType = sourcecode.c.objc; path = "Template+CoreDataProperties.m"; sourceTree = "<group>"; };
		E4ADFD791DC84EE4009F3E37 /* Sender+CoreDataClass.h */ = {isa = PBXFileReference; fileEncoding = 4; lastKnownFileType = sourcecode.c.h; path = "Sender+CoreDataClass.h"; sourceTree = "<group>"; };
		E4ADFD7A1DC84EE4009F3E37 /* Sender+CoreDataClass.m */ = {isa = PBXFileReference; fileEncoding = 4; lastKnownFileType = sourcecode.c.objc; path = "Sender+CoreDataClass.m"; sourceTree = "<group>"; };
		E4ADFD7B1DC84EE4009F3E37 /* Sender+CoreDataProperties.h */ = {isa = PBXFileReference; fileEncoding = 4; lastKnownFileType = sourcecode.c.h; path = "Sender+CoreDataProperties.h"; sourceTree = "<group>"; };
		E4ADFD7C1DC84EE4009F3E37 /* Sender+CoreDataProperties.m */ = {isa = PBXFileReference; fileEncoding = 4; lastKnownFileType = sourcecode.c.objc; path = "Sender+CoreDataProperties.m"; sourceTree = "<group>"; };
		E4ADFD7F1DC84EFE009F3E37 /* SenderDao.h */ = {isa = PBXFileReference; fileEncoding = 4; lastKnownFileType = sourcecode.c.h; path = SenderDao.h; sourceTree = "<group>"; };
		E4ADFD801DC84EFE009F3E37 /* SenderDao.m */ = {isa = PBXFileReference; fileEncoding = 4; lastKnownFileType = sourcecode.c.objc; path = SenderDao.m; sourceTree = "<group>"; };
		E4B0FF4B1D0C2446000F0421 /* libsqlite3.tbd */ = {isa = PBXFileReference; lastKnownFileType = "sourcecode.text-based-dylib-definition"; name = libsqlite3.tbd; path = usr/lib/libsqlite3.tbd; sourceTree = SDKROOT; };
		E4B0FF4D1D0C244D000F0421 /* libz.tbd */ = {isa = PBXFileReference; lastKnownFileType = "sourcecode.text-based-dylib-definition"; name = libz.tbd; path = usr/lib/libz.tbd; sourceTree = SDKROOT; };
		E4B0FF4F1D0C24C5000F0421 /* SystemConfiguration.framework */ = {isa = PBXFileReference; lastKnownFileType = wrapper.framework; name = SystemConfiguration.framework; path = System/Library/Frameworks/SystemConfiguration.framework; sourceTree = SDKROOT; };
		E4B0FF511D0C24D4000F0421 /* Security.framework */ = {isa = PBXFileReference; lastKnownFileType = wrapper.framework; name = Security.framework; path = System/Library/Frameworks/Security.framework; sourceTree = SDKROOT; };
		E4B0FF531D0C24E0000F0421 /* CFNetwork.framework */ = {isa = PBXFileReference; lastKnownFileType = wrapper.framework; name = CFNetwork.framework; path = System/Library/Frameworks/CFNetwork.framework; sourceTree = SDKROOT; };
		E4DE20221D0D6EFC00A80E65 /* LoginViewController.h */ = {isa = PBXFileReference; fileEncoding = 4; lastKnownFileType = sourcecode.c.h; path = LoginViewController.h; sourceTree = "<group>"; };
		E4DE20231D0D6EFC00A80E65 /* LoginViewController.m */ = {isa = PBXFileReference; fileEncoding = 4; lastKnownFileType = sourcecode.c.objc; path = LoginViewController.m; sourceTree = "<group>"; };
		E4E66F1F1D27E74D00969AB8 /* ScanQRCodeViewController.h */ = {isa = PBXFileReference; fileEncoding = 4; lastKnownFileType = sourcecode.c.h; path = ScanQRCodeViewController.h; sourceTree = "<group>"; };
		E4E66F201D27E74D00969AB8 /* ScanQRCodeViewController.m */ = {isa = PBXFileReference; fileEncoding = 4; lastKnownFileType = sourcecode.c.objc; path = ScanQRCodeViewController.m; sourceTree = "<group>"; };
		E4EFB6611D3A0C4800C613B0 /* AlertTool.h */ = {isa = PBXFileReference; fileEncoding = 4; lastKnownFileType = sourcecode.c.h; path = AlertTool.h; sourceTree = "<group>"; };
		E4EFB6621D3A0C4800C613B0 /* AlertTool.m */ = {isa = PBXFileReference; fileEncoding = 4; lastKnownFileType = sourcecode.c.objc; path = AlertTool.m; sourceTree = "<group>"; };
		E4F1CB231CFAE58300461B3F /* AddRecordViewController.h */ = {isa = PBXFileReference; fileEncoding = 4; lastKnownFileType = sourcecode.c.h; path = AddRecordViewController.h; sourceTree = "<group>"; };
		E4F1CB241CFAE58400461B3F /* AddRecordViewController.m */ = {isa = PBXFileReference; fileEncoding = 4; lastKnownFileType = sourcecode.c.objc; path = AddRecordViewController.m; sourceTree = "<group>"; };
		E4F1CB291CFAE5B900461B3F /* SelectRecordItemTableViewController.h */ = {isa = PBXFileReference; fileEncoding = 4; lastKnownFileType = sourcecode.c.h; path = SelectRecordItemTableViewController.h; sourceTree = "<group>"; };
		E4F1CB2A1CFAE5B900461B3F /* SelectRecordItemTableViewController.m */ = {isa = PBXFileReference; fileEncoding = 4; lastKnownFileType = sourcecode.c.objc; path = SelectRecordItemTableViewController.m; sourceTree = "<group>"; };
		E4F1CB301CFAF2D100461B3F /* DateSelectorView.h */ = {isa = PBXFileReference; fileEncoding = 4; lastKnownFileType = sourcecode.c.h; path = DateSelectorView.h; sourceTree = "<group>"; };
		E4F1CB311CFAF2D100461B3F /* DateSelectorView.m */ = {isa = PBXFileReference; fileEncoding = 4; lastKnownFileType = sourcecode.c.objc; path = DateSelectorView.m; sourceTree = "<group>"; };
		E4F1CB331CFAFCF500461B3F /* MobileCoreServices.framework */ = {isa = PBXFileReference; lastKnownFileType = wrapper.framework; name = MobileCoreServices.framework; path = System/Library/Frameworks/MobileCoreServices.framework; sourceTree = SDKROOT; };
		E4F1CB411CFB0B0C00461B3F /* RecordDao.h */ = {isa = PBXFileReference; fileEncoding = 4; lastKnownFileType = sourcecode.c.h; path = RecordDao.h; sourceTree = "<group>"; };
		E4F1CB421CFB0B0C00461B3F /* RecordDao.m */ = {isa = PBXFileReference; fileEncoding = 4; lastKnownFileType = sourcecode.c.objc; path = RecordDao.m; sourceTree = "<group>"; };
		E4F1CB441CFB0B2D00461B3F /* PhotoDao.h */ = {isa = PBXFileReference; fileEncoding = 4; lastKnownFileType = sourcecode.c.h; path = PhotoDao.h; sourceTree = "<group>"; };
		E4F1CB451CFB0B2D00461B3F /* PhotoDao.m */ = {isa = PBXFileReference; fileEncoding = 4; lastKnownFileType = sourcecode.c.objc; path = PhotoDao.m; sourceTree = "<group>"; };
		E4F1CB471CFB13BF00461B3F /* RecordsTableViewController.h */ = {isa = PBXFileReference; fileEncoding = 4; lastKnownFileType = sourcecode.c.h; path = RecordsTableViewController.h; sourceTree = "<group>"; };
		E4F1CB481CFB13BF00461B3F /* RecordsTableViewController.m */ = {isa = PBXFileReference; fileEncoding = 4; lastKnownFileType = sourcecode.c.objc; path = RecordsTableViewController.m; sourceTree = "<group>"; };
		E4F1CB4A1CFB167200461B3F /* DateTool.h */ = {isa = PBXFileReference; fileEncoding = 4; lastKnownFileType = sourcecode.c.h; path = DateTool.h; sourceTree = "<group>"; };
		E4F1CB4B1CFB167200461B3F /* DateTool.m */ = {isa = PBXFileReference; fileEncoding = 4; lastKnownFileType = sourcecode.c.objc; path = DateTool.m; sourceTree = "<group>"; };
		E4F60A911D03F036006F5DF2 /* EditRecordViewController.h */ = {isa = PBXFileReference; fileEncoding = 4; lastKnownFileType = sourcecode.c.h; path = EditRecordViewController.h; sourceTree = "<group>"; };
		E4F60A921D03F036006F5DF2 /* EditRecordViewController.m */ = {isa = PBXFileReference; fileEncoding = 4; lastKnownFileType = sourcecode.c.objc; path = EditRecordViewController.m; sourceTree = "<group>"; };
		E4F60A941D040C05006F5DF2 /* AddTemplateViewController.h */ = {isa = PBXFileReference; fileEncoding = 4; lastKnownFileType = sourcecode.c.h; path = AddTemplateViewController.h; sourceTree = "<group>"; };
		E4F60A951D040C05006F5DF2 /* AddTemplateViewController.m */ = {isa = PBXFileReference; fileEncoding = 4; lastKnownFileType = sourcecode.c.objc; path = AddTemplateViewController.m; sourceTree = "<group>"; };
		E4F60A971D040C1B006F5DF2 /* TemplatesTableViewController.h */ = {isa = PBXFileReference; fileEncoding = 4; lastKnownFileType = sourcecode.c.h; path = TemplatesTableViewController.h; sourceTree = "<group>"; };
		E4F60A981D040C1B006F5DF2 /* TemplatesTableViewController.m */ = {isa = PBXFileReference; fileEncoding = 4; lastKnownFileType = sourcecode.c.objc; path = TemplatesTableViewController.m; sourceTree = "<group>"; };
		E4F60A9C1D04121F006F5DF2 /* Model.xcdatamodel */ = {isa = PBXFileReference; lastKnownFileType = wrapper.xcdatamodel; path = Model.xcdatamodel; sourceTree = "<group>"; };
		E4F60ACB1D0413FF006F5DF2 /* TemplateDao.h */ = {isa = PBXFileReference; fileEncoding = 4; lastKnownFileType = sourcecode.c.h; path = TemplateDao.h; sourceTree = "<group>"; };
		E4F60ACC1D0413FF006F5DF2 /* TemplateDao.m */ = {isa = PBXFileReference; fileEncoding = 4; lastKnownFileType = sourcecode.c.objc; path = TemplateDao.m; sourceTree = "<group>"; };
		E4F60AD11D0448FF006F5DF2 /* PhotoViewController.h */ = {isa = PBXFileReference; fileEncoding = 4; lastKnownFileType = sourcecode.c.h; path = PhotoViewController.h; sourceTree = "<group>"; };
		E4F60AD21D0448FF006F5DF2 /* PhotoViewController.m */ = {isa = PBXFileReference; fileEncoding = 4; lastKnownFileType = sourcecode.c.objc; path = PhotoViewController.m; sourceTree = "<group>"; };
/* End PBXFileReference section */

/* Begin PBXFrameworksBuildPhase section */
		E4400D6A1CCB5845000DFB1A /* Frameworks */ = {
			isa = PBXFrameworksBuildPhase;
			buildActionMask = 2147483647;
			files = (
				E4B0FF541D0C24E0000F0421 /* CFNetwork.framework in Frameworks */,
				E4B0FF521D0C24D4000F0421 /* Security.framework in Frameworks */,
				E4B0FF501D0C24C5000F0421 /* SystemConfiguration.framework in Frameworks */,
				E4B0FF4E1D0C244D000F0421 /* libz.tbd in Frameworks */,
				E4B0FF4C1D0C2446000F0421 /* libsqlite3.tbd in Frameworks */,
				CC968FBD0630BE3B26A135B5 /* Pods.framework in Frameworks */,
			);
			runOnlyForDeploymentPostprocessing = 0;
		};
		E4400D831CCB5845000DFB1A /* Frameworks */ = {
			isa = PBXFrameworksBuildPhase;
			buildActionMask = 2147483647;
			files = (
			);
			runOnlyForDeploymentPostprocessing = 0;
		};
		E4400D8E1CCB5845000DFB1A /* Frameworks */ = {
			isa = PBXFrameworksBuildPhase;
			buildActionMask = 2147483647;
			files = (
			);
			runOnlyForDeploymentPostprocessing = 0;
		};
/* End PBXFrameworksBuildPhase section */

/* Begin PBXGroup section */
		0A96C9409F0E310C101BF950 /* Frameworks */ = {
			isa = PBXGroup;
			children = (
				E4B0FF531D0C24E0000F0421 /* CFNetwork.framework */,
				E4B0FF511D0C24D4000F0421 /* Security.framework */,
				E4B0FF4F1D0C24C5000F0421 /* SystemConfiguration.framework */,
				E4B0FF4D1D0C244D000F0421 /* libz.tbd */,
				E4B0FF4B1D0C2446000F0421 /* libsqlite3.tbd */,
				E4F1CB331CFAFCF500461B3F /* MobileCoreServices.framework */,
				B294A411C24BDEE0824FF74A /* Pods.framework */,
			);
			name = Frameworks;
			sourceTree = "<group>";
		};
		27AAE4911E2640B777368FDF /* Pods */ = {
			isa = PBXGroup;
			children = (
				D557B93C5754F51464A5D0FC /* Pods.debug.xcconfig */,
				0C9E7037D47A5CF4EB2438D9 /* Pods.release.xcconfig */,
			);
			name = Pods;
			sourceTree = "<group>";
		};
		E40C44141CCF25640006D208 /* Settings */ = {
			isa = PBXGroup;
			children = (
				E457B4231CF19E6700139C4C /* AccountsTableViewController.h */,
				E457B4241CF19E6700139C4C /* AccountsTableViewController.m */,
				E457B4171CF19E3500139C4C /* AddAccountViewController.h */,
				E457B4181CF19E3500139C4C /* AddAccountViewController.m */,
				E457B40B1CF19E0800139C4C /* AddClassificationViewController.h */,
				E457B40C1CF19E0800139C4C /* AddClassificationViewController.m */,
				E457B4111CF19E2000139C4C /* AddShopViewController.h */,
				E457B4121CF19E2000139C4C /* AddShopViewController.m */,
				E4F60A941D040C05006F5DF2 /* AddTemplateViewController.h */,
				E4F60A951D040C05006F5DF2 /* AddTemplateViewController.m */,
				E457B41D1CF19E5300139C4C /* ClassificationsTableViewController.h */,
				E457B41E1CF19E5300139C4C /* ClassificationsTableViewController.m */,
				E457B41A1CF19E4100139C4C /* EditAccountViewController.h */,
				E457B41B1CF19E4100139C4C /* EditAccountViewController.m */,
				E457B40E1CF19E1600139C4C /* EditClassificationViewController.h */,
				E457B40F1CF19E1600139C4C /* EditClassificationViewController.m */,
				E457B4141CF19E2A00139C4C /* EditShopViewController.h */,
				E457B4151CF19E2A00139C4C /* EditShopViewController.m */,
				E4DE20221D0D6EFC00A80E65 /* LoginViewController.h */,
				E4DE20231D0D6EFC00A80E65 /* LoginViewController.m */,
				E49BFB591D379FCA00BCE598 /* MyProfileTableViewController.h */,
				E49BFB5A1D379FCA00BCE598 /* MyProfileTableViewController.m */,
				E425D5741D28FD3C000324A3 /* QRScanView.h */,
				E425D5751D28FD3C000324A3 /* QRScanView.m */,
				E4E66F1F1D27E74D00969AB8 /* ScanQRCodeViewController.h */,
				E4E66F201D27E74D00969AB8 /* ScanQRCodeViewController.m */,
				E4939F981D97CD42006CA612 /* SettingsTableViewController.h */,
				E4939F991D97CD42006CA612 /* SettingsTableViewController.m */,
				E457B4201CF19E5D00139C4C /* ShopsTableViewController.h */,
				E457B4211CF19E5D00139C4C /* ShopsTableViewController.m */,
				E47C4F601CDF0456005F8836 /* SynchronizationTableViewController.h */,
				E47C4F611CDF0456005F8836 /* SynchronizationTableViewController.m */,
				E4F60A971D040C1B006F5DF2 /* TemplatesTableViewController.h */,
				E4F60A981D040C1B006F5DF2 /* TemplatesTableViewController.m */,
			);
			name = Settings;
			sourceTree = "<group>";
		};
		E4400D641CCB5845000DFB1A = {
			isa = PBXGroup;
			children = (
				E4400D6F1CCB5845000DFB1A /* GroupFinance */,
				E4400D891CCB5845000DFB1A /* GroupFinanceTests */,
				E4400D941CCB5845000DFB1A /* GroupFinanceUITests */,
				E4400D6E1CCB5845000DFB1A /* Products */,
				0A96C9409F0E310C101BF950 /* Frameworks */,
				27AAE4911E2640B777368FDF /* Pods */,
			);
			sourceTree = "<group>";
		};
		E4400D6E1CCB5845000DFB1A /* Products */ = {
			isa = PBXGroup;
			children = (
				E4400D6D1CCB5845000DFB1A /* GroupFinance.app */,
				E4400D861CCB5845000DFB1A /* GroupFinanceTests.xctest */,
				E4400D911CCB5845000DFB1A /* GroupFinanceUITests.xctest */,
			);
			name = Products;
			sourceTree = "<group>";
		};
		E4400D6F1CCB5845000DFB1A /* GroupFinance */ = {
			isa = PBXGroup;
			children = (
				E4939F9B1D97CE36006CA612 /* GroupFinance.entitlements */,
				E4F60A9A1D0411EF006F5DF2 /* Model */,
				E457B4261CF1A22A00139C4C /* Dao */,
				E4F1CB1F1CFAE4B800461B3F /* Record */,
				E40C44141CCF25640006D208 /* Settings */,
				E4F1CB2C1CFAF28500461B3F /* Support */,
				E4400D731CCB5845000DFB1A /* AppDelegate.h */,
				E4400D741CCB5845000DFB1A /* AppDelegate.m */,
				E4400D761CCB5845000DFB1A /* ViewController.h */,
				E4400D771CCB5845000DFB1A /* ViewController.m */,
				E4400D791CCB5845000DFB1A /* Main.storyboard */,
				E497059D1CDF22B20092B164 /* Assets.xcassets */,
				E4400D7E1CCB5845000DFB1A /* LaunchScreen.storyboard */,
				E4400D811CCB5845000DFB1A /* Info.plist */,
				E4400D701CCB5845000DFB1A /* Supporting Files */,
			);
			path = GroupFinance;
			sourceTree = "<group>";
		};
		E4400D701CCB5845000DFB1A /* Supporting Files */ = {
			isa = PBXGroup;
			children = (
				E4400D711CCB5845000DFB1A /* main.m */,
			);
			name = "Supporting Files";
			sourceTree = "<group>";
		};
		E4400D891CCB5845000DFB1A /* GroupFinanceTests */ = {
			isa = PBXGroup;
			children = (
				E4400D8A1CCB5845000DFB1A /* GroupFinanceTests.m */,
				E4400D8C1CCB5845000DFB1A /* Info.plist */,
			);
			path = GroupFinanceTests;
			sourceTree = "<group>";
		};
		E4400D941CCB5845000DFB1A /* GroupFinanceUITests */ = {
			isa = PBXGroup;
			children = (
				E4400D951CCB5845000DFB1A /* GroupFinanceUITests.m */,
				E4400D971CCB5845000DFB1A /* Info.plist */,
			);
			path = GroupFinanceUITests;
			sourceTree = "<group>";
		};
		E457B4261CF1A22A00139C4C /* Dao */ = {
			isa = PBXGroup;
			children = (
				E457B42D1CF1A40D00139C4C /* AccountDao.h */,
				E457B42E1CF1A40D00139C4C /* AccountDao.m */,
				E457B4331CF1A42900139C4C /* ClassificationDao.h */,
				E457B4341CF1A42900139C4C /* ClassificationDao.m */,
				E457B4361CF1AA6E00139C4C /* DaoManager.h */,
				E457B4371CF1AA6E00139C4C /* DaoManager.m */,
				E457B4271CF1A26A00139C4C /* DaoTemplate.h */,
				E457B4281CF1A26A00139C4C /* DaoTemplate.m */,
				E4F1CB441CFB0B2D00461B3F /* PhotoDao.h */,
				E4F1CB451CFB0B2D00461B3F /* PhotoDao.m */,
				E4F1CB411CFB0B0C00461B3F /* RecordDao.h */,
				E4F1CB421CFB0B0C00461B3F /* RecordDao.m */,
				E4ADFD7F1DC84EFE009F3E37 /* SenderDao.h */,
				E4ADFD801DC84EFE009F3E37 /* SenderDao.m */,
				E457B4301CF1A41800139C4C /* ShopDao.h */,
				E457B4311CF1A41800139C4C /* ShopDao.m */,
				E4F60ACB1D0413FF006F5DF2 /* TemplateDao.h */,
				E4F60ACC1D0413FF006F5DF2 /* TemplateDao.m */,
				E48A3EA51DCC724500B20B20 /* UserDao.h */,
				E48A3EA61DCC724500B20B20 /* UserDao.m */,
			);
			name = Dao;
			sourceTree = "<group>";
		};
		E4F1CB1F1CFAE4B800461B3F /* Record */ = {
			isa = PBXGroup;
			children = (
				E4F1CB231CFAE58300461B3F /* AddRecordViewController.h */,
				E4F1CB241CFAE58400461B3F /* AddRecordViewController.m */,
				E4F1CB471CFB13BF00461B3F /* RecordsTableViewController.h */,
				E4F1CB481CFB13BF00461B3F /* RecordsTableViewController.m */,
				E4F1CB291CFAE5B900461B3F /* SelectRecordItemTableViewController.h */,
				E4F1CB2A1CFAE5B900461B3F /* SelectRecordItemTableViewController.m */,
				E4F60A911D03F036006F5DF2 /* EditRecordViewController.h */,
				E4F60A921D03F036006F5DF2 /* EditRecordViewController.m */,
				E4F60AD11D0448FF006F5DF2 /* PhotoViewController.h */,
				E4F60AD21D0448FF006F5DF2 /* PhotoViewController.m */,
			);
			name = Record;
			sourceTree = "<group>";
		};
		E4F1CB2C1CFAF28500461B3F /* Support */ = {
			isa = PBXGroup;
			children = (
				E4EFB6611D3A0C4800C613B0 /* AlertTool.h */,
				E4EFB6621D3A0C4800C613B0 /* AlertTool.m */,
				E4F1CB301CFAF2D100461B3F /* DateSelectorView.h */,
				E4F1CB311CFAF2D100461B3F /* DateSelectorView.m */,
				E4F1CB4A1CFB167200461B3F /* DateTool.h */,
				E4F1CB4B1CFB167200461B3F /* DateTool.m */,
				E46D57671DB4D21900116C4E /* GLibFacade.c */,
				E46D57681DB4D21900116C4E /* GLibFacade.h */,
				E446C0FF1DCF75E600EC5966 /* InternetResponse.h */,
				E446C1001DCF75E600EC5966 /* InternetResponse.m */,
				E48DE06F1DCF660300A7A5DB /* InternetTool.h */,
				E48DE0701DCF660300A7A5DB /* InternetTool.m */,
				E46D57701DB4D65800116C4E /* SecretSharing.h */,
				E46D57711DB4D65800116C4E /* SecretSharing.m */,
				E42C58D71DCC53C4009A2596 /* SendTool.h */,
				E42C58D81DCC53C4009A2596 /* SendTool.m */,
				E46D57691DB4D21900116C4E /* shamir.c */,
				E46D576A1DB4D21900116C4E /* shamir.h */,
				E46D576B1DB4D21900116C4E /* strtok.c */,
				E46D576C1DB4D21900116C4E /* strtok.h */,
				E4939F9C1DA1096A006CA612 /* UserTool.h */,
				E4939F9D1DA1096A006CA612 /* UserTool.m */,
			);
			name = Support;
			sourceTree = "<group>";
		};
		E4F60A9A1D0411EF006F5DF2 /* Model */ = {
			isa = PBXGroup;
			children = (
				E48A3E9F1DCC721A00B20B20 /* User+CoreDataClass.h */,
				E48A3EA01DCC721A00B20B20 /* User+CoreDataClass.m */,
				E48A3EA11DCC721A00B20B20 /* User+CoreDataProperties.h */,
				E48A3EA21DCC721A00B20B20 /* User+CoreDataProperties.m */,
				E49E7CD01DC7343400E9E43A /* Account+CoreDataClass.h */,
				E49E7CD11DC7343400E9E43A /* Account+CoreDataClass.m */,
				E49E7CD21DC7343400E9E43A /* Account+CoreDataProperties.h */,
				E49E7CD31DC7343400E9E43A /* Account+CoreDataProperties.m */,
				E49E7CCC1DC7343400E9E43A /* Classification+CoreDataClass.h */,
				E49E7CCD1DC7343400E9E43A /* Classification+CoreDataClass.m */,
				E49E7CCE1DC7343400E9E43A /* Classification+CoreDataProperties.h */,
				E49E7CCF1DC7343400E9E43A /* Classification+CoreDataProperties.m */,
				E4F60A9B1D04121F006F5DF2 /* Model.xcdatamodeld */,
				E49E7CD41DC7343400E9E43A /* Photo+CoreDataClass.h */,
				E49E7CD51DC7343400E9E43A /* Photo+CoreDataClass.m */,
				E49E7CD61DC7343400E9E43A /* Photo+CoreDataProperties.h */,
				E49E7CD71DC7343400E9E43A /* Photo+CoreDataProperties.m */,
				E49E7CC81DC7343400E9E43A /* Record+CoreDataClass.h */,
				E49E7CC91DC7343400E9E43A /* Record+CoreDataClass.m */,
				E49E7CCA1DC7343400E9E43A /* Record+CoreDataProperties.h */,
				E49E7CCB1DC7343400E9E43A /* Record+CoreDataProperties.m */,
				E4ADFD791DC84EE4009F3E37 /* Sender+CoreDataClass.h */,
				E4ADFD7A1DC84EE4009F3E37 /* Sender+CoreDataClass.m */,
				E4ADFD7B1DC84EE4009F3E37 /* Sender+CoreDataProperties.h */,
				E4ADFD7C1DC84EE4009F3E37 /* Sender+CoreDataProperties.m */,
				E49E7CD81DC7343400E9E43A /* Shop+CoreDataClass.h */,
				E49E7CD91DC7343400E9E43A /* Shop+CoreDataClass.m */,
				E49E7CDA1DC7343400E9E43A /* Shop+CoreDataProperties.h */,
				E49E7CDB1DC7343400E9E43A /* Shop+CoreDataProperties.m */,
				E49E7CDC1DC7343400E9E43A /* Template+CoreDataClass.h */,
				E49E7CDD1DC7343400E9E43A /* Template+CoreDataClass.m */,
				E49E7CDE1DC7343400E9E43A /* Template+CoreDataProperties.h */,
				E49E7CDF1DC7343400E9E43A /* Template+CoreDataProperties.m */,
			);
			name = Model;
			sourceTree = "<group>";
		};
/* End PBXGroup section */

/* Begin PBXNativeTarget section */
		E4400D6C1CCB5845000DFB1A /* GroupFinance */ = {
			isa = PBXNativeTarget;
			buildConfigurationList = E4400D9A1CCB5845000DFB1A /* Build configuration list for PBXNativeTarget "GroupFinance" */;
			buildPhases = (
				F750F5E403ADEA24A47D5E8A /* Check Pods Manifest.lock */,
				E4400D691CCB5845000DFB1A /* Sources */,
				E4400D6A1CCB5845000DFB1A /* Frameworks */,
				E4400D6B1CCB5845000DFB1A /* Resources */,
				3269BEF9A949DB11494B787E /* Embed Pods Frameworks */,
				E5EAF9E4BADEAF2A75A9AED0 /* Copy Pods Resources */,
			);
			buildRules = (
			);
			dependencies = (
			);
			name = GroupFinance;
			productName = GroupFinance;
			productReference = E4400D6D1CCB5845000DFB1A /* GroupFinance.app */;
			productType = "com.apple.product-type.application";
		};
		E4400D851CCB5845000DFB1A /* GroupFinanceTests */ = {
			isa = PBXNativeTarget;
			buildConfigurationList = E4400D9D1CCB5845000DFB1A /* Build configuration list for PBXNativeTarget "GroupFinanceTests" */;
			buildPhases = (
				E4400D821CCB5845000DFB1A /* Sources */,
				E4400D831CCB5845000DFB1A /* Frameworks */,
				E4400D841CCB5845000DFB1A /* Resources */,
			);
			buildRules = (
			);
			dependencies = (
				E4400D881CCB5845000DFB1A /* PBXTargetDependency */,
			);
			name = GroupFinanceTests;
			productName = GroupFinanceTests;
			productReference = E4400D861CCB5845000DFB1A /* GroupFinanceTests.xctest */;
			productType = "com.apple.product-type.bundle.unit-test";
		};
		E4400D901CCB5845000DFB1A /* GroupFinanceUITests */ = {
			isa = PBXNativeTarget;
			buildConfigurationList = E4400DA01CCB5845000DFB1A /* Build configuration list for PBXNativeTarget "GroupFinanceUITests" */;
			buildPhases = (
				E4400D8D1CCB5845000DFB1A /* Sources */,
				E4400D8E1CCB5845000DFB1A /* Frameworks */,
				E4400D8F1CCB5845000DFB1A /* Resources */,
			);
			buildRules = (
			);
			dependencies = (
				E4400D931CCB5845000DFB1A /* PBXTargetDependency */,
			);
			name = GroupFinanceUITests;
			productName = GroupFinanceUITests;
			productReference = E4400D911CCB5845000DFB1A /* GroupFinanceUITests.xctest */;
			productType = "com.apple.product-type.bundle.ui-testing";
		};
/* End PBXNativeTarget section */

/* Begin PBXProject section */
		E4400D651CCB5845000DFB1A /* Project object */ = {
			isa = PBXProject;
			attributes = {
				LastUpgradeCheck = 0810;
				ORGANIZATIONNAME = limeng;
				TargetAttributes = {
					E4400D6C1CCB5845000DFB1A = {
						CreatedOnToolsVersion = 7.3;
						DevelopmentTeam = 6ANM44X2CJ;
						SystemCapabilities = {
							com.apple.BackgroundModes = {
								enabled = 1;
							};
							com.apple.Push = {
								enabled = 1;
							};
						};
					};
					E4400D851CCB5845000DFB1A = {
						CreatedOnToolsVersion = 7.3;
						TestTargetID = E4400D6C1CCB5845000DFB1A;
					};
					E4400D901CCB5845000DFB1A = {
						CreatedOnToolsVersion = 7.3;
						TestTargetID = E4400D6C1CCB5845000DFB1A;
					};
				};
			};
			buildConfigurationList = E4400D681CCB5845000DFB1A /* Build configuration list for PBXProject "GroupFinance" */;
			compatibilityVersion = "Xcode 3.2";
			developmentRegion = English;
			hasScannedForEncodings = 0;
			knownRegions = (
				en,
				Base,
			);
			mainGroup = E4400D641CCB5845000DFB1A;
			productRefGroup = E4400D6E1CCB5845000DFB1A /* Products */;
			projectDirPath = "";
			projectRoot = "";
			targets = (
				E4400D6C1CCB5845000DFB1A /* GroupFinance */,
				E4400D851CCB5845000DFB1A /* GroupFinanceTests */,
				E4400D901CCB5845000DFB1A /* GroupFinanceUITests */,
			);
		};
/* End PBXProject section */

/* Begin PBXResourcesBuildPhase section */
		E4400D6B1CCB5845000DFB1A /* Resources */ = {
			isa = PBXResourcesBuildPhase;
			buildActionMask = 2147483647;
			files = (
				E4400D801CCB5845000DFB1A /* LaunchScreen.storyboard in Resources */,
				E497059E1CDF22B20092B164 /* Assets.xcassets in Resources */,
				E4400D7B1CCB5845000DFB1A /* Main.storyboard in Resources */,
			);
			runOnlyForDeploymentPostprocessing = 0;
		};
		E4400D841CCB5845000DFB1A /* Resources */ = {
			isa = PBXResourcesBuildPhase;
			buildActionMask = 2147483647;
			files = (
			);
			runOnlyForDeploymentPostprocessing = 0;
		};
		E4400D8F1CCB5845000DFB1A /* Resources */ = {
			isa = PBXResourcesBuildPhase;
			buildActionMask = 2147483647;
			files = (
			);
			runOnlyForDeploymentPostprocessing = 0;
		};
/* End PBXResourcesBuildPhase section */

/* Begin PBXShellScriptBuildPhase section */
		3269BEF9A949DB11494B787E /* Embed Pods Frameworks */ = {
			isa = PBXShellScriptBuildPhase;
			buildActionMask = 2147483647;
			files = (
			);
			inputPaths = (
			);
			name = "Embed Pods Frameworks";
			outputPaths = (
			);
			runOnlyForDeploymentPostprocessing = 0;
			shellPath = /bin/sh;
			shellScript = "\"${SRCROOT}/Pods/Target Support Files/Pods/Pods-frameworks.sh\"\n";
			showEnvVarsInLog = 0;
		};
		E5EAF9E4BADEAF2A75A9AED0 /* Copy Pods Resources */ = {
			isa = PBXShellScriptBuildPhase;
			buildActionMask = 2147483647;
			files = (
			);
			inputPaths = (
			);
			name = "Copy Pods Resources";
			outputPaths = (
			);
			runOnlyForDeploymentPostprocessing = 0;
			shellPath = /bin/sh;
			shellScript = "\"${SRCROOT}/Pods/Target Support Files/Pods/Pods-resources.sh\"\n";
			showEnvVarsInLog = 0;
		};
		F750F5E403ADEA24A47D5E8A /* Check Pods Manifest.lock */ = {
			isa = PBXShellScriptBuildPhase;
			buildActionMask = 2147483647;
			files = (
			);
			inputPaths = (
			);
			name = "Check Pods Manifest.lock";
			outputPaths = (
			);
			runOnlyForDeploymentPostprocessing = 0;
			shellPath = /bin/sh;
			shellScript = "diff \"${PODS_ROOT}/../Podfile.lock\" \"${PODS_ROOT}/Manifest.lock\" > /dev/null\nif [[ $? != 0 ]] ; then\n    cat << EOM\nerror: The sandbox is not in sync with the Podfile.lock. Run 'pod install' or update your CocoaPods installation.\nEOM\n    exit 1\nfi\n";
			showEnvVarsInLog = 0;
		};
/* End PBXShellScriptBuildPhase section */

/* Begin PBXSourcesBuildPhase section */
		E4400D691CCB5845000DFB1A /* Sources */ = {
			isa = PBXSourcesBuildPhase;
			buildActionMask = 2147483647;
			files = (
				E46D576F1DB4D21900116C4E /* strtok.c in Sources */,
				E4F60ACD1D0413FF006F5DF2 /* TemplateDao.m in Sources */,
				E49E7CE61DC7343400E9E43A /* Photo+CoreDataClass.m in Sources */,
				E4939F9E1DA1096A006CA612 /* UserTool.m in Sources */,
				E49E7CE81DC7343400E9E43A /* Shop+CoreDataClass.m in Sources */,
				E457B42F1CF1A40D00139C4C /* AccountDao.m in Sources */,
				E49E7CE21DC7343400E9E43A /* Classification+CoreDataClass.m in Sources */,
				E47C4F621CDF0456005F8836 /* SynchronizationTableViewController.m in Sources */,
				E4F1CB4C1CFB167200461B3F /* DateTool.m in Sources */,
				E4F1CB251CFAE58400461B3F /* AddRecordViewController.m in Sources */,
				E4ADFD7D1DC84EE4009F3E37 /* Sender+CoreDataClass.m in Sources */,
				E446C1011DCF75E600EC5966 /* InternetResponse.m in Sources */,
				E4ADFD811DC84EFE009F3E37 /* SenderDao.m in Sources */,
				E4F60A931D03F036006F5DF2 /* EditRecordViewController.m in Sources */,
				E49E7CE71DC7343400E9E43A /* Photo+CoreDataProperties.m in Sources */,
				E4400D781CCB5845000DFB1A /* ViewController.m in Sources */,
				E49E7CE91DC7343400E9E43A /* Shop+CoreDataProperties.m in Sources */,
				E4E66F211D27E74D00969AB8 /* ScanQRCodeViewController.m in Sources */,
				E48A3EA71DCC724500B20B20 /* UserDao.m in Sources */,
				E4DE20241D0D6EFC00A80E65 /* LoginViewController.m in Sources */,
				E49E7CE31DC7343400E9E43A /* Classification+CoreDataProperties.m in Sources */,
				E4ADFD7E1DC84EE4009F3E37 /* Sender+CoreDataProperties.m in Sources */,
				E4F1CB321CFAF2D100461B3F /* DateSelectorView.m in Sources */,
				E49E7CE11DC7343400E9E43A /* Record+CoreDataProperties.m in Sources */,
				E4F1CB461CFB0B2D00461B3F /* PhotoDao.m in Sources */,
				E457B4351CF1A42900139C4C /* ClassificationDao.m in Sources */,
				E49E7CEA1DC7343400E9E43A /* Template+CoreDataClass.m in Sources */,
				E4EFB6631D3A0C4800C613B0 /* AlertTool.m in Sources */,
				E4F60AD31D0448FF006F5DF2 /* PhotoViewController.m in Sources */,
				E48DE0711DCF660300A7A5DB /* InternetTool.m in Sources */,
				E4400D751CCB5845000DFB1A /* AppDelegate.m in Sources */,
				E457B4161CF19E2A00139C4C /* EditShopViewController.m in Sources */,
				E457B4131CF19E2000139C4C /* AddShopViewController.m in Sources */,
				E48A3EA41DCC721A00B20B20 /* User+CoreDataProperties.m in Sources */,
				E49E7CE51DC7343400E9E43A /* Account+CoreDataProperties.m in Sources */,
				E4400D721CCB5845000DFB1A /* main.m in Sources */,
				E4F1CB431CFB0B0C00461B3F /* RecordDao.m in Sources */,
				E4F60A961D040C05006F5DF2 /* AddTemplateViewController.m in Sources */,
				E46D57721DB4D65800116C4E /* SecretSharing.m in Sources */,
				E457B41F1CF19E5300139C4C /* ClassificationsTableViewController.m in Sources */,
				E4F60A9D1D04121F006F5DF2 /* Model.xcdatamodeld in Sources */,
				E49E7CE41DC7343400E9E43A /* Account+CoreDataClass.m in Sources */,
				E457B4101CF19E1600139C4C /* EditClassificationViewController.m in Sources */,
				E457B4291CF1A26A00139C4C /* DaoTemplate.m in Sources */,
				E46D576E1DB4D21900116C4E /* shamir.c in Sources */,
				E457B4321CF1A41800139C4C /* ShopDao.m in Sources */,
				E49E7CE01DC7343400E9E43A /* Record+CoreDataClass.m in Sources */,
				E4F1CB2B1CFAE5B900461B3F /* SelectRecordItemTableViewController.m in Sources */,
				E457B4251CF19E6700139C4C /* AccountsTableViewController.m in Sources */,
				E42C58D91DCC53C4009A2596 /* SendTool.m in Sources */,
				E4939F9A1D97CD42006CA612 /* SettingsTableViewController.m in Sources */,
				E48A3EA31DCC721A00B20B20 /* User+CoreDataClass.m in Sources */,
				E457B4221CF19E5D00139C4C /* ShopsTableViewController.m in Sources */,
				E457B4191CF19E3500139C4C /* AddAccountViewController.m in Sources */,
				E425D5761D28FD3C000324A3 /* QRScanView.m in Sources */,
				E457B40D1CF19E0800139C4C /* AddClassificationViewController.m in Sources */,
				E4F1CB491CFB13BF00461B3F /* RecordsTableViewController.m in Sources */,
				E46D576D1DB4D21900116C4E /* GLibFacade.c in Sources */,
				E49E7CEB1DC7343400E9E43A /* Template+CoreDataProperties.m in Sources */,
				E457B41C1CF19E4100139C4C /* EditAccountViewController.m in Sources */,
				E49BFB5B1D379FCA00BCE598 /* MyProfileTableViewController.m in Sources */,
				E4F60A991D040C1B006F5DF2 /* TemplatesTableViewController.m in Sources */,
				E457B4381CF1AA6E00139C4C /* DaoManager.m in Sources */,
			);
			runOnlyForDeploymentPostprocessing = 0;
		};
		E4400D821CCB5845000DFB1A /* Sources */ = {
			isa = PBXSourcesBuildPhase;
			buildActionMask = 2147483647;
			files = (
				E4400D8B1CCB5845000DFB1A /* GroupFinanceTests.m in Sources */,
			);
			runOnlyForDeploymentPostprocessing = 0;
		};
		E4400D8D1CCB5845000DFB1A /* Sources */ = {
			isa = PBXSourcesBuildPhase;
			buildActionMask = 2147483647;
			files = (
				E4400D961CCB5845000DFB1A /* GroupFinanceUITests.m in Sources */,
			);
			runOnlyForDeploymentPostprocessing = 0;
		};
/* End PBXSourcesBuildPhase section */

/* Begin PBXTargetDependency section */
		E4400D881CCB5845000DFB1A /* PBXTargetDependency */ = {
			isa = PBXTargetDependency;
			target = E4400D6C1CCB5845000DFB1A /* GroupFinance */;
			targetProxy = E4400D871CCB5845000DFB1A /* PBXContainerItemProxy */;
		};
		E4400D931CCB5845000DFB1A /* PBXTargetDependency */ = {
			isa = PBXTargetDependency;
			target = E4400D6C1CCB5845000DFB1A /* GroupFinance */;
			targetProxy = E4400D921CCB5845000DFB1A /* PBXContainerItemProxy */;
		};
/* End PBXTargetDependency section */

/* Begin PBXVariantGroup section */
		E4400D791CCB5845000DFB1A /* Main.storyboard */ = {
			isa = PBXVariantGroup;
			children = (
				E4400D7A1CCB5845000DFB1A /* Base */,
			);
			name = Main.storyboard;
			sourceTree = "<group>";
		};
		E4400D7E1CCB5845000DFB1A /* LaunchScreen.storyboard */ = {
			isa = PBXVariantGroup;
			children = (
				E4400D7F1CCB5845000DFB1A /* Base */,
			);
			name = LaunchScreen.storyboard;
			sourceTree = "<group>";
		};
/* End PBXVariantGroup section */

/* Begin XCBuildConfiguration section */
		E4400D981CCB5845000DFB1A /* Debug */ = {
			isa = XCBuildConfiguration;
			buildSettings = {
				ALWAYS_SEARCH_USER_PATHS = NO;
				CLANG_ANALYZER_NONNULL = YES;
				CLANG_CXX_LANGUAGE_STANDARD = "gnu++0x";
				CLANG_CXX_LIBRARY = "libc++";
				CLANG_ENABLE_MODULES = YES;
				CLANG_ENABLE_OBJC_ARC = YES;
				CLANG_WARN_BOOL_CONVERSION = YES;
				CLANG_WARN_CONSTANT_CONVERSION = YES;
				CLANG_WARN_DIRECT_OBJC_ISA_USAGE = YES_ERROR;
				CLANG_WARN_EMPTY_BODY = YES;
				CLANG_WARN_ENUM_CONVERSION = YES;
				CLANG_WARN_INFINITE_RECURSION = YES;
				CLANG_WARN_INT_CONVERSION = YES;
				CLANG_WARN_OBJC_ROOT_CLASS = YES_ERROR;
				CLANG_WARN_SUSPICIOUS_MOVE = YES;
				CLANG_WARN_UNREACHABLE_CODE = YES;
				CLANG_WARN__DUPLICATE_METHOD_MATCH = YES;
				"CODE_SIGN_IDENTITY[sdk=iphoneos*]" = "iPhone Developer";
				COPY_PHASE_STRIP = NO;
				DEBUG_INFORMATION_FORMAT = dwarf;
				ENABLE_STRICT_OBJC_MSGSEND = YES;
				ENABLE_TESTABILITY = YES;
				GCC_C_LANGUAGE_STANDARD = gnu99;
				GCC_DYNAMIC_NO_PIC = NO;
				GCC_NO_COMMON_BLOCKS = YES;
				GCC_OPTIMIZATION_LEVEL = 0;
				GCC_PREPROCESSOR_DEFINITIONS = (
					"DEBUG=1",
					"$(inherited)",
				);
				GCC_WARN_64_TO_32_BIT_CONVERSION = YES;
				GCC_WARN_ABOUT_RETURN_TYPE = YES_ERROR;
				GCC_WARN_UNDECLARED_SELECTOR = YES;
				GCC_WARN_UNINITIALIZED_AUTOS = YES_AGGRESSIVE;
				GCC_WARN_UNUSED_FUNCTION = YES;
				GCC_WARN_UNUSED_VARIABLE = YES;
				IPHONEOS_DEPLOYMENT_TARGET = 9.3;
				MTL_ENABLE_DEBUG_INFO = YES;
				ONLY_ACTIVE_ARCH = YES;
				SDKROOT = iphoneos;
			};
			name = Debug;
		};
		E4400D991CCB5845000DFB1A /* Release */ = {
			isa = XCBuildConfiguration;
			buildSettings = {
				ALWAYS_SEARCH_USER_PATHS = NO;
				CLANG_ANALYZER_NONNULL = YES;
				CLANG_CXX_LANGUAGE_STANDARD = "gnu++0x";
				CLANG_CXX_LIBRARY = "libc++";
				CLANG_ENABLE_MODULES = YES;
				CLANG_ENABLE_OBJC_ARC = YES;
				CLANG_WARN_BOOL_CONVERSION = YES;
				CLANG_WARN_CONSTANT_CONVERSION = YES;
				CLANG_WARN_DIRECT_OBJC_ISA_USAGE = YES_ERROR;
				CLANG_WARN_EMPTY_BODY = YES;
				CLANG_WARN_ENUM_CONVERSION = YES;
				CLANG_WARN_INFINITE_RECURSION = YES;
				CLANG_WARN_INT_CONVERSION = YES;
				CLANG_WARN_OBJC_ROOT_CLASS = YES_ERROR;
				CLANG_WARN_SUSPICIOUS_MOVE = YES;
				CLANG_WARN_UNREACHABLE_CODE = YES;
				CLANG_WARN__DUPLICATE_METHOD_MATCH = YES;
				"CODE_SIGN_IDENTITY[sdk=iphoneos*]" = "iPhone Developer";
				COPY_PHASE_STRIP = NO;
				DEBUG_INFORMATION_FORMAT = "dwarf-with-dsym";
				ENABLE_NS_ASSERTIONS = NO;
				ENABLE_STRICT_OBJC_MSGSEND = YES;
				GCC_C_LANGUAGE_STANDARD = gnu99;
				GCC_NO_COMMON_BLOCKS = YES;
				GCC_WARN_64_TO_32_BIT_CONVERSION = YES;
				GCC_WARN_ABOUT_RETURN_TYPE = YES_ERROR;
				GCC_WARN_UNDECLARED_SELECTOR = YES;
				GCC_WARN_UNINITIALIZED_AUTOS = YES_AGGRESSIVE;
				GCC_WARN_UNUSED_FUNCTION = YES;
				GCC_WARN_UNUSED_VARIABLE = YES;
				IPHONEOS_DEPLOYMENT_TARGET = 9.3;
				MTL_ENABLE_DEBUG_INFO = NO;
				SDKROOT = iphoneos;
				VALIDATE_PRODUCT = YES;
			};
			name = Release;
		};
		E4400D9B1CCB5845000DFB1A /* Debug */ = {
			isa = XCBuildConfiguration;
			baseConfigurationReference = D557B93C5754F51464A5D0FC /* Pods.debug.xcconfig */;
			buildSettings = {
				ALWAYS_EMBED_SWIFT_STANDARD_LIBRARIES = YES;
				ASSETCATALOG_COMPILER_APPICON_NAME = AppIcon;
				CODE_SIGN_ENTITLEMENTS = GroupFinance/GroupFinance.entitlements;
				CODE_SIGN_IDENTITY = "iPhone Developer";
				"CODE_SIGN_IDENTITY[sdk=iphoneos*]" = "iPhone Developer";
				FRAMEWORK_SEARCH_PATHS = (
					"$(inherited)",
					"$(PROJECT_DIR)",
				);
				INFOPLIST_FILE = GroupFinance/Info.plist;
				LD_RUNPATH_SEARCH_PATHS = "$(inherited) @executable_path/Frameworks";
				OTHER_LDFLAGS = (
					"$(inherited)",
					"-ObjC",
				);
				PRODUCT_BUNDLE_IDENTIFIER = pw.fczm.app.GroupFinance;
				PRODUCT_NAME = "$(TARGET_NAME)";
				PROVISIONING_PROFILE = "";
				TARGETED_DEVICE_FAMILY = "1,2";
			};
			name = Debug;
		};
		E4400D9C1CCB5845000DFB1A /* Release */ = {
			isa = XCBuildConfiguration;
			baseConfigurationReference = 0C9E7037D47A5CF4EB2438D9 /* Pods.release.xcconfig */;
			buildSettings = {
				ALWAYS_EMBED_SWIFT_STANDARD_LIBRARIES = YES;
				ASSETCATALOG_COMPILER_APPICON_NAME = AppIcon;
				CODE_SIGN_ENTITLEMENTS = GroupFinance/GroupFinance.entitlements;
				CODE_SIGN_IDENTITY = "iPhone Developer";
				"CODE_SIGN_IDENTITY[sdk=iphoneos*]" = "iPhone Developer";
				FRAMEWORK_SEARCH_PATHS = (
					"$(inherited)",
					"$(PROJECT_DIR)",
				);
				INFOPLIST_FILE = GroupFinance/Info.plist;
				LD_RUNPATH_SEARCH_PATHS = "$(inherited) @executable_path/Frameworks";
				OTHER_LDFLAGS = (
					"$(inherited)",
					"-ObjC",
				);
				PRODUCT_BUNDLE_IDENTIFIER = pw.fczm.app.GroupFinance;
				PRODUCT_NAME = "$(TARGET_NAME)";
				PROVISIONING_PROFILE = "";
				TARGETED_DEVICE_FAMILY = "1,2";
			};
			name = Release;
		};
		E4400D9E1CCB5845000DFB1A /* Debug */ = {
			isa = XCBuildConfiguration;
			buildSettings = {
				BUNDLE_LOADER = "$(TEST_HOST)";
				INFOPLIST_FILE = GroupFinanceTests/Info.plist;
				LD_RUNPATH_SEARCH_PATHS = "$(inherited) @executable_path/Frameworks @loader_path/Frameworks";
				PRODUCT_BUNDLE_IDENTIFIER = edu.ut.softlab.GroupFinanceTests;
				PRODUCT_NAME = "$(TARGET_NAME)";
				TEST_HOST = "$(BUILT_PRODUCTS_DIR)/GroupFinance.app/GroupFinance";
			};
			name = Debug;
		};
		E4400D9F1CCB5845000DFB1A /* Release */ = {
			isa = XCBuildConfiguration;
			buildSettings = {
				BUNDLE_LOADER = "$(TEST_HOST)";
				INFOPLIST_FILE = GroupFinanceTests/Info.plist;
				LD_RUNPATH_SEARCH_PATHS = "$(inherited) @executable_path/Frameworks @loader_path/Frameworks";
				PRODUCT_BUNDLE_IDENTIFIER = edu.ut.softlab.GroupFinanceTests;
				PRODUCT_NAME = "$(TARGET_NAME)";
				TEST_HOST = "$(BUILT_PRODUCTS_DIR)/GroupFinance.app/GroupFinance";
			};
			name = Release;
		};
		E4400DA11CCB5845000DFB1A /* Debug */ = {
			isa = XCBuildConfiguration;
			buildSettings = {
				INFOPLIST_FILE = GroupFinanceUITests/Info.plist;
				LD_RUNPATH_SEARCH_PATHS = "$(inherited) @executable_path/Frameworks @loader_path/Frameworks";
				PRODUCT_BUNDLE_IDENTIFIER = edu.ut.softlab.GroupFinanceUITests;
				PRODUCT_NAME = "$(TARGET_NAME)";
				TEST_TARGET_NAME = GroupFinance;
			};
			name = Debug;
		};
		E4400DA21CCB5845000DFB1A /* Release */ = {
			isa = XCBuildConfiguration;
			buildSettings = {
				INFOPLIST_FILE = GroupFinanceUITests/Info.plist;
				LD_RUNPATH_SEARCH_PATHS = "$(inherited) @executable_path/Frameworks @loader_path/Frameworks";
				PRODUCT_BUNDLE_IDENTIFIER = edu.ut.softlab.GroupFinanceUITests;
				PRODUCT_NAME = "$(TARGET_NAME)";
				TEST_TARGET_NAME = GroupFinance;
			};
			name = Release;
		};
/* End XCBuildConfiguration section */

/* Begin XCConfigurationList section */
		E4400D681CCB5845000DFB1A /* Build configuration list for PBXProject "GroupFinance" */ = {
			isa = XCConfigurationList;
			buildConfigurations = (
				E4400D981CCB5845000DFB1A /* Debug */,
				E4400D991CCB5845000DFB1A /* Release */,
			);
			defaultConfigurationIsVisible = 0;
			defaultConfigurationName = Release;
		};
		E4400D9A1CCB5845000DFB1A /* Build configuration list for PBXNativeTarget "GroupFinance" */ = {
			isa = XCConfigurationList;
			buildConfigurations = (
				E4400D9B1CCB5845000DFB1A /* Debug */,
				E4400D9C1CCB5845000DFB1A /* Release */,
			);
			defaultConfigurationIsVisible = 0;
			defaultConfigurationName = Release;
		};
		E4400D9D1CCB5845000DFB1A /* Build configuration list for PBXNativeTarget "GroupFinanceTests" */ = {
			isa = XCConfigurationList;
			buildConfigurations = (
				E4400D9E1CCB5845000DFB1A /* Debug */,
				E4400D9F1CCB5845000DFB1A /* Release */,
			);
			defaultConfigurationIsVisible = 0;
			defaultConfigurationName = Release;
		};
		E4400DA01CCB5845000DFB1A /* Build configuration list for PBXNativeTarget "GroupFinanceUITests" */ = {
			isa = XCConfigurationList;
			buildConfigurations = (
				E4400DA11CCB5845000DFB1A /* Debug */,
				E4400DA21CCB5845000DFB1A /* Release */,
			);
			defaultConfigurationIsVisible = 0;
			defaultConfigurationName = Release;
		};
/* End XCConfigurationList section */

/* Begin XCVersionGroup section */
		E4F60A9B1D04121F006F5DF2 /* Model.xcdatamodeld */ = {
			isa = XCVersionGroup;
			children = (
				E4F60A9C1D04121F006F5DF2 /* Model.xcdatamodel */,
			);
			currentVersion = E4F60A9C1D04121F006F5DF2 /* Model.xcdatamodel */;
			path = Model.xcdatamodeld;
			sourceTree = "<group>";
			versionGroupType = wrapper.xcdatamodel;
		};
/* End XCVersionGroup section */
	};
	rootObject = E4400D651CCB5845000DFB1A /* Project object */;
}
